
Microsoft Visual Studio Solution File, Format Version 12.00
# Visual Studio Version 16
VisualStudioVersion = 16.0.30114.105
MinimumVisualStudioVersion = 10.0.40219.1
Project("{FAE04EC0-301F-11D3-BF4B-00C04F79EFBC}") = "z0.calcs.check", "calcs.check\z0.calcs.check.csproj", "{237A1C3B-A027-49B5-8B98-5853769BB2F5}"
EndProject
Project("{FAE04EC0-301F-11D3-BF4B-00C04F79EFBC}") = "z0.intel", "intel\z0.intel.csproj", "{0A132575-2D19-40ED-A7D8-43CB6F51640F}"
EndProject
Project("{FAE04EC0-301F-11D3-BF4B-00C04F79EFBC}") = "z0.workers", "workers\z0.workers.csproj", "{700E4DBE-FA97-4A34-AB99-DAAFE3FEF3EF}"
EndProject
Project("{FAE04EC0-301F-11D3-BF4B-00C04F79EFBC}") = "z0.asm.checks", "..\libs\asm.checks\z0.asm.checks.csproj", "{D1257340-C0CC-4BFB-BC7E-B283D740DA99}"
EndProject
Project("{FAE04EC0-301F-11D3-BF4B-00C04F79EFBC}") = "z0.api.checks", "..\libs\api.checks\z0.api.checks.csproj", "{08FF7AF7-6207-469A-9368-B0A899BE850E}"
EndProject
Project("{FAE04EC0-301F-11D3-BF4B-00C04F79EFBC}") = "z0.clr.checks", "..\libs\clr.checks\z0.clr.checks.csproj", "{C3818127-38A9-4379-8623-420DAF6F327A}"
EndProject
Project("{FAE04EC0-301F-11D3-BF4B-00C04F79EFBC}") = "z0.db.shell", "..\libs\db.shell\z0.db.shell.csproj", "{F980CA69-737A-4C49-9276-1DB22720FE97}"
EndProject
Project("{FAE04EC0-301F-11D3-BF4B-00C04F79EFBC}") = "z0.llvm.checks", "..\libs\llvm.checks\z0.llvm.checks.csproj", "{B282259F-BC39-4E13-B6B8-D24586847078}"
EndProject
Project("{FAE04EC0-301F-11D3-BF4B-00C04F79EFBC}") = "z0.memory.checks", "..\libs\memory.checks\z0.memory.checks.csproj", "{491DAD37-F1B7-4DFB-9B5F-F011999F1034}"
EndProject
Project("{FAE04EC0-301F-11D3-BF4B-00C04F79EFBC}") = "z0.queues.checks", "..\libs\queues.checks\z0.queues.checks.csproj", "{C4F56297-8C72-46FC-930D-F2698E411B57}"
EndProject
Project("{FAE04EC0-301F-11D3-BF4B-00C04F79EFBC}") = "z0.sos.checks", "..\libs\sos.checks\z0.sos.checks.csproj", "{10A9F0C2-AA86-46AF-BBAE-4B7C610DF00C}"
EndProject
Project("{FAE04EC0-301F-11D3-BF4B-00C04F79EFBC}") = "z0.test.shell", "..\test\test.shell\z0.test.shell.csproj", "{5E59A348-6E97-40E4-9AA3-9DEE556B61D8}"
EndProject
Project("{FAE04EC0-301F-11D3-BF4B-00C04F79EFBC}") = "z0.cg.shell", "..\cg\cg.shell\z0.cg.shell.csproj", "{387856DB-AC05-4C75-8B20-57FF205A86AE}"
EndProject
Project("{FAE04EC0-301F-11D3-BF4B-00C04F79EFBC}") = "z0.cg.test", "..\cg\cg.test\z0.cg.test.csproj", "{51529039-9180-4E59-A20E-221B71A732F5}"
EndProject
Global
	GlobalSection(SolutionConfigurationPlatforms) = preSolution
		Debug|Any CPU = Debug|Any CPU
		Release|Any CPU = Release|Any CPU
	EndGlobalSection
	GlobalSection(SolutionProperties) = preSolution
		HideSolutionNode = FALSE
	EndGlobalSection
	GlobalSection(ProjectConfigurationPlatforms) = postSolution
		{237A1C3B-A027-49B5-8B98-5853769BB2F5}.Debug|Any CPU.ActiveCfg = Debug|x64
		{237A1C3B-A027-49B5-8B98-5853769BB2F5}.Debug|Any CPU.Build.0 = Debug|x64
		{237A1C3B-A027-49B5-8B98-5853769BB2F5}.Release|Any CPU.ActiveCfg = Release|x64
		{237A1C3B-A027-49B5-8B98-5853769BB2F5}.Release|Any CPU.Build.0 = Release|x64
		{0A132575-2D19-40ED-A7D8-43CB6F51640F}.Debug|Any CPU.ActiveCfg = Debug|x64
		{0A132575-2D19-40ED-A7D8-43CB6F51640F}.Debug|Any CPU.Build.0 = Debug|x64
		{0A132575-2D19-40ED-A7D8-43CB6F51640F}.Release|Any CPU.ActiveCfg = Release|x64
		{0A132575-2D19-40ED-A7D8-43CB6F51640F}.Release|Any CPU.Build.0 = Release|x64
		{700E4DBE-FA97-4A34-AB99-DAAFE3FEF3EF}.Debug|Any CPU.ActiveCfg = Debug|x64
		{700E4DBE-FA97-4A34-AB99-DAAFE3FEF3EF}.Debug|Any CPU.Build.0 = Debug|x64
		{700E4DBE-FA97-4A34-AB99-DAAFE3FEF3EF}.Release|Any CPU.ActiveCfg = Release|x64
		{700E4DBE-FA97-4A34-AB99-DAAFE3FEF3EF}.Release|Any CPU.Build.0 = Release|x64
		{D1257340-C0CC-4BFB-BC7E-B283D740DA99}.Debug|Any CPU.ActiveCfg = Debug|x64
		{D1257340-C0CC-4BFB-BC7E-B283D740DA99}.Debug|Any CPU.Build.0 = Debug|x64
		{D1257340-C0CC-4BFB-BC7E-B283D740DA99}.Release|Any CPU.ActiveCfg = Release|x64
		{D1257340-C0CC-4BFB-BC7E-B283D740DA99}.Release|Any CPU.Build.0 = Release|x64
		{08FF7AF7-6207-469A-9368-B0A899BE850E}.Debug|Any CPU.ActiveCfg = Debug|x64
		{08FF7AF7-6207-469A-9368-B0A899BE850E}.Debug|Any CPU.Build.0 = Debug|x64
		{08FF7AF7-6207-469A-9368-B0A899BE850E}.Release|Any CPU.ActiveCfg = Release|x64
		{08FF7AF7-6207-469A-9368-B0A899BE850E}.Release|Any CPU.Build.0 = Release|x64
		{C3818127-38A9-4379-8623-420DAF6F327A}.Debug|Any CPU.ActiveCfg = Debug|x64
		{C3818127-38A9-4379-8623-420DAF6F327A}.Debug|Any CPU.Build.0 = Debug|x64
		{C3818127-38A9-4379-8623-420DAF6F327A}.Release|Any CPU.ActiveCfg = Release|x64
		{C3818127-38A9-4379-8623-420DAF6F327A}.Release|Any CPU.Build.0 = Release|x64
		{F980CA69-737A-4C49-9276-1DB22720FE97}.Debug|Any CPU.ActiveCfg = Debug|x64
		{F980CA69-737A-4C49-9276-1DB22720FE97}.Debug|Any CPU.Build.0 = Debug|x64
		{F980CA69-737A-4C49-9276-1DB22720FE97}.Release|Any CPU.ActiveCfg = Release|x64
		{F980CA69-737A-4C49-9276-1DB22720FE97}.Release|Any CPU.Build.0 = Release|x64
		{B282259F-BC39-4E13-B6B8-D24586847078}.Debug|Any CPU.ActiveCfg = Debug|x64
		{B282259F-BC39-4E13-B6B8-D24586847078}.Debug|Any CPU.Build.0 = Debug|x64
		{B282259F-BC39-4E13-B6B8-D24586847078}.Release|Any CPU.ActiveCfg = Release|x64
		{B282259F-BC39-4E13-B6B8-D24586847078}.Release|Any CPU.Build.0 = Release|x64
		{491DAD37-F1B7-4DFB-9B5F-F011999F1034}.Debug|Any CPU.ActiveCfg = Debug|x64
		{491DAD37-F1B7-4DFB-9B5F-F011999F1034}.Debug|Any CPU.Build.0 = Debug|x64
		{491DAD37-F1B7-4DFB-9B5F-F011999F1034}.Release|Any CPU.ActiveCfg = Release|x64
		{491DAD37-F1B7-4DFB-9B5F-F011999F1034}.Release|Any CPU.Build.0 = Release|x64
		{C4F56297-8C72-46FC-930D-F2698E411B57}.Debug|Any CPU.ActiveCfg = Debug|x64
		{C4F56297-8C72-46FC-930D-F2698E411B57}.Debug|Any CPU.Build.0 = Debug|x64
		{C4F56297-8C72-46FC-930D-F2698E411B57}.Release|Any CPU.ActiveCfg = Release|x64
		{C4F56297-8C72-46FC-930D-F2698E411B57}.Release|Any CPU.Build.0 = Release|x64
		{10A9F0C2-AA86-46AF-BBAE-4B7C610DF00C}.Debug|Any CPU.ActiveCfg = Debug|x64
		{10A9F0C2-AA86-46AF-BBAE-4B7C610DF00C}.Debug|Any CPU.Build.0 = Debug|x64
		{10A9F0C2-AA86-46AF-BBAE-4B7C610DF00C}.Release|Any CPU.ActiveCfg = Release|x64
		{10A9F0C2-AA86-46AF-BBAE-4B7C610DF00C}.Release|Any CPU.Build.0 = Release|x64
		{5E59A348-6E97-40E4-9AA3-9DEE556B61D8}.Debug|Any CPU.ActiveCfg = Debug|x64
		{5E59A348-6E97-40E4-9AA3-9DEE556B61D8}.Debug|Any CPU.Build.0 = Debug|x64
		{5E59A348-6E97-40E4-9AA3-9DEE556B61D8}.Release|Any CPU.ActiveCfg = Release|x64
		{5E59A348-6E97-40E4-9AA3-9DEE556B61D8}.Release|Any CPU.Build.0 = Release|x64
		{387856DB-AC05-4C75-8B20-57FF205A86AE}.Debug|Any CPU.ActiveCfg = Debug|x64
		{387856DB-AC05-4C75-8B20-57FF205A86AE}.Debug|Any CPU.Build.0 = Debug|x64
		{387856DB-AC05-4C75-8B20-57FF205A86AE}.Release|Any CPU.ActiveCfg = Release|x64
		{387856DB-AC05-4C75-8B20-57FF205A86AE}.Release|Any CPU.Build.0 = Release|x64
		{51529039-9180-4E59-A20E-221B71A732F5}.Debug|Any CPU.ActiveCfg = Debug|x64
		{51529039-9180-4E59-A20E-221B71A732F5}.Debug|Any CPU.Build.0 = Debug|x64
		{51529039-9180-4E59-A20E-221B71A732F5}.Release|Any CPU.ActiveCfg = Release|x64
		{51529039-9180-4E59-A20E-221B71A732F5}.Release|Any CPU.Build.0 = Release|x64
	EndGlobalSection
EndGlobal
