
Microsoft Visual Studio Solution File, Format Version 12.00
# Visual Studio Version 16
VisualStudioVersion = 16.0.30114.105
MinimumVisualStudioVersion = 10.0.40219.1
Project("{FAE04EC0-301F-11D3-BF4B-00C04F79EFBC}") = "z0.alloc", "alloc\z0.alloc.csproj", "{DE292F7A-DA18-4B8B-AC70-A4A5818EEBD2}"
EndProject
Project("{FAE04EC0-301F-11D3-BF4B-00C04F79EFBC}") = "z0.archives", "archives\z0.archives.csproj", "{1EC6140D-F7AF-4ADA-9283-B5F3037E3A09}"
EndProject
Project("{FAE04EC0-301F-11D3-BF4B-00C04F79EFBC}") = "z0.bits", "bits\z0.bits.csproj", "{5ABE1566-DED7-4918-822C-390129B1A9A3}"
EndProject
Project("{FAE04EC0-301F-11D3-BF4B-00C04F79EFBC}") = "z0.diagnostics", "diagnostics\z0.diagnostics.csproj", "{49F5DF34-B5E5-4DCF-946D-FB18EE46E599}"
EndProject
Project("{FAE04EC0-301F-11D3-BF4B-00C04F79EFBC}") = "z0.expr", "expr\z0.expr.csproj", "{34A11AF9-4C83-4D28-AA07-A34BABE0694C}"
EndProject
Project("{FAE04EC0-301F-11D3-BF4B-00C04F79EFBC}") = "z0.extract", "extract\z0.extract.csproj", "{C8B80220-4BAE-47DA-9C1E-808E185832E3}"
EndProject
Project("{FAE04EC0-301F-11D3-BF4B-00C04F79EFBC}") = "z0.lines", "lines\z0.lines.csproj", "{13C3620A-1100-4A5B-9DC3-526E218756B6}"
EndProject
Project("{FAE04EC0-301F-11D3-BF4B-00C04F79EFBC}") = "z0.numbers", "numbers\z0.numbers.csproj", "{C25C7065-2F23-4182-B188-480CB21AA47D}"
EndProject
Project("{2150E333-8FDC-42A3-9474-1A3956D46DE8}") = "apps", "apps", "{89C1479E-6A5D-4902-952F-0AD679B9C971}"
EndProject
Project("{FAE04EC0-301F-11D3-BF4B-00C04F79EFBC}") = "z0.apps.core", "apps\apps.core\z0.apps.core.csproj", "{14051E5E-D0E7-46DE-B1F1-E31797619A24}"
EndProject
Project("{FAE04EC0-301F-11D3-BF4B-00C04F79EFBC}") = "z0.asm", "apps\asm\z0.asm.csproj", "{EAF380CF-7F57-4088-AFB4-1C35C79E240F}"
EndProject
Project("{FAE04EC0-301F-11D3-BF4B-00C04F79EFBC}") = "z0.asm.core", "apps\asm.core\z0.asm.core.csproj", "{9EBB6A69-9822-4870-9E3A-BB7B8F4F5D81}"
EndProject
Project("{FAE04EC0-301F-11D3-BF4B-00C04F79EFBC}") = "z0.asm.operands", "apps\asm.operands\z0.asm.operands.csproj", "{DFD262E3-E32F-495F-9AEF-72E62444ACF7}"
EndProject
Project("{FAE04EC0-301F-11D3-BF4B-00C04F79EFBC}") = "z0.asm.prototypes", "apps\asm.prototypes\z0.asm.prototypes.csproj", "{13F8A558-3699-45C2-AC50-98AAA44A417F}"
EndProject
Project("{FAE04EC0-301F-11D3-BF4B-00C04F79EFBC}") = "z0.asm.services", "apps\asm.services\z0.asm.services.csproj", "{B573F0A1-9726-47EE-B067-10D149B80721}"
EndProject
Project("{FAE04EC0-301F-11D3-BF4B-00C04F79EFBC}") = "z0.capture", "apps\capture\z0.capture.csproj", "{9110DB6C-521E-4176-91F3-392A2286324C}"
EndProject
Project("{FAE04EC0-301F-11D3-BF4B-00C04F79EFBC}") = "z0.cmd.actions", "apps\cmd.actions\z0.cmd.actions.csproj", "{A67E38B5-EC5E-4883-BAA7-2816F3FAB3F6}"
EndProject
Project("{FAE04EC0-301F-11D3-BF4B-00C04F79EFBC}") = "z0.intel.core", "apps\intel.core\z0.intel.core.csproj", "{E9B68E61-6F37-44A6-A5B7-B5DC3038E10F}"
EndProject
Project("{FAE04EC0-301F-11D3-BF4B-00C04F79EFBC}") = "z0.intel.intrinsics", "apps\intel.intrinsics\z0.intel.intrinsics.csproj", "{7679C7A1-84BE-4682-98A9-D9B43FB4689F}"
EndProject
Project("{FAE04EC0-301F-11D3-BF4B-00C04F79EFBC}") = "z0.glue", "apps\glue\z0.glue.csproj", "{9DD02CDD-7AC8-430E-98E6-1D117F43C552}"
EndProject
Project("{FAE04EC0-301F-11D3-BF4B-00C04F79EFBC}") = "z0.llvm.tools", "apps\llvm.tools\z0.llvm.tools.csproj", "{124DC6FF-A74E-44B7-BDB5-AB3299FE7949}"
EndProject
Project("{FAE04EC0-301F-11D3-BF4B-00C04F79EFBC}") = "z0.machines.x86", "apps\machines.X86\z0.machines.x86.csproj", "{9BDC2DFE-43DE-447C-9688-A537AF23738E}"
EndProject
Project("{FAE04EC0-301F-11D3-BF4B-00C04F79EFBC}") = "z0.cmd.shell", "apps\cmd.shell\z0.cmd.shell.csproj", "{7C50A9DD-DF6E-41B7-A31A-3CB66EC0E1EF}"
EndProject
Project("{FAE04EC0-301F-11D3-BF4B-00C04F79EFBC}") = "z0.xed.shell", "apps\xed.shell\z0.xed.shell.csproj", "{3EE3131C-9A23-44F3-B0CE-0026DC27338E}"
EndProject
Project("{2150E333-8FDC-42A3-9474-1A3956D46DE8}") = "codegen", "codegen", "{15125E0E-AA3D-46FC-8B67-2281E2FAB7D8}"
EndProject
Project("{FAE04EC0-301F-11D3-BF4B-00C04F79EFBC}") = "z0.codegen.intel", "codegen\codegen.intel\z0.codegen.intel.csproj", "{07DDFC4B-9B04-4D28-816B-487BF608880F}"
EndProject
Project("{FAE04EC0-301F-11D3-BF4B-00C04F79EFBC}") = "z0.codegen.common", "codegen\codegen.common\z0.codegen.common.csproj", "{DD7CE55D-3D17-4DB9-9486-1A6B7A709FCE}"
EndProject
Project("{FAE04EC0-301F-11D3-BF4B-00C04F79EFBC}") = "z0.codegen.llvm", "codegen\codegen.llvm\z0.codegen.llvm.csproj", "{97D782EE-0544-4C94-BA0B-19F94B342E16}"
EndProject
Global
	GlobalSection(SolutionConfigurationPlatforms) = preSolution
		Debug|Any CPU = Debug|Any CPU
		Release|Any CPU = Release|Any CPU
	EndGlobalSection
	GlobalSection(SolutionProperties) = preSolution
		HideSolutionNode = FALSE
	EndGlobalSection
	GlobalSection(ProjectConfigurationPlatforms) = postSolution
		{DE292F7A-DA18-4B8B-AC70-A4A5818EEBD2}.Debug|Any CPU.ActiveCfg = Debug|Any CPU
		{DE292F7A-DA18-4B8B-AC70-A4A5818EEBD2}.Debug|Any CPU.Build.0 = Debug|Any CPU
		{DE292F7A-DA18-4B8B-AC70-A4A5818EEBD2}.Release|Any CPU.ActiveCfg = Release|Any CPU
		{DE292F7A-DA18-4B8B-AC70-A4A5818EEBD2}.Release|Any CPU.Build.0 = Release|Any CPU
		{1EC6140D-F7AF-4ADA-9283-B5F3037E3A09}.Debug|Any CPU.ActiveCfg = Debug|Any CPU
		{1EC6140D-F7AF-4ADA-9283-B5F3037E3A09}.Debug|Any CPU.Build.0 = Debug|Any CPU
		{1EC6140D-F7AF-4ADA-9283-B5F3037E3A09}.Release|Any CPU.ActiveCfg = Release|Any CPU
		{1EC6140D-F7AF-4ADA-9283-B5F3037E3A09}.Release|Any CPU.Build.0 = Release|Any CPU
		{5ABE1566-DED7-4918-822C-390129B1A9A3}.Debug|Any CPU.ActiveCfg = Debug|Any CPU
		{5ABE1566-DED7-4918-822C-390129B1A9A3}.Debug|Any CPU.Build.0 = Debug|Any CPU
		{5ABE1566-DED7-4918-822C-390129B1A9A3}.Release|Any CPU.ActiveCfg = Release|Any CPU
		{5ABE1566-DED7-4918-822C-390129B1A9A3}.Release|Any CPU.Build.0 = Release|Any CPU
		{49F5DF34-B5E5-4DCF-946D-FB18EE46E599}.Debug|Any CPU.ActiveCfg = Debug|Any CPU
		{49F5DF34-B5E5-4DCF-946D-FB18EE46E599}.Debug|Any CPU.Build.0 = Debug|Any CPU
		{49F5DF34-B5E5-4DCF-946D-FB18EE46E599}.Release|Any CPU.ActiveCfg = Release|Any CPU
		{49F5DF34-B5E5-4DCF-946D-FB18EE46E599}.Release|Any CPU.Build.0 = Release|Any CPU
		{34A11AF9-4C83-4D28-AA07-A34BABE0694C}.Debug|Any CPU.ActiveCfg = Debug|Any CPU
		{34A11AF9-4C83-4D28-AA07-A34BABE0694C}.Debug|Any CPU.Build.0 = Debug|Any CPU
		{34A11AF9-4C83-4D28-AA07-A34BABE0694C}.Release|Any CPU.ActiveCfg = Release|Any CPU
		{34A11AF9-4C83-4D28-AA07-A34BABE0694C}.Release|Any CPU.Build.0 = Release|Any CPU
		{C8B80220-4BAE-47DA-9C1E-808E185832E3}.Debug|Any CPU.ActiveCfg = Debug|Any CPU
		{C8B80220-4BAE-47DA-9C1E-808E185832E3}.Debug|Any CPU.Build.0 = Debug|Any CPU
		{C8B80220-4BAE-47DA-9C1E-808E185832E3}.Release|Any CPU.ActiveCfg = Release|Any CPU
		{C8B80220-4BAE-47DA-9C1E-808E185832E3}.Release|Any CPU.Build.0 = Release|Any CPU
		{13C3620A-1100-4A5B-9DC3-526E218756B6}.Debug|Any CPU.ActiveCfg = Debug|Any CPU
		{13C3620A-1100-4A5B-9DC3-526E218756B6}.Debug|Any CPU.Build.0 = Debug|Any CPU
		{13C3620A-1100-4A5B-9DC3-526E218756B6}.Release|Any CPU.ActiveCfg = Release|Any CPU
		{13C3620A-1100-4A5B-9DC3-526E218756B6}.Release|Any CPU.Build.0 = Release|Any CPU
		{C25C7065-2F23-4182-B188-480CB21AA47D}.Debug|Any CPU.ActiveCfg = Debug|Any CPU
		{C25C7065-2F23-4182-B188-480CB21AA47D}.Debug|Any CPU.Build.0 = Debug|Any CPU
		{C25C7065-2F23-4182-B188-480CB21AA47D}.Release|Any CPU.ActiveCfg = Release|Any CPU
		{C25C7065-2F23-4182-B188-480CB21AA47D}.Release|Any CPU.Build.0 = Release|Any CPU
		{14051E5E-D0E7-46DE-B1F1-E31797619A24}.Debug|Any CPU.ActiveCfg = Debug|Any CPU
		{14051E5E-D0E7-46DE-B1F1-E31797619A24}.Debug|Any CPU.Build.0 = Debug|Any CPU
		{14051E5E-D0E7-46DE-B1F1-E31797619A24}.Release|Any CPU.ActiveCfg = Release|Any CPU
		{14051E5E-D0E7-46DE-B1F1-E31797619A24}.Release|Any CPU.Build.0 = Release|Any CPU
		{EAF380CF-7F57-4088-AFB4-1C35C79E240F}.Debug|Any CPU.ActiveCfg = Debug|Any CPU
		{EAF380CF-7F57-4088-AFB4-1C35C79E240F}.Debug|Any CPU.Build.0 = Debug|Any CPU
		{EAF380CF-7F57-4088-AFB4-1C35C79E240F}.Release|Any CPU.ActiveCfg = Release|Any CPU
		{EAF380CF-7F57-4088-AFB4-1C35C79E240F}.Release|Any CPU.Build.0 = Release|Any CPU
		{9EBB6A69-9822-4870-9E3A-BB7B8F4F5D81}.Debug|Any CPU.ActiveCfg = Debug|Any CPU
		{9EBB6A69-9822-4870-9E3A-BB7B8F4F5D81}.Debug|Any CPU.Build.0 = Debug|Any CPU
		{9EBB6A69-9822-4870-9E3A-BB7B8F4F5D81}.Release|Any CPU.ActiveCfg = Release|Any CPU
		{9EBB6A69-9822-4870-9E3A-BB7B8F4F5D81}.Release|Any CPU.Build.0 = Release|Any CPU
		{DFD262E3-E32F-495F-9AEF-72E62444ACF7}.Debug|Any CPU.ActiveCfg = Debug|Any CPU
		{DFD262E3-E32F-495F-9AEF-72E62444ACF7}.Debug|Any CPU.Build.0 = Debug|Any CPU
		{DFD262E3-E32F-495F-9AEF-72E62444ACF7}.Release|Any CPU.ActiveCfg = Release|Any CPU
		{DFD262E3-E32F-495F-9AEF-72E62444ACF7}.Release|Any CPU.Build.0 = Release|Any CPU
		{13F8A558-3699-45C2-AC50-98AAA44A417F}.Debug|Any CPU.ActiveCfg = Debug|Any CPU
		{13F8A558-3699-45C2-AC50-98AAA44A417F}.Debug|Any CPU.Build.0 = Debug|Any CPU
		{13F8A558-3699-45C2-AC50-98AAA44A417F}.Release|Any CPU.ActiveCfg = Release|Any CPU
		{13F8A558-3699-45C2-AC50-98AAA44A417F}.Release|Any CPU.Build.0 = Release|Any CPU
		{B573F0A1-9726-47EE-B067-10D149B80721}.Debug|Any CPU.ActiveCfg = Debug|Any CPU
		{B573F0A1-9726-47EE-B067-10D149B80721}.Debug|Any CPU.Build.0 = Debug|Any CPU
		{B573F0A1-9726-47EE-B067-10D149B80721}.Release|Any CPU.ActiveCfg = Release|Any CPU
		{B573F0A1-9726-47EE-B067-10D149B80721}.Release|Any CPU.Build.0 = Release|Any CPU
		{9110DB6C-521E-4176-91F3-392A2286324C}.Debug|Any CPU.ActiveCfg = Debug|Any CPU
		{9110DB6C-521E-4176-91F3-392A2286324C}.Debug|Any CPU.Build.0 = Debug|Any CPU
		{9110DB6C-521E-4176-91F3-392A2286324C}.Release|Any CPU.ActiveCfg = Release|Any CPU
		{9110DB6C-521E-4176-91F3-392A2286324C}.Release|Any CPU.Build.0 = Release|Any CPU
		{A67E38B5-EC5E-4883-BAA7-2816F3FAB3F6}.Debug|Any CPU.ActiveCfg = Debug|Any CPU
		{A67E38B5-EC5E-4883-BAA7-2816F3FAB3F6}.Debug|Any CPU.Build.0 = Debug|Any CPU
		{A67E38B5-EC5E-4883-BAA7-2816F3FAB3F6}.Release|Any CPU.ActiveCfg = Release|Any CPU
		{A67E38B5-EC5E-4883-BAA7-2816F3FAB3F6}.Release|Any CPU.Build.0 = Release|Any CPU
		{E9B68E61-6F37-44A6-A5B7-B5DC3038E10F}.Debug|Any CPU.ActiveCfg = Debug|Any CPU
		{E9B68E61-6F37-44A6-A5B7-B5DC3038E10F}.Debug|Any CPU.Build.0 = Debug|Any CPU
		{E9B68E61-6F37-44A6-A5B7-B5DC3038E10F}.Release|Any CPU.ActiveCfg = Release|Any CPU
		{E9B68E61-6F37-44A6-A5B7-B5DC3038E10F}.Release|Any CPU.Build.0 = Release|Any CPU
		{7679C7A1-84BE-4682-98A9-D9B43FB4689F}.Debug|Any CPU.ActiveCfg = Debug|Any CPU
		{7679C7A1-84BE-4682-98A9-D9B43FB4689F}.Debug|Any CPU.Build.0 = Debug|Any CPU
		{7679C7A1-84BE-4682-98A9-D9B43FB4689F}.Release|Any CPU.ActiveCfg = Release|Any CPU
		{7679C7A1-84BE-4682-98A9-D9B43FB4689F}.Release|Any CPU.Build.0 = Release|Any CPU
		{9DD02CDD-7AC8-430E-98E6-1D117F43C552}.Debug|Any CPU.ActiveCfg = Debug|Any CPU
		{9DD02CDD-7AC8-430E-98E6-1D117F43C552}.Debug|Any CPU.Build.0 = Debug|Any CPU
		{9DD02CDD-7AC8-430E-98E6-1D117F43C552}.Release|Any CPU.ActiveCfg = Release|Any CPU
		{9DD02CDD-7AC8-430E-98E6-1D117F43C552}.Release|Any CPU.Build.0 = Release|Any CPU
		{124DC6FF-A74E-44B7-BDB5-AB3299FE7949}.Debug|Any CPU.ActiveCfg = Debug|Any CPU
		{124DC6FF-A74E-44B7-BDB5-AB3299FE7949}.Debug|Any CPU.Build.0 = Debug|Any CPU
		{124DC6FF-A74E-44B7-BDB5-AB3299FE7949}.Release|Any CPU.ActiveCfg = Release|Any CPU
		{124DC6FF-A74E-44B7-BDB5-AB3299FE7949}.Release|Any CPU.Build.0 = Release|Any CPU
		{9BDC2DFE-43DE-447C-9688-A537AF23738E}.Debug|Any CPU.ActiveCfg = Debug|Any CPU
		{9BDC2DFE-43DE-447C-9688-A537AF23738E}.Debug|Any CPU.Build.0 = Debug|Any CPU
		{9BDC2DFE-43DE-447C-9688-A537AF23738E}.Release|Any CPU.ActiveCfg = Release|Any CPU
		{9BDC2DFE-43DE-447C-9688-A537AF23738E}.Release|Any CPU.Build.0 = Release|Any CPU
		{7C50A9DD-DF6E-41B7-A31A-3CB66EC0E1EF}.Debug|Any CPU.ActiveCfg = Debug|Any CPU
		{7C50A9DD-DF6E-41B7-A31A-3CB66EC0E1EF}.Debug|Any CPU.Build.0 = Debug|Any CPU
		{7C50A9DD-DF6E-41B7-A31A-3CB66EC0E1EF}.Release|Any CPU.ActiveCfg = Release|Any CPU
		{7C50A9DD-DF6E-41B7-A31A-3CB66EC0E1EF}.Release|Any CPU.Build.0 = Release|Any CPU
		{3EE3131C-9A23-44F3-B0CE-0026DC27338E}.Debug|Any CPU.ActiveCfg = Debug|Any CPU
		{3EE3131C-9A23-44F3-B0CE-0026DC27338E}.Debug|Any CPU.Build.0 = Debug|Any CPU
		{3EE3131C-9A23-44F3-B0CE-0026DC27338E}.Release|Any CPU.ActiveCfg = Release|Any CPU
		{3EE3131C-9A23-44F3-B0CE-0026DC27338E}.Release|Any CPU.Build.0 = Release|Any CPU
		{07DDFC4B-9B04-4D28-816B-487BF608880F}.Debug|Any CPU.ActiveCfg = Debug|Any CPU
		{07DDFC4B-9B04-4D28-816B-487BF608880F}.Debug|Any CPU.Build.0 = Debug|Any CPU
		{07DDFC4B-9B04-4D28-816B-487BF608880F}.Release|Any CPU.ActiveCfg = Release|Any CPU
		{07DDFC4B-9B04-4D28-816B-487BF608880F}.Release|Any CPU.Build.0 = Release|Any CPU
		{DD7CE55D-3D17-4DB9-9486-1A6B7A709FCE}.Debug|Any CPU.ActiveCfg = Debug|Any CPU
		{DD7CE55D-3D17-4DB9-9486-1A6B7A709FCE}.Debug|Any CPU.Build.0 = Debug|Any CPU
		{DD7CE55D-3D17-4DB9-9486-1A6B7A709FCE}.Release|Any CPU.ActiveCfg = Release|Any CPU
		{DD7CE55D-3D17-4DB9-9486-1A6B7A709FCE}.Release|Any CPU.Build.0 = Release|Any CPU
		{97D782EE-0544-4C94-BA0B-19F94B342E16}.Debug|Any CPU.ActiveCfg = Debug|Any CPU
		{97D782EE-0544-4C94-BA0B-19F94B342E16}.Debug|Any CPU.Build.0 = Debug|Any CPU
		{97D782EE-0544-4C94-BA0B-19F94B342E16}.Release|Any CPU.ActiveCfg = Release|Any CPU
		{97D782EE-0544-4C94-BA0B-19F94B342E16}.Release|Any CPU.Build.0 = Release|Any CPU
	EndGlobalSection
	GlobalSection(NestedProjects) = preSolution
		{14051E5E-D0E7-46DE-B1F1-E31797619A24} = {89C1479E-6A5D-4902-952F-0AD679B9C971}
		{EAF380CF-7F57-4088-AFB4-1C35C79E240F} = {89C1479E-6A5D-4902-952F-0AD679B9C971}
		{9EBB6A69-9822-4870-9E3A-BB7B8F4F5D81} = {89C1479E-6A5D-4902-952F-0AD679B9C971}
		{DFD262E3-E32F-495F-9AEF-72E62444ACF7} = {89C1479E-6A5D-4902-952F-0AD679B9C971}
		{13F8A558-3699-45C2-AC50-98AAA44A417F} = {89C1479E-6A5D-4902-952F-0AD679B9C971}
		{B573F0A1-9726-47EE-B067-10D149B80721} = {89C1479E-6A5D-4902-952F-0AD679B9C971}
		{9110DB6C-521E-4176-91F3-392A2286324C} = {89C1479E-6A5D-4902-952F-0AD679B9C971}
		{A67E38B5-EC5E-4883-BAA7-2816F3FAB3F6} = {89C1479E-6A5D-4902-952F-0AD679B9C971}
		{E9B68E61-6F37-44A6-A5B7-B5DC3038E10F} = {89C1479E-6A5D-4902-952F-0AD679B9C971}
		{7679C7A1-84BE-4682-98A9-D9B43FB4689F} = {89C1479E-6A5D-4902-952F-0AD679B9C971}
		{9DD02CDD-7AC8-430E-98E6-1D117F43C552} = {89C1479E-6A5D-4902-952F-0AD679B9C971}
		{124DC6FF-A74E-44B7-BDB5-AB3299FE7949} = {89C1479E-6A5D-4902-952F-0AD679B9C971}
		{9BDC2DFE-43DE-447C-9688-A537AF23738E} = {89C1479E-6A5D-4902-952F-0AD679B9C971}
		{7C50A9DD-DF6E-41B7-A31A-3CB66EC0E1EF} = {89C1479E-6A5D-4902-952F-0AD679B9C971}
		{3EE3131C-9A23-44F3-B0CE-0026DC27338E} = {89C1479E-6A5D-4902-952F-0AD679B9C971}
		{07DDFC4B-9B04-4D28-816B-487BF608880F} = {15125E0E-AA3D-46FC-8B67-2281E2FAB7D8}
		{DD7CE55D-3D17-4DB9-9486-1A6B7A709FCE} = {15125E0E-AA3D-46FC-8B67-2281E2FAB7D8}
		{97D782EE-0544-4C94-BA0B-19F94B342E16} = {15125E0E-AA3D-46FC-8B67-2281E2FAB7D8}
	EndGlobalSection
EndGlobal
