
Microsoft Visual Studio Solution File, Format Version 12.00
# Visual Studio Version 16
VisualStudioVersion = 16.0.30114.105
MinimumVisualStudioVersion = 10.0.40219.1
Project("{FAE04EC0-301F-11D3-BF4B-00C04F79EFBC}") = "z0.cmd", "cmd\z0.cmd.csproj", "{302091EE-539B-4E1C-A74E-6D3FE8507650}"
EndProject
Project("{2150E333-8FDC-42A3-9474-1A3956D46DE8}") = "cg", "cg", "{4AE5EC6F-3110-4BB9-990B-AA116ED06BDF}"
EndProject
Project("{FAE04EC0-301F-11D3-BF4B-00C04F79EFBC}") = "z0.cg.libs", "cg\cg.libs\z0.cg.libs.csproj", "{7CB23D61-CB08-4D8E-80C4-B303500D4C7D}"
EndProject
Project("{FAE04EC0-301F-11D3-BF4B-00C04F79EFBC}") = "z0.cg.shell", "cg\cg.shell\z0.cg.shell.csproj", "{777B7EE3-B7D4-4FCB-9670-B15BD1E4BA48}"
EndProject
Project("{2150E333-8FDC-42A3-9474-1A3956D46DE8}") = "libs", "libs", "{496F326B-310A-498B-B8A1-50FF8CC99F22}"
EndProject
Project("{FAE04EC0-301F-11D3-BF4B-00C04F79EFBC}") = "z0.cmd.checks", "libs\cmd.checks\z0.cmd.checks.csproj", "{E65E9CBF-B791-41C5-A40D-911C0D9EBE9D}"
EndProject
Project("{FAE04EC0-301F-11D3-BF4B-00C04F79EFBC}") = "z0.llvm.checks", "libs\llvm.checks\z0.llvm.checks.csproj", "{5450D9AD-96B0-41C7-86E8-FC41150E00AE}"
EndProject
Project("{FAE04EC0-301F-11D3-BF4B-00C04F79EFBC}") = "z0.queues.checks", "libs\queues.checks\z0.queues.checks.csproj", "{83BD6996-BC13-4CE4-B890-4BCCB40A4B84}"
EndProject
Project("{FAE04EC0-301F-11D3-BF4B-00C04F79EFBC}") = "z0.memory.checks", "libs\memory.checks\z0.memory.checks.csproj", "{25FA6A29-B6B8-4070-A97E-61B179741BE4}"
EndProject
Project("{FAE04EC0-301F-11D3-BF4B-00C04F79EFBC}") = "z0.clr.checks", "libs\clr.checks\z0.clr.checks.csproj", "{D34607D7-48D1-403A-9E3E-BC2AB04CBB84}"
EndProject
Project("{FAE04EC0-301F-11D3-BF4B-00C04F79EFBC}") = "z0.api.checks", "libs\api.checks\z0.api.checks.csproj", "{B0896170-BF08-483E-90BB-810A2202D582}"
EndProject
Project("{FAE04EC0-301F-11D3-BF4B-00C04F79EFBC}") = "z0.asm.checks", "libs\asm.checks\z0.asm.checks.csproj", "{21EB7F9E-47DE-47AC-9241-61AFB4F2CDE3}"
EndProject
Project("{FAE04EC0-301F-11D3-BF4B-00C04F79EFBC}") = "z0.sos.checks", "libs\sos.checks\z0.sos.checks.csproj", "{834000B2-00EF-44C3-AEF4-847A4916BFB3}"
EndProject
Project("{FAE04EC0-301F-11D3-BF4B-00C04F79EFBC}") = "z0.db.shell", "libs\db.shell\z0.db.shell.csproj", "{1300BCF3-394E-41EE-86BD-07D45F40505A}"
EndProject
Project("{2150E333-8FDC-42A3-9474-1A3956D46DE8}") = "shells", "shells", "{9A8C67EF-0CBE-43BB-AC84-15452E7F7F2E}"
EndProject
Project("{FAE04EC0-301F-11D3-BF4B-00C04F79EFBC}") = "z0.calcs.check", "shells\calcs.check\z0.calcs.check.csproj", "{4A6D3FD0-9DD9-4D6E-9086-59E74629F15C}"
EndProject
Project("{FAE04EC0-301F-11D3-BF4B-00C04F79EFBC}") = "z0.intel", "shells\intel\z0.intel.csproj", "{D685758B-93A5-4C15-B537-05768475FAF4}"
EndProject
Project("{FAE04EC0-301F-11D3-BF4B-00C04F79EFBC}") = "z0.workers", "shells\workers\z0.workers.csproj", "{CB642A5C-7254-4DF7-A635-93C07588DB5F}"
EndProject
Project("{2150E333-8FDC-42A3-9474-1A3956D46DE8}") = "test", "test", "{58E73855-320C-431F-A05D-42418A782BA9}"
EndProject
Project("{FAE04EC0-301F-11D3-BF4B-00C04F79EFBC}") = "z0.test.units", "test\test.units\z0.test.units.csproj", "{83D2C16B-14B2-4F86-8430-B58F5A363D92}"
EndProject
Project("{FAE04EC0-301F-11D3-BF4B-00C04F79EFBC}") = "z0.test.checks", "test\test.checks\z0.test.checks.csproj", "{F88C08F8-4451-43C3-AA02-54ACF155EA47}"
EndProject
Project("{FAE04EC0-301F-11D3-BF4B-00C04F79EFBC}") = "z0.test.shell", "test\test.shell\z0.test.shell.csproj", "{2F9AB942-44CA-46FD-B8C4-04560ADF11D4}"
EndProject
Project("{FAE04EC0-301F-11D3-BF4B-00C04F79EFBC}") = "z0.cg.test", "cg\cg.test\z0.cg.test.csproj", "{64D42079-58AF-48ED-85D9-B865623BE15C}"
EndProject
Global
	GlobalSection(SolutionConfigurationPlatforms) = preSolution
		Debug|Any CPU = Debug|Any CPU
		Release|Any CPU = Release|Any CPU
	EndGlobalSection
	GlobalSection(SolutionProperties) = preSolution
		HideSolutionNode = FALSE
	EndGlobalSection
	GlobalSection(ProjectConfigurationPlatforms) = postSolution
		{302091EE-539B-4E1C-A74E-6D3FE8507650}.Debug|Any CPU.ActiveCfg = Debug|x64
		{302091EE-539B-4E1C-A74E-6D3FE8507650}.Debug|Any CPU.Build.0 = Debug|x64
		{302091EE-539B-4E1C-A74E-6D3FE8507650}.Release|Any CPU.ActiveCfg = Release|x64
		{302091EE-539B-4E1C-A74E-6D3FE8507650}.Release|Any CPU.Build.0 = Release|x64
		{7CB23D61-CB08-4D8E-80C4-B303500D4C7D}.Debug|Any CPU.ActiveCfg = Debug|x64
		{7CB23D61-CB08-4D8E-80C4-B303500D4C7D}.Debug|Any CPU.Build.0 = Debug|x64
		{7CB23D61-CB08-4D8E-80C4-B303500D4C7D}.Release|Any CPU.ActiveCfg = Release|x64
		{7CB23D61-CB08-4D8E-80C4-B303500D4C7D}.Release|Any CPU.Build.0 = Release|x64
		{777B7EE3-B7D4-4FCB-9670-B15BD1E4BA48}.Debug|Any CPU.ActiveCfg = Debug|x64
		{777B7EE3-B7D4-4FCB-9670-B15BD1E4BA48}.Debug|Any CPU.Build.0 = Debug|x64
		{777B7EE3-B7D4-4FCB-9670-B15BD1E4BA48}.Release|Any CPU.ActiveCfg = Release|x64
		{777B7EE3-B7D4-4FCB-9670-B15BD1E4BA48}.Release|Any CPU.Build.0 = Release|x64
		{E65E9CBF-B791-41C5-A40D-911C0D9EBE9D}.Debug|Any CPU.ActiveCfg = Debug|x64
		{E65E9CBF-B791-41C5-A40D-911C0D9EBE9D}.Debug|Any CPU.Build.0 = Debug|x64
		{E65E9CBF-B791-41C5-A40D-911C0D9EBE9D}.Release|Any CPU.ActiveCfg = Release|x64
		{E65E9CBF-B791-41C5-A40D-911C0D9EBE9D}.Release|Any CPU.Build.0 = Release|x64
		{5450D9AD-96B0-41C7-86E8-FC41150E00AE}.Debug|Any CPU.ActiveCfg = Debug|x64
		{5450D9AD-96B0-41C7-86E8-FC41150E00AE}.Debug|Any CPU.Build.0 = Debug|x64
		{5450D9AD-96B0-41C7-86E8-FC41150E00AE}.Release|Any CPU.ActiveCfg = Release|x64
		{5450D9AD-96B0-41C7-86E8-FC41150E00AE}.Release|Any CPU.Build.0 = Release|x64
		{83BD6996-BC13-4CE4-B890-4BCCB40A4B84}.Debug|Any CPU.ActiveCfg = Debug|x64
		{83BD6996-BC13-4CE4-B890-4BCCB40A4B84}.Debug|Any CPU.Build.0 = Debug|x64
		{83BD6996-BC13-4CE4-B890-4BCCB40A4B84}.Release|Any CPU.ActiveCfg = Release|x64
		{83BD6996-BC13-4CE4-B890-4BCCB40A4B84}.Release|Any CPU.Build.0 = Release|x64
		{25FA6A29-B6B8-4070-A97E-61B179741BE4}.Debug|Any CPU.ActiveCfg = Debug|x64
		{25FA6A29-B6B8-4070-A97E-61B179741BE4}.Debug|Any CPU.Build.0 = Debug|x64
		{25FA6A29-B6B8-4070-A97E-61B179741BE4}.Release|Any CPU.ActiveCfg = Release|x64
		{25FA6A29-B6B8-4070-A97E-61B179741BE4}.Release|Any CPU.Build.0 = Release|x64
		{D34607D7-48D1-403A-9E3E-BC2AB04CBB84}.Debug|Any CPU.ActiveCfg = Debug|x64
		{D34607D7-48D1-403A-9E3E-BC2AB04CBB84}.Debug|Any CPU.Build.0 = Debug|x64
		{D34607D7-48D1-403A-9E3E-BC2AB04CBB84}.Release|Any CPU.ActiveCfg = Release|x64
		{D34607D7-48D1-403A-9E3E-BC2AB04CBB84}.Release|Any CPU.Build.0 = Release|x64
		{B0896170-BF08-483E-90BB-810A2202D582}.Debug|Any CPU.ActiveCfg = Debug|x64
		{B0896170-BF08-483E-90BB-810A2202D582}.Debug|Any CPU.Build.0 = Debug|x64
		{B0896170-BF08-483E-90BB-810A2202D582}.Release|Any CPU.ActiveCfg = Release|x64
		{B0896170-BF08-483E-90BB-810A2202D582}.Release|Any CPU.Build.0 = Release|x64
		{21EB7F9E-47DE-47AC-9241-61AFB4F2CDE3}.Debug|Any CPU.ActiveCfg = Debug|x64
		{21EB7F9E-47DE-47AC-9241-61AFB4F2CDE3}.Debug|Any CPU.Build.0 = Debug|x64
		{21EB7F9E-47DE-47AC-9241-61AFB4F2CDE3}.Release|Any CPU.ActiveCfg = Release|x64
		{21EB7F9E-47DE-47AC-9241-61AFB4F2CDE3}.Release|Any CPU.Build.0 = Release|x64
		{834000B2-00EF-44C3-AEF4-847A4916BFB3}.Debug|Any CPU.ActiveCfg = Debug|x64
		{834000B2-00EF-44C3-AEF4-847A4916BFB3}.Debug|Any CPU.Build.0 = Debug|x64
		{834000B2-00EF-44C3-AEF4-847A4916BFB3}.Release|Any CPU.ActiveCfg = Release|x64
		{834000B2-00EF-44C3-AEF4-847A4916BFB3}.Release|Any CPU.Build.0 = Release|x64
		{1300BCF3-394E-41EE-86BD-07D45F40505A}.Debug|Any CPU.ActiveCfg = Debug|x64
		{1300BCF3-394E-41EE-86BD-07D45F40505A}.Debug|Any CPU.Build.0 = Debug|x64
		{1300BCF3-394E-41EE-86BD-07D45F40505A}.Release|Any CPU.ActiveCfg = Release|x64
		{1300BCF3-394E-41EE-86BD-07D45F40505A}.Release|Any CPU.Build.0 = Release|x64
		{4A6D3FD0-9DD9-4D6E-9086-59E74629F15C}.Debug|Any CPU.ActiveCfg = Debug|x64
		{4A6D3FD0-9DD9-4D6E-9086-59E74629F15C}.Debug|Any CPU.Build.0 = Debug|x64
		{4A6D3FD0-9DD9-4D6E-9086-59E74629F15C}.Release|Any CPU.ActiveCfg = Release|x64
		{4A6D3FD0-9DD9-4D6E-9086-59E74629F15C}.Release|Any CPU.Build.0 = Release|x64
		{D685758B-93A5-4C15-B537-05768475FAF4}.Debug|Any CPU.ActiveCfg = Debug|x64
		{D685758B-93A5-4C15-B537-05768475FAF4}.Debug|Any CPU.Build.0 = Debug|x64
		{D685758B-93A5-4C15-B537-05768475FAF4}.Release|Any CPU.ActiveCfg = Release|x64
		{D685758B-93A5-4C15-B537-05768475FAF4}.Release|Any CPU.Build.0 = Release|x64
		{CB642A5C-7254-4DF7-A635-93C07588DB5F}.Debug|Any CPU.ActiveCfg = Debug|x64
		{CB642A5C-7254-4DF7-A635-93C07588DB5F}.Debug|Any CPU.Build.0 = Debug|x64
		{CB642A5C-7254-4DF7-A635-93C07588DB5F}.Release|Any CPU.ActiveCfg = Release|x64
		{CB642A5C-7254-4DF7-A635-93C07588DB5F}.Release|Any CPU.Build.0 = Release|x64
		{83D2C16B-14B2-4F86-8430-B58F5A363D92}.Debug|Any CPU.ActiveCfg = Debug|x64
		{83D2C16B-14B2-4F86-8430-B58F5A363D92}.Debug|Any CPU.Build.0 = Debug|x64
		{83D2C16B-14B2-4F86-8430-B58F5A363D92}.Release|Any CPU.ActiveCfg = Release|x64
		{83D2C16B-14B2-4F86-8430-B58F5A363D92}.Release|Any CPU.Build.0 = Release|x64
		{F88C08F8-4451-43C3-AA02-54ACF155EA47}.Debug|Any CPU.ActiveCfg = Debug|x64
		{F88C08F8-4451-43C3-AA02-54ACF155EA47}.Debug|Any CPU.Build.0 = Debug|x64
		{F88C08F8-4451-43C3-AA02-54ACF155EA47}.Release|Any CPU.ActiveCfg = Release|x64
		{F88C08F8-4451-43C3-AA02-54ACF155EA47}.Release|Any CPU.Build.0 = Release|x64
		{2F9AB942-44CA-46FD-B8C4-04560ADF11D4}.Debug|Any CPU.ActiveCfg = Debug|x64
		{2F9AB942-44CA-46FD-B8C4-04560ADF11D4}.Debug|Any CPU.Build.0 = Debug|x64
		{2F9AB942-44CA-46FD-B8C4-04560ADF11D4}.Release|Any CPU.ActiveCfg = Release|x64
		{2F9AB942-44CA-46FD-B8C4-04560ADF11D4}.Release|Any CPU.Build.0 = Release|x64
		{64D42079-58AF-48ED-85D9-B865623BE15C}.Debug|Any CPU.ActiveCfg = Debug|x64
		{64D42079-58AF-48ED-85D9-B865623BE15C}.Debug|Any CPU.Build.0 = Debug|x64
		{64D42079-58AF-48ED-85D9-B865623BE15C}.Release|Any CPU.ActiveCfg = Release|x64
		{64D42079-58AF-48ED-85D9-B865623BE15C}.Release|Any CPU.Build.0 = Release|x64
	EndGlobalSection
	GlobalSection(NestedProjects) = preSolution
		{7CB23D61-CB08-4D8E-80C4-B303500D4C7D} = {4AE5EC6F-3110-4BB9-990B-AA116ED06BDF}
		{777B7EE3-B7D4-4FCB-9670-B15BD1E4BA48} = {4AE5EC6F-3110-4BB9-990B-AA116ED06BDF}
		{E65E9CBF-B791-41C5-A40D-911C0D9EBE9D} = {496F326B-310A-498B-B8A1-50FF8CC99F22}
		{5450D9AD-96B0-41C7-86E8-FC41150E00AE} = {496F326B-310A-498B-B8A1-50FF8CC99F22}
		{83BD6996-BC13-4CE4-B890-4BCCB40A4B84} = {496F326B-310A-498B-B8A1-50FF8CC99F22}
		{25FA6A29-B6B8-4070-A97E-61B179741BE4} = {496F326B-310A-498B-B8A1-50FF8CC99F22}
		{D34607D7-48D1-403A-9E3E-BC2AB04CBB84} = {496F326B-310A-498B-B8A1-50FF8CC99F22}
		{B0896170-BF08-483E-90BB-810A2202D582} = {496F326B-310A-498B-B8A1-50FF8CC99F22}
		{21EB7F9E-47DE-47AC-9241-61AFB4F2CDE3} = {496F326B-310A-498B-B8A1-50FF8CC99F22}
		{834000B2-00EF-44C3-AEF4-847A4916BFB3} = {496F326B-310A-498B-B8A1-50FF8CC99F22}
		{1300BCF3-394E-41EE-86BD-07D45F40505A} = {496F326B-310A-498B-B8A1-50FF8CC99F22}
		{4A6D3FD0-9DD9-4D6E-9086-59E74629F15C} = {9A8C67EF-0CBE-43BB-AC84-15452E7F7F2E}
		{D685758B-93A5-4C15-B537-05768475FAF4} = {9A8C67EF-0CBE-43BB-AC84-15452E7F7F2E}
		{CB642A5C-7254-4DF7-A635-93C07588DB5F} = {9A8C67EF-0CBE-43BB-AC84-15452E7F7F2E}
		{83D2C16B-14B2-4F86-8430-B58F5A363D92} = {58E73855-320C-431F-A05D-42418A782BA9}
		{F88C08F8-4451-43C3-AA02-54ACF155EA47} = {58E73855-320C-431F-A05D-42418A782BA9}
		{2F9AB942-44CA-46FD-B8C4-04560ADF11D4} = {58E73855-320C-431F-A05D-42418A782BA9}
		{64D42079-58AF-48ED-85D9-B865623BE15C} = {4AE5EC6F-3110-4BB9-990B-AA116ED06BDF}
	EndGlobalSection
EndGlobal
