
Microsoft Visual Studio Solution File, Format Version 12.00
# Visual Studio Version 16
VisualStudioVersion = 16.0.30114.105
MinimumVisualStudioVersion = 10.0.40219.1
Project("{FAE04EC0-301F-11D3-BF4B-00C04F79EFBC}") = "z0.libs", "libs\z0.libs.csproj", "{51636C27-E69B-47E3-9BF5-D4539AB594ED}"
EndProject
Project("{2150E333-8FDC-42A3-9474-1A3956D46DE8}") = "libs", "libs", "{8EC0FF83-99DB-413B-B4D0-5B5772A8CAB8}"
EndProject
Project("{FAE04EC0-301F-11D3-BF4B-00C04F79EFBC}") = "z0.llvm.checks", "libs\llvm.checks\z0.llvm.checks.csproj", "{4E75F2BA-3899-4B68-AB17-70A47CB1DFAE}"
EndProject
Project("{FAE04EC0-301F-11D3-BF4B-00C04F79EFBC}") = "z0.asm.checks", "libs\asm.checks\z0.asm.checks.csproj", "{974AA5D8-2174-471A-BE81-940FD0AEE7CD}"
EndProject
Project("{FAE04EC0-301F-11D3-BF4B-00C04F79EFBC}") = "z0.queues.checks", "libs\queues.checks\z0.queues.checks.csproj", "{33930187-3162-41C2-B734-C3BDD61C6E88}"
EndProject
Project("{FAE04EC0-301F-11D3-BF4B-00C04F79EFBC}") = "z0.cmd", "cmd\z0.cmd.csproj", "{9512F971-9C78-4CC3-8172-CD1B5A841BF4}"
EndProject
Project("{2150E333-8FDC-42A3-9474-1A3956D46DE8}") = "test", "test", "{1B5844D7-A85A-4D82-BB41-285736CB03B2}"
EndProject
Project("{FAE04EC0-301F-11D3-BF4B-00C04F79EFBC}") = "z0.test.units", "test\test.units\z0.test.units.csproj", "{C0C705CD-7ECF-4178-9A53-5A3F0B6AE658}"
EndProject
Project("{FAE04EC0-301F-11D3-BF4B-00C04F79EFBC}") = "z0.test.checks", "test\test.checks\z0.test.checks.csproj", "{7602F699-8A51-4EC6-A422-A05D7BDA79BC}"
EndProject
Project("{2150E333-8FDC-42A3-9474-1A3956D46DE8}") = "cg", "cg", "{8EF75863-99F1-4E8E-8057-7ABF184E0992}"
EndProject
Project("{FAE04EC0-301F-11D3-BF4B-00C04F79EFBC}") = "z0.cg.libs", "cg\cg.libs\z0.cg.libs.csproj", "{E8FD8E1C-4115-4AA0-8C01-4ED3B89A18D3}"
EndProject
Project("{FAE04EC0-301F-11D3-BF4B-00C04F79EFBC}") = "z0.containers.checks", "libs\containers.checks\z0.containers.checks.csproj", "{A3B4D919-B42F-40EC-BCA6-FE19D7833170}"
EndProject
Project("{2150E333-8FDC-42A3-9474-1A3956D46DE8}") = "shells", "shells", "{64070A75-E9F1-45E5-B9BC-C7F65952394D}"
EndProject
Project("{FAE04EC0-301F-11D3-BF4B-00C04F79EFBC}") = "z0.calcs.check", "shells\calcs.check\z0.calcs.check.csproj", "{7136D162-F68B-441C-BF29-7E8B065682E4}"
EndProject
Project("{FAE04EC0-301F-11D3-BF4B-00C04F79EFBC}") = "z0.intel", "shells\intel\z0.intel.csproj", "{82B9A38E-7D47-48BD-9800-5F1DE93BC64F}"
EndProject
Project("{FAE04EC0-301F-11D3-BF4B-00C04F79EFBC}") = "z0.workers", "shells\workers\z0.workers.csproj", "{333EF273-758C-46A0-BC18-240F62A46535}"
EndProject
Project("{FAE04EC0-301F-11D3-BF4B-00C04F79EFBC}") = "z0.test.shell", "test\test.shell\z0.test.shell.csproj", "{006B8A0D-E600-46C0-86B3-58756B4FECD6}"
EndProject
Project("{FAE04EC0-301F-11D3-BF4B-00C04F79EFBC}") = "z0.memory.checks", "libs\memory.checks\z0.memory.checks.csproj", "{9614DEF9-0BC8-45EB-B9D7-2717F371E6C1}"
EndProject
Global
	GlobalSection(SolutionConfigurationPlatforms) = preSolution
		Debug|Any CPU = Debug|Any CPU
		Release|Any CPU = Release|Any CPU
	EndGlobalSection
	GlobalSection(SolutionProperties) = preSolution
		HideSolutionNode = FALSE
	EndGlobalSection
	GlobalSection(ProjectConfigurationPlatforms) = postSolution
		{51636C27-E69B-47E3-9BF5-D4539AB594ED}.Debug|Any CPU.ActiveCfg = Debug|Any CPU
		{51636C27-E69B-47E3-9BF5-D4539AB594ED}.Debug|Any CPU.Build.0 = Debug|Any CPU
		{51636C27-E69B-47E3-9BF5-D4539AB594ED}.Release|Any CPU.ActiveCfg = Release|Any CPU
		{51636C27-E69B-47E3-9BF5-D4539AB594ED}.Release|Any CPU.Build.0 = Release|Any CPU
		{4E75F2BA-3899-4B68-AB17-70A47CB1DFAE}.Debug|Any CPU.ActiveCfg = Debug|Any CPU
		{4E75F2BA-3899-4B68-AB17-70A47CB1DFAE}.Debug|Any CPU.Build.0 = Debug|Any CPU
		{4E75F2BA-3899-4B68-AB17-70A47CB1DFAE}.Release|Any CPU.ActiveCfg = Release|Any CPU
		{4E75F2BA-3899-4B68-AB17-70A47CB1DFAE}.Release|Any CPU.Build.0 = Release|Any CPU
		{974AA5D8-2174-471A-BE81-940FD0AEE7CD}.Debug|Any CPU.ActiveCfg = Debug|Any CPU
		{974AA5D8-2174-471A-BE81-940FD0AEE7CD}.Debug|Any CPU.Build.0 = Debug|Any CPU
		{974AA5D8-2174-471A-BE81-940FD0AEE7CD}.Release|Any CPU.ActiveCfg = Release|Any CPU
		{974AA5D8-2174-471A-BE81-940FD0AEE7CD}.Release|Any CPU.Build.0 = Release|Any CPU
		{33930187-3162-41C2-B734-C3BDD61C6E88}.Debug|Any CPU.ActiveCfg = Debug|Any CPU
		{33930187-3162-41C2-B734-C3BDD61C6E88}.Debug|Any CPU.Build.0 = Debug|Any CPU
		{33930187-3162-41C2-B734-C3BDD61C6E88}.Release|Any CPU.ActiveCfg = Release|Any CPU
		{33930187-3162-41C2-B734-C3BDD61C6E88}.Release|Any CPU.Build.0 = Release|Any CPU
		{9512F971-9C78-4CC3-8172-CD1B5A841BF4}.Debug|Any CPU.ActiveCfg = Debug|Any CPU
		{9512F971-9C78-4CC3-8172-CD1B5A841BF4}.Debug|Any CPU.Build.0 = Debug|Any CPU
		{9512F971-9C78-4CC3-8172-CD1B5A841BF4}.Release|Any CPU.ActiveCfg = Release|Any CPU
		{9512F971-9C78-4CC3-8172-CD1B5A841BF4}.Release|Any CPU.Build.0 = Release|Any CPU
		{C0C705CD-7ECF-4178-9A53-5A3F0B6AE658}.Debug|Any CPU.ActiveCfg = Debug|Any CPU
		{C0C705CD-7ECF-4178-9A53-5A3F0B6AE658}.Debug|Any CPU.Build.0 = Debug|Any CPU
		{C0C705CD-7ECF-4178-9A53-5A3F0B6AE658}.Release|Any CPU.ActiveCfg = Release|Any CPU
		{C0C705CD-7ECF-4178-9A53-5A3F0B6AE658}.Release|Any CPU.Build.0 = Release|Any CPU
		{7602F699-8A51-4EC6-A422-A05D7BDA79BC}.Debug|Any CPU.ActiveCfg = Debug|Any CPU
		{7602F699-8A51-4EC6-A422-A05D7BDA79BC}.Debug|Any CPU.Build.0 = Debug|Any CPU
		{7602F699-8A51-4EC6-A422-A05D7BDA79BC}.Release|Any CPU.ActiveCfg = Release|Any CPU
		{7602F699-8A51-4EC6-A422-A05D7BDA79BC}.Release|Any CPU.Build.0 = Release|Any CPU
		{E8FD8E1C-4115-4AA0-8C01-4ED3B89A18D3}.Debug|Any CPU.ActiveCfg = Debug|Any CPU
		{E8FD8E1C-4115-4AA0-8C01-4ED3B89A18D3}.Debug|Any CPU.Build.0 = Debug|Any CPU
		{E8FD8E1C-4115-4AA0-8C01-4ED3B89A18D3}.Release|Any CPU.ActiveCfg = Release|Any CPU
		{E8FD8E1C-4115-4AA0-8C01-4ED3B89A18D3}.Release|Any CPU.Build.0 = Release|Any CPU
		{A3B4D919-B42F-40EC-BCA6-FE19D7833170}.Debug|Any CPU.ActiveCfg = Debug|Any CPU
		{A3B4D919-B42F-40EC-BCA6-FE19D7833170}.Debug|Any CPU.Build.0 = Debug|Any CPU
		{A3B4D919-B42F-40EC-BCA6-FE19D7833170}.Release|Any CPU.ActiveCfg = Release|Any CPU
		{A3B4D919-B42F-40EC-BCA6-FE19D7833170}.Release|Any CPU.Build.0 = Release|Any CPU
		{7136D162-F68B-441C-BF29-7E8B065682E4}.Debug|Any CPU.ActiveCfg = Debug|Any CPU
		{7136D162-F68B-441C-BF29-7E8B065682E4}.Debug|Any CPU.Build.0 = Debug|Any CPU
		{7136D162-F68B-441C-BF29-7E8B065682E4}.Release|Any CPU.ActiveCfg = Release|Any CPU
		{7136D162-F68B-441C-BF29-7E8B065682E4}.Release|Any CPU.Build.0 = Release|Any CPU
		{82B9A38E-7D47-48BD-9800-5F1DE93BC64F}.Debug|Any CPU.ActiveCfg = Debug|Any CPU
		{82B9A38E-7D47-48BD-9800-5F1DE93BC64F}.Debug|Any CPU.Build.0 = Debug|Any CPU
		{82B9A38E-7D47-48BD-9800-5F1DE93BC64F}.Release|Any CPU.ActiveCfg = Release|Any CPU
		{82B9A38E-7D47-48BD-9800-5F1DE93BC64F}.Release|Any CPU.Build.0 = Release|Any CPU
		{333EF273-758C-46A0-BC18-240F62A46535}.Debug|Any CPU.ActiveCfg = Debug|Any CPU
		{333EF273-758C-46A0-BC18-240F62A46535}.Debug|Any CPU.Build.0 = Debug|Any CPU
		{333EF273-758C-46A0-BC18-240F62A46535}.Release|Any CPU.ActiveCfg = Release|Any CPU
		{333EF273-758C-46A0-BC18-240F62A46535}.Release|Any CPU.Build.0 = Release|Any CPU
		{006B8A0D-E600-46C0-86B3-58756B4FECD6}.Debug|Any CPU.ActiveCfg = Debug|Any CPU
		{006B8A0D-E600-46C0-86B3-58756B4FECD6}.Debug|Any CPU.Build.0 = Debug|Any CPU
		{006B8A0D-E600-46C0-86B3-58756B4FECD6}.Release|Any CPU.ActiveCfg = Release|Any CPU
		{006B8A0D-E600-46C0-86B3-58756B4FECD6}.Release|Any CPU.Build.0 = Release|Any CPU
		{9614DEF9-0BC8-45EB-B9D7-2717F371E6C1}.Debug|Any CPU.ActiveCfg = Debug|Any CPU
		{9614DEF9-0BC8-45EB-B9D7-2717F371E6C1}.Debug|Any CPU.Build.0 = Debug|Any CPU
		{9614DEF9-0BC8-45EB-B9D7-2717F371E6C1}.Release|Any CPU.ActiveCfg = Release|Any CPU
		{9614DEF9-0BC8-45EB-B9D7-2717F371E6C1}.Release|Any CPU.Build.0 = Release|Any CPU
	EndGlobalSection
	GlobalSection(NestedProjects) = preSolution
		{4E75F2BA-3899-4B68-AB17-70A47CB1DFAE} = {8EC0FF83-99DB-413B-B4D0-5B5772A8CAB8}
		{974AA5D8-2174-471A-BE81-940FD0AEE7CD} = {8EC0FF83-99DB-413B-B4D0-5B5772A8CAB8}
		{33930187-3162-41C2-B734-C3BDD61C6E88} = {8EC0FF83-99DB-413B-B4D0-5B5772A8CAB8}
		{C0C705CD-7ECF-4178-9A53-5A3F0B6AE658} = {1B5844D7-A85A-4D82-BB41-285736CB03B2}
		{7602F699-8A51-4EC6-A422-A05D7BDA79BC} = {1B5844D7-A85A-4D82-BB41-285736CB03B2}
		{E8FD8E1C-4115-4AA0-8C01-4ED3B89A18D3} = {8EF75863-99F1-4E8E-8057-7ABF184E0992}
		{A3B4D919-B42F-40EC-BCA6-FE19D7833170} = {8EC0FF83-99DB-413B-B4D0-5B5772A8CAB8}
		{7136D162-F68B-441C-BF29-7E8B065682E4} = {64070A75-E9F1-45E5-B9BC-C7F65952394D}
		{82B9A38E-7D47-48BD-9800-5F1DE93BC64F} = {64070A75-E9F1-45E5-B9BC-C7F65952394D}
		{333EF273-758C-46A0-BC18-240F62A46535} = {64070A75-E9F1-45E5-B9BC-C7F65952394D}
		{006B8A0D-E600-46C0-86B3-58756B4FECD6} = {1B5844D7-A85A-4D82-BB41-285736CB03B2}
		{9614DEF9-0BC8-45EB-B9D7-2717F371E6C1} = {8EC0FF83-99DB-413B-B4D0-5B5772A8CAB8}
	EndGlobalSection
EndGlobal
