
Microsoft Visual Studio Solution File, Format Version 12.00
# Visual Studio Version 16
VisualStudioVersion = 16.0.30114.105
MinimumVisualStudioVersion = 10.0.40219.1
Project("{FAE04EC0-301F-11D3-BF4B-00C04F79EFBC}") = "z0.libs", "libs\z0.libs.csproj", "{F3ED5969-C14F-4E89-BCE8-DFBFF43C1AD9}"
EndProject
Project("{2150E333-8FDC-42A3-9474-1A3956D46DE8}") = "libs", "libs", "{4B360F7D-463C-4ECE-BFBB-1E642EAC138B}"
EndProject
Project("{FAE04EC0-301F-11D3-BF4B-00C04F79EFBC}") = "z0.llvm.checks", "libs\llvm.checks\z0.llvm.checks.csproj", "{0AA43641-A261-4CDB-B2CE-D1638D4E529B}"
EndProject
Project("{FAE04EC0-301F-11D3-BF4B-00C04F79EFBC}") = "z0.queues.checks", "libs\queues.checks\z0.queues.checks.csproj", "{5CB9E739-B769-4196-A8C7-335753177167}"
EndProject
Project("{FAE04EC0-301F-11D3-BF4B-00C04F79EFBC}") = "z0.containers.checks", "libs\containers.checks\z0.containers.checks.csproj", "{0193A5CB-01CE-4FED-B741-A6993F2C6A5F}"
EndProject
Project("{FAE04EC0-301F-11D3-BF4B-00C04F79EFBC}") = "z0.memory.checks", "libs\memory.checks\z0.memory.checks.csproj", "{F60198C4-A62F-47D0-B4F3-1E20E841040A}"
EndProject
Project("{FAE04EC0-301F-11D3-BF4B-00C04F79EFBC}") = "z0.cmd", "cmd\z0.cmd.csproj", "{BB6FDE8E-C3FE-48F3-B6FF-C6B26DB28B36}"
EndProject
Project("{2150E333-8FDC-42A3-9474-1A3956D46DE8}") = "shells", "shells", "{54C5D4DA-D33F-4394-9A40-2A901861CBEC}"
EndProject
Project("{FAE04EC0-301F-11D3-BF4B-00C04F79EFBC}") = "z0.calcs.check", "shells\calcs.check\z0.calcs.check.csproj", "{DBF01852-00FF-40E5-A3DB-AFD9AEC791A9}"
EndProject
Project("{FAE04EC0-301F-11D3-BF4B-00C04F79EFBC}") = "z0.intel", "shells\intel\z0.intel.csproj", "{A7E8C3AA-4699-4B91-926D-23BBFE8960D8}"
EndProject
Project("{2150E333-8FDC-42A3-9474-1A3956D46DE8}") = "test", "test", "{682CDE59-0BA1-4BD9-9AA3-317A7A83CA2F}"
EndProject
Project("{FAE04EC0-301F-11D3-BF4B-00C04F79EFBC}") = "z0.test.units", "test\test.units\z0.test.units.csproj", "{7B7332AB-F5D9-4C14-BD28-4F48B16B31C9}"
EndProject
Project("{FAE04EC0-301F-11D3-BF4B-00C04F79EFBC}") = "z0.test.checks", "test\test.checks\z0.test.checks.csproj", "{6719D92E-87CF-4D36-BE29-247F78B3FB1E}"
EndProject
Project("{FAE04EC0-301F-11D3-BF4B-00C04F79EFBC}") = "z0.test.shell", "test\test.shell\z0.test.shell.csproj", "{7B7C2C75-7014-4192-A057-5FD425B624D2}"
EndProject
Project("{2150E333-8FDC-42A3-9474-1A3956D46DE8}") = "cg", "cg", "{19768D05-6129-43BA-989B-678EE547FB09}"
EndProject
Project("{FAE04EC0-301F-11D3-BF4B-00C04F79EFBC}") = "z0.cg.libs", "cg\cg.libs\z0.cg.libs.csproj", "{BAA86742-1D67-4BB8-B143-20A3A1A35876}"
EndProject
Project("{FAE04EC0-301F-11D3-BF4B-00C04F79EFBC}") = "z0.asm.checks", "libs\asm.checks\z0.asm.checks.csproj", "{74E0D7C6-AF22-4934-8BD8-7D1B7563303E}"
EndProject
Project("{FAE04EC0-301F-11D3-BF4B-00C04F79EFBC}") = "z0.workers", "shells\workers\z0.workers.csproj", "{83D74A04-1046-4C7C-8BE7-E9CCA1DD4E77}"
EndProject
Global
	GlobalSection(SolutionConfigurationPlatforms) = preSolution
		Debug|Any CPU = Debug|Any CPU
		Release|Any CPU = Release|Any CPU
	EndGlobalSection
	GlobalSection(SolutionProperties) = preSolution
		HideSolutionNode = FALSE
	EndGlobalSection
	GlobalSection(ProjectConfigurationPlatforms) = postSolution
		{F3ED5969-C14F-4E89-BCE8-DFBFF43C1AD9}.Debug|Any CPU.ActiveCfg = Debug|Any CPU
		{F3ED5969-C14F-4E89-BCE8-DFBFF43C1AD9}.Debug|Any CPU.Build.0 = Debug|Any CPU
		{F3ED5969-C14F-4E89-BCE8-DFBFF43C1AD9}.Release|Any CPU.ActiveCfg = Release|Any CPU
		{F3ED5969-C14F-4E89-BCE8-DFBFF43C1AD9}.Release|Any CPU.Build.0 = Release|Any CPU
		{0AA43641-A261-4CDB-B2CE-D1638D4E529B}.Debug|Any CPU.ActiveCfg = Debug|Any CPU
		{0AA43641-A261-4CDB-B2CE-D1638D4E529B}.Debug|Any CPU.Build.0 = Debug|Any CPU
		{0AA43641-A261-4CDB-B2CE-D1638D4E529B}.Release|Any CPU.ActiveCfg = Release|Any CPU
		{0AA43641-A261-4CDB-B2CE-D1638D4E529B}.Release|Any CPU.Build.0 = Release|Any CPU
		{5CB9E739-B769-4196-A8C7-335753177167}.Debug|Any CPU.ActiveCfg = Debug|Any CPU
		{5CB9E739-B769-4196-A8C7-335753177167}.Debug|Any CPU.Build.0 = Debug|Any CPU
		{5CB9E739-B769-4196-A8C7-335753177167}.Release|Any CPU.ActiveCfg = Release|Any CPU
		{5CB9E739-B769-4196-A8C7-335753177167}.Release|Any CPU.Build.0 = Release|Any CPU
		{0193A5CB-01CE-4FED-B741-A6993F2C6A5F}.Debug|Any CPU.ActiveCfg = Debug|Any CPU
		{0193A5CB-01CE-4FED-B741-A6993F2C6A5F}.Debug|Any CPU.Build.0 = Debug|Any CPU
		{0193A5CB-01CE-4FED-B741-A6993F2C6A5F}.Release|Any CPU.ActiveCfg = Release|Any CPU
		{0193A5CB-01CE-4FED-B741-A6993F2C6A5F}.Release|Any CPU.Build.0 = Release|Any CPU
		{F60198C4-A62F-47D0-B4F3-1E20E841040A}.Debug|Any CPU.ActiveCfg = Debug|Any CPU
		{F60198C4-A62F-47D0-B4F3-1E20E841040A}.Debug|Any CPU.Build.0 = Debug|Any CPU
		{F60198C4-A62F-47D0-B4F3-1E20E841040A}.Release|Any CPU.ActiveCfg = Release|Any CPU
		{F60198C4-A62F-47D0-B4F3-1E20E841040A}.Release|Any CPU.Build.0 = Release|Any CPU
		{BB6FDE8E-C3FE-48F3-B6FF-C6B26DB28B36}.Debug|Any CPU.ActiveCfg = Debug|Any CPU
		{BB6FDE8E-C3FE-48F3-B6FF-C6B26DB28B36}.Debug|Any CPU.Build.0 = Debug|Any CPU
		{BB6FDE8E-C3FE-48F3-B6FF-C6B26DB28B36}.Release|Any CPU.ActiveCfg = Release|Any CPU
		{BB6FDE8E-C3FE-48F3-B6FF-C6B26DB28B36}.Release|Any CPU.Build.0 = Release|Any CPU
		{DBF01852-00FF-40E5-A3DB-AFD9AEC791A9}.Debug|Any CPU.ActiveCfg = Debug|Any CPU
		{DBF01852-00FF-40E5-A3DB-AFD9AEC791A9}.Debug|Any CPU.Build.0 = Debug|Any CPU
		{DBF01852-00FF-40E5-A3DB-AFD9AEC791A9}.Release|Any CPU.ActiveCfg = Release|Any CPU
		{DBF01852-00FF-40E5-A3DB-AFD9AEC791A9}.Release|Any CPU.Build.0 = Release|Any CPU
		{A7E8C3AA-4699-4B91-926D-23BBFE8960D8}.Debug|Any CPU.ActiveCfg = Debug|Any CPU
		{A7E8C3AA-4699-4B91-926D-23BBFE8960D8}.Debug|Any CPU.Build.0 = Debug|Any CPU
		{A7E8C3AA-4699-4B91-926D-23BBFE8960D8}.Release|Any CPU.ActiveCfg = Release|Any CPU
		{A7E8C3AA-4699-4B91-926D-23BBFE8960D8}.Release|Any CPU.Build.0 = Release|Any CPU
		{7B7332AB-F5D9-4C14-BD28-4F48B16B31C9}.Debug|Any CPU.ActiveCfg = Debug|Any CPU
		{7B7332AB-F5D9-4C14-BD28-4F48B16B31C9}.Debug|Any CPU.Build.0 = Debug|Any CPU
		{7B7332AB-F5D9-4C14-BD28-4F48B16B31C9}.Release|Any CPU.ActiveCfg = Release|Any CPU
		{7B7332AB-F5D9-4C14-BD28-4F48B16B31C9}.Release|Any CPU.Build.0 = Release|Any CPU
		{6719D92E-87CF-4D36-BE29-247F78B3FB1E}.Debug|Any CPU.ActiveCfg = Debug|Any CPU
		{6719D92E-87CF-4D36-BE29-247F78B3FB1E}.Debug|Any CPU.Build.0 = Debug|Any CPU
		{6719D92E-87CF-4D36-BE29-247F78B3FB1E}.Release|Any CPU.ActiveCfg = Release|Any CPU
		{6719D92E-87CF-4D36-BE29-247F78B3FB1E}.Release|Any CPU.Build.0 = Release|Any CPU
		{7B7C2C75-7014-4192-A057-5FD425B624D2}.Debug|Any CPU.ActiveCfg = Debug|Any CPU
		{7B7C2C75-7014-4192-A057-5FD425B624D2}.Debug|Any CPU.Build.0 = Debug|Any CPU
		{7B7C2C75-7014-4192-A057-5FD425B624D2}.Release|Any CPU.ActiveCfg = Release|Any CPU
		{7B7C2C75-7014-4192-A057-5FD425B624D2}.Release|Any CPU.Build.0 = Release|Any CPU
		{BAA86742-1D67-4BB8-B143-20A3A1A35876}.Debug|Any CPU.ActiveCfg = Debug|Any CPU
		{BAA86742-1D67-4BB8-B143-20A3A1A35876}.Debug|Any CPU.Build.0 = Debug|Any CPU
		{BAA86742-1D67-4BB8-B143-20A3A1A35876}.Release|Any CPU.ActiveCfg = Release|Any CPU
		{BAA86742-1D67-4BB8-B143-20A3A1A35876}.Release|Any CPU.Build.0 = Release|Any CPU
		{74E0D7C6-AF22-4934-8BD8-7D1B7563303E}.Debug|Any CPU.ActiveCfg = Debug|Any CPU
		{74E0D7C6-AF22-4934-8BD8-7D1B7563303E}.Debug|Any CPU.Build.0 = Debug|Any CPU
		{74E0D7C6-AF22-4934-8BD8-7D1B7563303E}.Release|Any CPU.ActiveCfg = Release|Any CPU
		{74E0D7C6-AF22-4934-8BD8-7D1B7563303E}.Release|Any CPU.Build.0 = Release|Any CPU
		{83D74A04-1046-4C7C-8BE7-E9CCA1DD4E77}.Debug|Any CPU.ActiveCfg = Debug|Any CPU
		{83D74A04-1046-4C7C-8BE7-E9CCA1DD4E77}.Debug|Any CPU.Build.0 = Debug|Any CPU
		{83D74A04-1046-4C7C-8BE7-E9CCA1DD4E77}.Release|Any CPU.ActiveCfg = Release|Any CPU
		{83D74A04-1046-4C7C-8BE7-E9CCA1DD4E77}.Release|Any CPU.Build.0 = Release|Any CPU
	EndGlobalSection
	GlobalSection(NestedProjects) = preSolution
		{0AA43641-A261-4CDB-B2CE-D1638D4E529B} = {4B360F7D-463C-4ECE-BFBB-1E642EAC138B}
		{5CB9E739-B769-4196-A8C7-335753177167} = {4B360F7D-463C-4ECE-BFBB-1E642EAC138B}
		{0193A5CB-01CE-4FED-B741-A6993F2C6A5F} = {4B360F7D-463C-4ECE-BFBB-1E642EAC138B}
		{F60198C4-A62F-47D0-B4F3-1E20E841040A} = {4B360F7D-463C-4ECE-BFBB-1E642EAC138B}
		{DBF01852-00FF-40E5-A3DB-AFD9AEC791A9} = {54C5D4DA-D33F-4394-9A40-2A901861CBEC}
		{A7E8C3AA-4699-4B91-926D-23BBFE8960D8} = {54C5D4DA-D33F-4394-9A40-2A901861CBEC}
		{7B7332AB-F5D9-4C14-BD28-4F48B16B31C9} = {682CDE59-0BA1-4BD9-9AA3-317A7A83CA2F}
		{6719D92E-87CF-4D36-BE29-247F78B3FB1E} = {682CDE59-0BA1-4BD9-9AA3-317A7A83CA2F}
		{7B7C2C75-7014-4192-A057-5FD425B624D2} = {682CDE59-0BA1-4BD9-9AA3-317A7A83CA2F}
		{BAA86742-1D67-4BB8-B143-20A3A1A35876} = {19768D05-6129-43BA-989B-678EE547FB09}
		{74E0D7C6-AF22-4934-8BD8-7D1B7563303E} = {4B360F7D-463C-4ECE-BFBB-1E642EAC138B}
		{83D74A04-1046-4C7C-8BE7-E9CCA1DD4E77} = {54C5D4DA-D33F-4394-9A40-2A901861CBEC}
	EndGlobalSection
EndGlobal
