# THIS IS AN AUTOGENERATED FILE. DO NOT EDIT THIS FILE DIRECTLY.
# yarn lockfile v1


fp-ts@^2.12.2:
  version "2.12.2"
  resolved "https://registry.yarnpkg.com/fp-ts/-/fp-ts-2.12.2.tgz#a191db2dbbb04f48a0e75050b94f57cc876c7b40"
  integrity sha512-v8J7ud+nTkP5Zz17GhpCsY19wiRbB9miuj61nBcCJyDpu52zs9Z4O7OLDfYoKFQMJ9EsSZA7W1vRgC1d3jy5qw==
