
Microsoft Visual Studio Solution File, Format Version 12.00
# Visual Studio Version 16
VisualStudioVersion = 16.0.30114.105
MinimumVisualStudioVersion = 10.0.40219.1
Project("{FAE04EC0-301F-11D3-BF4B-00C04F79EFBC}") = "z0.intel.shell", "z0.intel.shell.csproj", "{D585ED88-7475-41D9-81C5-03D3E30FA75F}"
EndProject
Project("{FAE04EC0-301F-11D3-BF4B-00C04F79EFBC}") = "z0.intel.core", "..\libs\intel.core\z0.intel.core.csproj", "{5AA1C6E7-2577-4A43-A18C-FE13F80AE196}"
EndProject
Project("{FAE04EC0-301F-11D3-BF4B-00C04F79EFBC}") = "z0.intel.intrinsics", "..\libs\intel.intrinsics\z0.intel.intrinsics.csproj", "{BD5434E1-1090-45AE-A4BE-F949113B6CD7}"
EndProject
Project("{FAE04EC0-301F-11D3-BF4B-00C04F79EFBC}") = "z0.intel.xed", "..\libs\intel.xed\z0.intel.xed.csproj", "{CF2EB1D4-3E08-4684-A2A4-B32B3B4B1160}"
EndProject
Project("{FAE04EC0-301F-11D3-BF4B-00C04F79EFBC}") = "z0.alloc", "..\libs\alloc\z0.alloc.csproj", "{277EF53C-51C4-4135-AF5C-FD8CBF085016}"
EndProject
Project("{FAE04EC0-301F-11D3-BF4B-00C04F79EFBC}") = "z0.api.code", "..\libs\api.code\z0.api.code.csproj", "{C261BA6C-054E-4DBE-A2C0-3AC44784038C}"
EndProject
Project("{FAE04EC0-301F-11D3-BF4B-00C04F79EFBC}") = "z0.archives", "..\libs\archives\z0.archives.csproj", "{9FB2E464-A84E-415B-810E-12217753C502}"
EndProject
Project("{FAE04EC0-301F-11D3-BF4B-00C04F79EFBC}") = "z0.assets", "..\libs\assets\z0.assets.csproj", "{8DB28C81-C8A6-44E9-816F-2595CEFE1F5A}"
EndProject
Project("{FAE04EC0-301F-11D3-BF4B-00C04F79EFBC}") = "z0.bits", "..\libs\bits\z0.bits.csproj", "{89CDF58D-2001-4C0D-AA56-F26491B8B73E}"
EndProject
Project("{FAE04EC0-301F-11D3-BF4B-00C04F79EFBC}") = "z0.commands", "..\libs\commands\z0.commands.csproj", "{EFAB5D90-61F2-4589-B868-3FE89F0195A8}"
EndProject
Project("{FAE04EC0-301F-11D3-BF4B-00C04F79EFBC}") = "z0.symbols", "..\libs\symbols\z0.symbols.csproj", "{82DD8765-B903-42DB-957B-FF50D7135A81}"
EndProject
Project("{FAE04EC0-301F-11D3-BF4B-00C04F79EFBC}") = "z0.numbers", "..\libs\numbers\z0.numbers.csproj", "{CBACEF42-18C5-4CC7-AC1D-E6C275D7CF90}"
EndProject
Project("{FAE04EC0-301F-11D3-BF4B-00C04F79EFBC}") = "z0.diagnostics", "..\libs\diagnostics\z0.diagnostics.csproj", "{6322783C-F490-40DC-85FC-06753AE482A4}"
EndProject
Project("{FAE04EC0-301F-11D3-BF4B-00C04F79EFBC}") = "z0.asm.operands", "..\libs\asm.operands\z0.asm.operands.csproj", "{7E19B031-AFC9-41C9-88B0-B2764C539EEE}"
EndProject
Project("{FAE04EC0-301F-11D3-BF4B-00C04F79EFBC}") = "z0.asm.core", "..\libs\asm.core\z0.asm.core.csproj", "{24204875-09E0-4039-A3D5-F5BE2C1DBAAD}"
EndProject
Project("{FAE04EC0-301F-11D3-BF4B-00C04F79EFBC}") = "z0.codegen.intel", "..\codegen\codegen.intel\z0.codegen.intel.csproj", "{1C3C4F7C-E6A8-4E47-AAB8-900C35460BB9}"
EndProject
Project("{FAE04EC0-301F-11D3-BF4B-00C04F79EFBC}") = "z0.codegen.common", "..\codegen\codegen.common\z0.codegen.common.csproj", "{B443DD83-F5BA-48A2-BC61-5A12E6EF2805}"
EndProject
Project("{FAE04EC0-301F-11D3-BF4B-00C04F79EFBC}") = "z0.codegen.llvm", "..\codegen\codegen.llvm\z0.codegen.llvm.csproj", "{712F545D-5FFE-42B6-A8DE-DA8A2FB31CCE}"
EndProject
Project("{FAE04EC0-301F-11D3-BF4B-00C04F79EFBC}") = "z0.api.md", "..\libs\api.md\z0.api.md.csproj", "{64FAD29E-FAF3-40A9-A645-FA9AAAA13C37}"
EndProject
Global
	GlobalSection(SolutionConfigurationPlatforms) = preSolution
		Debug|Any CPU = Debug|Any CPU
		Release|Any CPU = Release|Any CPU
	EndGlobalSection
	GlobalSection(SolutionProperties) = preSolution
		HideSolutionNode = FALSE
	EndGlobalSection
	GlobalSection(ProjectConfigurationPlatforms) = postSolution
		{D585ED88-7475-41D9-81C5-03D3E30FA75F}.Debug|Any CPU.ActiveCfg = Debug|Any CPU
		{D585ED88-7475-41D9-81C5-03D3E30FA75F}.Debug|Any CPU.Build.0 = Debug|Any CPU
		{D585ED88-7475-41D9-81C5-03D3E30FA75F}.Release|Any CPU.ActiveCfg = Release|Any CPU
		{D585ED88-7475-41D9-81C5-03D3E30FA75F}.Release|Any CPU.Build.0 = Release|Any CPU
		{5AA1C6E7-2577-4A43-A18C-FE13F80AE196}.Debug|Any CPU.ActiveCfg = Debug|Any CPU
		{5AA1C6E7-2577-4A43-A18C-FE13F80AE196}.Debug|Any CPU.Build.0 = Debug|Any CPU
		{5AA1C6E7-2577-4A43-A18C-FE13F80AE196}.Release|Any CPU.ActiveCfg = Release|Any CPU
		{5AA1C6E7-2577-4A43-A18C-FE13F80AE196}.Release|Any CPU.Build.0 = Release|Any CPU
		{BD5434E1-1090-45AE-A4BE-F949113B6CD7}.Debug|Any CPU.ActiveCfg = Debug|Any CPU
		{BD5434E1-1090-45AE-A4BE-F949113B6CD7}.Debug|Any CPU.Build.0 = Debug|Any CPU
		{BD5434E1-1090-45AE-A4BE-F949113B6CD7}.Release|Any CPU.ActiveCfg = Release|Any CPU
		{BD5434E1-1090-45AE-A4BE-F949113B6CD7}.Release|Any CPU.Build.0 = Release|Any CPU
		{CF2EB1D4-3E08-4684-A2A4-B32B3B4B1160}.Debug|Any CPU.ActiveCfg = Debug|Any CPU
		{CF2EB1D4-3E08-4684-A2A4-B32B3B4B1160}.Debug|Any CPU.Build.0 = Debug|Any CPU
		{CF2EB1D4-3E08-4684-A2A4-B32B3B4B1160}.Release|Any CPU.ActiveCfg = Release|Any CPU
		{CF2EB1D4-3E08-4684-A2A4-B32B3B4B1160}.Release|Any CPU.Build.0 = Release|Any CPU
		{277EF53C-51C4-4135-AF5C-FD8CBF085016}.Debug|Any CPU.ActiveCfg = Debug|Any CPU
		{277EF53C-51C4-4135-AF5C-FD8CBF085016}.Debug|Any CPU.Build.0 = Debug|Any CPU
		{277EF53C-51C4-4135-AF5C-FD8CBF085016}.Release|Any CPU.ActiveCfg = Release|Any CPU
		{277EF53C-51C4-4135-AF5C-FD8CBF085016}.Release|Any CPU.Build.0 = Release|Any CPU
		{C261BA6C-054E-4DBE-A2C0-3AC44784038C}.Debug|Any CPU.ActiveCfg = Debug|Any CPU
		{C261BA6C-054E-4DBE-A2C0-3AC44784038C}.Debug|Any CPU.Build.0 = Debug|Any CPU
		{C261BA6C-054E-4DBE-A2C0-3AC44784038C}.Release|Any CPU.ActiveCfg = Release|Any CPU
		{C261BA6C-054E-4DBE-A2C0-3AC44784038C}.Release|Any CPU.Build.0 = Release|Any CPU
		{9FB2E464-A84E-415B-810E-12217753C502}.Debug|Any CPU.ActiveCfg = Debug|Any CPU
		{9FB2E464-A84E-415B-810E-12217753C502}.Debug|Any CPU.Build.0 = Debug|Any CPU
		{9FB2E464-A84E-415B-810E-12217753C502}.Release|Any CPU.ActiveCfg = Release|Any CPU
		{9FB2E464-A84E-415B-810E-12217753C502}.Release|Any CPU.Build.0 = Release|Any CPU
		{8DB28C81-C8A6-44E9-816F-2595CEFE1F5A}.Debug|Any CPU.ActiveCfg = Debug|Any CPU
		{8DB28C81-C8A6-44E9-816F-2595CEFE1F5A}.Debug|Any CPU.Build.0 = Debug|Any CPU
		{8DB28C81-C8A6-44E9-816F-2595CEFE1F5A}.Release|Any CPU.ActiveCfg = Release|Any CPU
		{8DB28C81-C8A6-44E9-816F-2595CEFE1F5A}.Release|Any CPU.Build.0 = Release|Any CPU
		{89CDF58D-2001-4C0D-AA56-F26491B8B73E}.Debug|Any CPU.ActiveCfg = Debug|Any CPU
		{89CDF58D-2001-4C0D-AA56-F26491B8B73E}.Debug|Any CPU.Build.0 = Debug|Any CPU
		{89CDF58D-2001-4C0D-AA56-F26491B8B73E}.Release|Any CPU.ActiveCfg = Release|Any CPU
		{89CDF58D-2001-4C0D-AA56-F26491B8B73E}.Release|Any CPU.Build.0 = Release|Any CPU
		{EFAB5D90-61F2-4589-B868-3FE89F0195A8}.Debug|Any CPU.ActiveCfg = Debug|Any CPU
		{EFAB5D90-61F2-4589-B868-3FE89F0195A8}.Debug|Any CPU.Build.0 = Debug|Any CPU
		{EFAB5D90-61F2-4589-B868-3FE89F0195A8}.Release|Any CPU.ActiveCfg = Release|Any CPU
		{EFAB5D90-61F2-4589-B868-3FE89F0195A8}.Release|Any CPU.Build.0 = Release|Any CPU
		{82DD8765-B903-42DB-957B-FF50D7135A81}.Debug|Any CPU.ActiveCfg = Debug|Any CPU
		{82DD8765-B903-42DB-957B-FF50D7135A81}.Debug|Any CPU.Build.0 = Debug|Any CPU
		{82DD8765-B903-42DB-957B-FF50D7135A81}.Release|Any CPU.ActiveCfg = Release|Any CPU
		{82DD8765-B903-42DB-957B-FF50D7135A81}.Release|Any CPU.Build.0 = Release|Any CPU
		{CBACEF42-18C5-4CC7-AC1D-E6C275D7CF90}.Debug|Any CPU.ActiveCfg = Debug|Any CPU
		{CBACEF42-18C5-4CC7-AC1D-E6C275D7CF90}.Debug|Any CPU.Build.0 = Debug|Any CPU
		{CBACEF42-18C5-4CC7-AC1D-E6C275D7CF90}.Release|Any CPU.ActiveCfg = Release|Any CPU
		{CBACEF42-18C5-4CC7-AC1D-E6C275D7CF90}.Release|Any CPU.Build.0 = Release|Any CPU
		{6322783C-F490-40DC-85FC-06753AE482A4}.Debug|Any CPU.ActiveCfg = Debug|Any CPU
		{6322783C-F490-40DC-85FC-06753AE482A4}.Debug|Any CPU.Build.0 = Debug|Any CPU
		{6322783C-F490-40DC-85FC-06753AE482A4}.Release|Any CPU.ActiveCfg = Release|Any CPU
		{6322783C-F490-40DC-85FC-06753AE482A4}.Release|Any CPU.Build.0 = Release|Any CPU
		{7E19B031-AFC9-41C9-88B0-B2764C539EEE}.Debug|Any CPU.ActiveCfg = Debug|Any CPU
		{7E19B031-AFC9-41C9-88B0-B2764C539EEE}.Debug|Any CPU.Build.0 = Debug|Any CPU
		{7E19B031-AFC9-41C9-88B0-B2764C539EEE}.Release|Any CPU.ActiveCfg = Release|Any CPU
		{7E19B031-AFC9-41C9-88B0-B2764C539EEE}.Release|Any CPU.Build.0 = Release|Any CPU
		{24204875-09E0-4039-A3D5-F5BE2C1DBAAD}.Debug|Any CPU.ActiveCfg = Debug|Any CPU
		{24204875-09E0-4039-A3D5-F5BE2C1DBAAD}.Debug|Any CPU.Build.0 = Debug|Any CPU
		{24204875-09E0-4039-A3D5-F5BE2C1DBAAD}.Release|Any CPU.ActiveCfg = Release|Any CPU
		{24204875-09E0-4039-A3D5-F5BE2C1DBAAD}.Release|Any CPU.Build.0 = Release|Any CPU
		{1C3C4F7C-E6A8-4E47-AAB8-900C35460BB9}.Debug|Any CPU.ActiveCfg = Debug|Any CPU
		{1C3C4F7C-E6A8-4E47-AAB8-900C35460BB9}.Debug|Any CPU.Build.0 = Debug|Any CPU
		{1C3C4F7C-E6A8-4E47-AAB8-900C35460BB9}.Release|Any CPU.ActiveCfg = Release|Any CPU
		{1C3C4F7C-E6A8-4E47-AAB8-900C35460BB9}.Release|Any CPU.Build.0 = Release|Any CPU
		{B443DD83-F5BA-48A2-BC61-5A12E6EF2805}.Debug|Any CPU.ActiveCfg = Debug|Any CPU
		{B443DD83-F5BA-48A2-BC61-5A12E6EF2805}.Debug|Any CPU.Build.0 = Debug|Any CPU
		{B443DD83-F5BA-48A2-BC61-5A12E6EF2805}.Release|Any CPU.ActiveCfg = Release|Any CPU
		{B443DD83-F5BA-48A2-BC61-5A12E6EF2805}.Release|Any CPU.Build.0 = Release|Any CPU
		{712F545D-5FFE-42B6-A8DE-DA8A2FB31CCE}.Debug|Any CPU.ActiveCfg = Debug|Any CPU
		{712F545D-5FFE-42B6-A8DE-DA8A2FB31CCE}.Debug|Any CPU.Build.0 = Debug|Any CPU
		{712F545D-5FFE-42B6-A8DE-DA8A2FB31CCE}.Release|Any CPU.ActiveCfg = Release|Any CPU
		{712F545D-5FFE-42B6-A8DE-DA8A2FB31CCE}.Release|Any CPU.Build.0 = Release|Any CPU
		{64FAD29E-FAF3-40A9-A645-FA9AAAA13C37}.Debug|Any CPU.ActiveCfg = Debug|Any CPU
		{64FAD29E-FAF3-40A9-A645-FA9AAAA13C37}.Debug|Any CPU.Build.0 = Debug|Any CPU
		{64FAD29E-FAF3-40A9-A645-FA9AAAA13C37}.Release|Any CPU.ActiveCfg = Release|Any CPU
		{64FAD29E-FAF3-40A9-A645-FA9AAAA13C37}.Release|Any CPU.Build.0 = Release|Any CPU
	EndGlobalSection
EndGlobal
