
Microsoft Visual Studio Solution File, Format Version 12.00
# Visual Studio Version 16
VisualStudioVersion = 16.0.30114.105
MinimumVisualStudioVersion = 10.0.40219.1
Project("{FAE04EC0-301F-11D3-BF4B-00C04F79EFBC}") = "z0.libs", "..\libs\z0.libs.csproj", "{AFC1E67B-DBAD-49FF-A29E-DBED5F6F202E}"
EndProject
Project("{FAE04EC0-301F-11D3-BF4B-00C04F79EFBC}") = "z0.cmd", "z0.cmd.csproj", "{F199F1E6-B929-489A-928A-ADD0BD98E2BC}"
EndProject
Global
	GlobalSection(SolutionConfigurationPlatforms) = preSolution
		Debug|Any CPU = Debug|Any CPU
		Release|Any CPU = Release|Any CPU
	EndGlobalSection
	GlobalSection(SolutionProperties) = preSolution
		HideSolutionNode = FALSE
	EndGlobalSection
	GlobalSection(ProjectConfigurationPlatforms) = postSolution
		{AFC1E67B-DBAD-49FF-A29E-DBED5F6F202E}.Debug|Any CPU.ActiveCfg = Debug|Any CPU
		{AFC1E67B-DBAD-49FF-A29E-DBED5F6F202E}.Debug|Any CPU.Build.0 = Debug|Any CPU
		{AFC1E67B-DBAD-49FF-A29E-DBED5F6F202E}.Release|Any CPU.ActiveCfg = Release|Any CPU
		{AFC1E67B-DBAD-49FF-A29E-DBED5F6F202E}.Release|Any CPU.Build.0 = Release|Any CPU
		{F199F1E6-B929-489A-928A-ADD0BD98E2BC}.Debug|Any CPU.ActiveCfg = Debug|Any CPU
		{F199F1E6-B929-489A-928A-ADD0BD98E2BC}.Debug|Any CPU.Build.0 = Debug|Any CPU
		{F199F1E6-B929-489A-928A-ADD0BD98E2BC}.Release|Any CPU.ActiveCfg = Release|Any CPU
		{F199F1E6-B929-489A-928A-ADD0BD98E2BC}.Release|Any CPU.Build.0 = Release|Any CPU
	EndGlobalSection
EndGlobal
