
Microsoft Visual Studio Solution File, Format Version 12.00
# Visual Studio Version 16
VisualStudioVersion = 16.0.30114.105
MinimumVisualStudioVersion = 10.0.40219.1
Project("{FAE04EC0-301F-11D3-BF4B-00C04F79EFBC}") = "z0.lib", "z0.lib.csproj", "{FC654A64-D2A4-4306-B3AB-0CAB345E4B21}"
EndProject
Project("{FAE04EC0-301F-11D3-BF4B-00C04F79EFBC}") = "z0.api.contracts", "..\api.contracts\z0.api.contracts.csproj", "{A8EAC4F0-AC81-4F29-8431-AFF6DDDB48BE}"
EndProject
Project("{FAE04EC0-301F-11D3-BF4B-00C04F79EFBC}") = "z0.nats", "..\nats\z0.nats.csproj", "{1DAAF42A-F0C6-44B8-BC9C-E57C9694EDD2}"
EndProject
Project("{FAE04EC0-301F-11D3-BF4B-00C04F79EFBC}") = "z0.interop", "..\interop\z0.interop.csproj", "{01D68A3C-F10F-4F1E-8072-79A9435A0E77}"
EndProject
Project("{FAE04EC0-301F-11D3-BF4B-00C04F79EFBC}") = "z0.literals", "..\literals\z0.literals.csproj", "{78B3EB1D-A30D-4DBC-AACB-B6EECED54C91}"
EndProject
Project("{FAE04EC0-301F-11D3-BF4B-00C04F79EFBC}") = "z0.clr.query", "..\clr.query\z0.clr.query.csproj", "{C1C687FD-11F0-4B35-8D1D-73D59535DBE2}"
EndProject
Project("{FAE04EC0-301F-11D3-BF4B-00C04F79EFBC}") = "z0.part", "..\part\z0.part.csproj", "{82232DA7-CF61-4AEF-A5DF-408FB34C057D}"
EndProject
Project("{FAE04EC0-301F-11D3-BF4B-00C04F79EFBC}") = "z0.monadic", "..\monadic\z0.monadic.csproj", "{2CF4C569-CD22-4D18-BDB8-AC2D6126F800}"
EndProject
Global
	GlobalSection(SolutionConfigurationPlatforms) = preSolution
		Debug|Any CPU = Debug|Any CPU
		Release|Any CPU = Release|Any CPU
	EndGlobalSection
	GlobalSection(SolutionProperties) = preSolution
		HideSolutionNode = FALSE
	EndGlobalSection
	GlobalSection(ProjectConfigurationPlatforms) = postSolution
		{FC654A64-D2A4-4306-B3AB-0CAB345E4B21}.Debug|Any CPU.ActiveCfg = Debug|Any CPU
		{FC654A64-D2A4-4306-B3AB-0CAB345E4B21}.Debug|Any CPU.Build.0 = Debug|Any CPU
		{FC654A64-D2A4-4306-B3AB-0CAB345E4B21}.Release|Any CPU.ActiveCfg = Release|Any CPU
		{FC654A64-D2A4-4306-B3AB-0CAB345E4B21}.Release|Any CPU.Build.0 = Release|Any CPU
		{A8EAC4F0-AC81-4F29-8431-AFF6DDDB48BE}.Debug|Any CPU.ActiveCfg = Debug|Any CPU
		{A8EAC4F0-AC81-4F29-8431-AFF6DDDB48BE}.Debug|Any CPU.Build.0 = Debug|Any CPU
		{A8EAC4F0-AC81-4F29-8431-AFF6DDDB48BE}.Release|Any CPU.ActiveCfg = Release|Any CPU
		{A8EAC4F0-AC81-4F29-8431-AFF6DDDB48BE}.Release|Any CPU.Build.0 = Release|Any CPU
		{1DAAF42A-F0C6-44B8-BC9C-E57C9694EDD2}.Debug|Any CPU.ActiveCfg = Debug|Any CPU
		{1DAAF42A-F0C6-44B8-BC9C-E57C9694EDD2}.Debug|Any CPU.Build.0 = Debug|Any CPU
		{1DAAF42A-F0C6-44B8-BC9C-E57C9694EDD2}.Release|Any CPU.ActiveCfg = Release|Any CPU
		{1DAAF42A-F0C6-44B8-BC9C-E57C9694EDD2}.Release|Any CPU.Build.0 = Release|Any CPU
		{01D68A3C-F10F-4F1E-8072-79A9435A0E77}.Debug|Any CPU.ActiveCfg = Debug|Any CPU
		{01D68A3C-F10F-4F1E-8072-79A9435A0E77}.Debug|Any CPU.Build.0 = Debug|Any CPU
		{01D68A3C-F10F-4F1E-8072-79A9435A0E77}.Release|Any CPU.ActiveCfg = Release|Any CPU
		{01D68A3C-F10F-4F1E-8072-79A9435A0E77}.Release|Any CPU.Build.0 = Release|Any CPU
		{78B3EB1D-A30D-4DBC-AACB-B6EECED54C91}.Debug|Any CPU.ActiveCfg = Debug|Any CPU
		{78B3EB1D-A30D-4DBC-AACB-B6EECED54C91}.Debug|Any CPU.Build.0 = Debug|Any CPU
		{78B3EB1D-A30D-4DBC-AACB-B6EECED54C91}.Release|Any CPU.ActiveCfg = Release|Any CPU
		{78B3EB1D-A30D-4DBC-AACB-B6EECED54C91}.Release|Any CPU.Build.0 = Release|Any CPU
		{C1C687FD-11F0-4B35-8D1D-73D59535DBE2}.Debug|Any CPU.ActiveCfg = Debug|Any CPU
		{C1C687FD-11F0-4B35-8D1D-73D59535DBE2}.Debug|Any CPU.Build.0 = Debug|Any CPU
		{C1C687FD-11F0-4B35-8D1D-73D59535DBE2}.Release|Any CPU.ActiveCfg = Release|Any CPU
		{C1C687FD-11F0-4B35-8D1D-73D59535DBE2}.Release|Any CPU.Build.0 = Release|Any CPU
		{82232DA7-CF61-4AEF-A5DF-408FB34C057D}.Debug|Any CPU.ActiveCfg = Debug|Any CPU
		{82232DA7-CF61-4AEF-A5DF-408FB34C057D}.Debug|Any CPU.Build.0 = Debug|Any CPU
		{82232DA7-CF61-4AEF-A5DF-408FB34C057D}.Release|Any CPU.ActiveCfg = Release|Any CPU
		{82232DA7-CF61-4AEF-A5DF-408FB34C057D}.Release|Any CPU.Build.0 = Release|Any CPU
		{2CF4C569-CD22-4D18-BDB8-AC2D6126F800}.Debug|Any CPU.ActiveCfg = Debug|Any CPU
		{2CF4C569-CD22-4D18-BDB8-AC2D6126F800}.Debug|Any CPU.Build.0 = Debug|Any CPU
		{2CF4C569-CD22-4D18-BDB8-AC2D6126F800}.Release|Any CPU.ActiveCfg = Release|Any CPU
		{2CF4C569-CD22-4D18-BDB8-AC2D6126F800}.Release|Any CPU.Build.0 = Release|Any CPU
	EndGlobalSection
EndGlobal
