
Microsoft Visual Studio Solution File, Format Version 12.00
# Visual Studio Version 16
VisualStudioVersion = 16.0.30114.105
MinimumVisualStudioVersion = 10.0.40219.1
Project("{FAE04EC0-301F-11D3-BF4B-00C04F79EFBC}") = "z0.deprecated", "..\deprecated\z0.deprecated.csproj", "{5D23D4A1-25A7-41C1-99A5-D0CB8BC51136}"
EndProject
Project("{FAE04EC0-301F-11D3-BF4B-00C04F79EFBC}") = "z0.expr", "..\expr\z0.expr.csproj", "{32996357-F5AE-49B1-8267-5F117AED9084}"
EndProject
Project("{FAE04EC0-301F-11D3-BF4B-00C04F79EFBC}") = "z0.lang", "..\lang\z0.lang.csproj", "{D0129C4D-3C8C-4062-8769-063B5B2C8367}"
EndProject
Project("{FAE04EC0-301F-11D3-BF4B-00C04F79EFBC}") = "z0.extract", "..\extract\z0.extract.csproj", "{D5CC5B08-C394-4BB8-A324-0E92F63CFEB0}"
EndProject
Project("{FAE04EC0-301F-11D3-BF4B-00C04F79EFBC}") = "z0.rules", "..\rules\z0.rules.csproj", "{EC785121-E522-4656-9A43-04C413A595C1}"
EndProject
Project("{FAE04EC0-301F-11D3-BF4B-00C04F79EFBC}") = "z0.glue", "..\apps\glue\z0.glue.csproj", "{048CAE40-D23A-4C2A-BC25-C61ED0238971}"
EndProject
Project("{FAE04EC0-301F-11D3-BF4B-00C04F79EFBC}") = "z0.llvm.tools", "..\apps\llvm.tools\z0.llvm.tools.csproj", "{0163A226-1520-4398-BCA5-92060DF033C8}"
EndProject
Project("{FAE04EC0-301F-11D3-BF4B-00C04F79EFBC}") = "z0.alloc", "..\alloc\z0.alloc.csproj", "{1C7200D1-988A-4A40-B212-D6FD80DC74D8}"
EndProject
Project("{FAE04EC0-301F-11D3-BF4B-00C04F79EFBC}") = "z0.api.code", "..\api.code\z0.api.code.csproj", "{3555B1D9-8817-4DAE-BEB3-F70869B6B0FA}"
EndProject
Project("{FAE04EC0-301F-11D3-BF4B-00C04F79EFBC}") = "z0.archives", "..\archives\z0.archives.csproj", "{03781995-4CD9-4776-8D59-C9A3FC5FA22D}"
EndProject
Project("{FAE04EC0-301F-11D3-BF4B-00C04F79EFBC}") = "z0.assets", "..\assets\z0.assets.csproj", "{AAA6F3D1-F119-4B87-A79D-7AB6900DF385}"
EndProject
Project("{FAE04EC0-301F-11D3-BF4B-00C04F79EFBC}") = "z0.bits", "..\bits\z0.bits.csproj", "{70EDEE9E-5532-41B7-AB7E-FF984A4BB1CD}"
EndProject
Project("{FAE04EC0-301F-11D3-BF4B-00C04F79EFBC}") = "z0.commands", "..\commands\z0.commands.csproj", "{C8795CD3-49B7-4C8F-838A-C564272C928D}"
EndProject
Project("{FAE04EC0-301F-11D3-BF4B-00C04F79EFBC}") = "z0.symbols", "..\symbols\z0.symbols.csproj", "{F83195F0-02DB-42B4-AB70-B4D295DD993A}"
EndProject
Project("{FAE04EC0-301F-11D3-BF4B-00C04F79EFBC}") = "z0.numbers", "..\numbers\z0.numbers.csproj", "{490D3E95-C6E7-4106-9CFA-D932CA359E0C}"
EndProject
Project("{FAE04EC0-301F-11D3-BF4B-00C04F79EFBC}") = "z0.diagnostics", "..\diagnostics\z0.diagnostics.csproj", "{293D0111-36B1-46BF-A467-C0B778E51288}"
EndProject
Project("{FAE04EC0-301F-11D3-BF4B-00C04F79EFBC}") = "z0.asm.operands", "asm.operands\z0.asm.operands.csproj", "{8906E96D-3F6D-4F58-9AB9-7444024F2FC7}"
EndProject
Project("{FAE04EC0-301F-11D3-BF4B-00C04F79EFBC}") = "z0.asm.core", "asm.core\z0.asm.core.csproj", "{5EC13664-EEC0-4246-8511-AADF9BCECC29}"
EndProject
Project("{FAE04EC0-301F-11D3-BF4B-00C04F79EFBC}") = "z0.intel.core", "..\intel.core\z0.intel.core.csproj", "{8B36E31F-371F-4825-B966-BE6EC8F2AE28}"
EndProject
Project("{FAE04EC0-301F-11D3-BF4B-00C04F79EFBC}") = "z0.intel.intrinsics", "..\intel.intrinsics\z0.intel.intrinsics.csproj", "{6E2A15E7-1987-4010-8838-8F5B02B728F8}"
EndProject
Project("{FAE04EC0-301F-11D3-BF4B-00C04F79EFBC}") = "z0.intel.xed", "..\intel.xed\z0.intel.xed.csproj", "{46BC847C-D3FD-4AC7-8E90-82B51EEA1934}"
EndProject
Project("{FAE04EC0-301F-11D3-BF4B-00C04F79EFBC}") = "z0.cmd.actions", "..\apps\cmd.actions\z0.cmd.actions.csproj", "{E7890ACE-2C71-4F44-8B84-3A9C041BC06F}"
EndProject
Project("{FAE04EC0-301F-11D3-BF4B-00C04F79EFBC}") = "z0.asm.prototypes", "asm.prototypes\z0.asm.prototypes.csproj", "{F114DA27-159F-47F4-B532-C74B5398A606}"
EndProject
Project("{FAE04EC0-301F-11D3-BF4B-00C04F79EFBC}") = "z0.asm.services", "asm.services\z0.asm.services.csproj", "{8F3B0BAD-FDD3-4D6D-B6A8-A9E1517ABCCE}"
EndProject
Project("{FAE04EC0-301F-11D3-BF4B-00C04F79EFBC}") = "z0.asm", "asm\z0.asm.csproj", "{E8F117FF-12DC-4129-97CC-0D2892647715}"
EndProject
Project("{FAE04EC0-301F-11D3-BF4B-00C04F79EFBC}") = "z0.machines", "..\machines\z0.machines.csproj", "{88FD04EE-A644-4008-9BAD-83A2666D1F00}"
EndProject
Project("{FAE04EC0-301F-11D3-BF4B-00C04F79EFBC}") = "z0.codegen.intel", "..\codegen\codegen.intel\z0.codegen.intel.csproj", "{6D8B7C79-8BFC-4190-B29A-0F40C405A273}"
EndProject
Project("{FAE04EC0-301F-11D3-BF4B-00C04F79EFBC}") = "z0.codegen.common", "..\codegen\codegen.common\z0.codegen.common.csproj", "{BDED4944-95F5-4355-BDFA-EF8295C5996E}"
EndProject
Project("{FAE04EC0-301F-11D3-BF4B-00C04F79EFBC}") = "z0.codegen.llvm", "..\codegen\codegen.llvm\z0.codegen.llvm.csproj", "{7F57F02F-79F0-4EB7-BD33-8F877EB5F441}"
EndProject
Project("{FAE04EC0-301F-11D3-BF4B-00C04F79EFBC}") = "z0.api.md", "..\api.md\z0.api.md.csproj", "{94012E2A-29F2-4A23-BAAF-AC8C700264A0}"
EndProject
Global
	GlobalSection(SolutionConfigurationPlatforms) = preSolution
		Debug|Any CPU = Debug|Any CPU
		Release|Any CPU = Release|Any CPU
	EndGlobalSection
	GlobalSection(SolutionProperties) = preSolution
		HideSolutionNode = FALSE
	EndGlobalSection
	GlobalSection(ProjectConfigurationPlatforms) = postSolution
		{5D23D4A1-25A7-41C1-99A5-D0CB8BC51136}.Debug|Any CPU.ActiveCfg = Debug|Any CPU
		{5D23D4A1-25A7-41C1-99A5-D0CB8BC51136}.Debug|Any CPU.Build.0 = Debug|Any CPU
		{5D23D4A1-25A7-41C1-99A5-D0CB8BC51136}.Release|Any CPU.ActiveCfg = Release|Any CPU
		{5D23D4A1-25A7-41C1-99A5-D0CB8BC51136}.Release|Any CPU.Build.0 = Release|Any CPU
		{32996357-F5AE-49B1-8267-5F117AED9084}.Debug|Any CPU.ActiveCfg = Debug|Any CPU
		{32996357-F5AE-49B1-8267-5F117AED9084}.Debug|Any CPU.Build.0 = Debug|Any CPU
		{32996357-F5AE-49B1-8267-5F117AED9084}.Release|Any CPU.ActiveCfg = Release|Any CPU
		{32996357-F5AE-49B1-8267-5F117AED9084}.Release|Any CPU.Build.0 = Release|Any CPU
		{D0129C4D-3C8C-4062-8769-063B5B2C8367}.Debug|Any CPU.ActiveCfg = Debug|Any CPU
		{D0129C4D-3C8C-4062-8769-063B5B2C8367}.Debug|Any CPU.Build.0 = Debug|Any CPU
		{D0129C4D-3C8C-4062-8769-063B5B2C8367}.Release|Any CPU.ActiveCfg = Release|Any CPU
		{D0129C4D-3C8C-4062-8769-063B5B2C8367}.Release|Any CPU.Build.0 = Release|Any CPU
		{D5CC5B08-C394-4BB8-A324-0E92F63CFEB0}.Debug|Any CPU.ActiveCfg = Debug|Any CPU
		{D5CC5B08-C394-4BB8-A324-0E92F63CFEB0}.Debug|Any CPU.Build.0 = Debug|Any CPU
		{D5CC5B08-C394-4BB8-A324-0E92F63CFEB0}.Release|Any CPU.ActiveCfg = Release|Any CPU
		{D5CC5B08-C394-4BB8-A324-0E92F63CFEB0}.Release|Any CPU.Build.0 = Release|Any CPU
		{EC785121-E522-4656-9A43-04C413A595C1}.Debug|Any CPU.ActiveCfg = Debug|Any CPU
		{EC785121-E522-4656-9A43-04C413A595C1}.Debug|Any CPU.Build.0 = Debug|Any CPU
		{EC785121-E522-4656-9A43-04C413A595C1}.Release|Any CPU.ActiveCfg = Release|Any CPU
		{EC785121-E522-4656-9A43-04C413A595C1}.Release|Any CPU.Build.0 = Release|Any CPU
		{048CAE40-D23A-4C2A-BC25-C61ED0238971}.Debug|Any CPU.ActiveCfg = Debug|Any CPU
		{048CAE40-D23A-4C2A-BC25-C61ED0238971}.Debug|Any CPU.Build.0 = Debug|Any CPU
		{048CAE40-D23A-4C2A-BC25-C61ED0238971}.Release|Any CPU.ActiveCfg = Release|Any CPU
		{048CAE40-D23A-4C2A-BC25-C61ED0238971}.Release|Any CPU.Build.0 = Release|Any CPU
		{0163A226-1520-4398-BCA5-92060DF033C8}.Debug|Any CPU.ActiveCfg = Debug|Any CPU
		{0163A226-1520-4398-BCA5-92060DF033C8}.Debug|Any CPU.Build.0 = Debug|Any CPU
		{0163A226-1520-4398-BCA5-92060DF033C8}.Release|Any CPU.ActiveCfg = Release|Any CPU
		{0163A226-1520-4398-BCA5-92060DF033C8}.Release|Any CPU.Build.0 = Release|Any CPU
		{1C7200D1-988A-4A40-B212-D6FD80DC74D8}.Debug|Any CPU.ActiveCfg = Debug|Any CPU
		{1C7200D1-988A-4A40-B212-D6FD80DC74D8}.Debug|Any CPU.Build.0 = Debug|Any CPU
		{1C7200D1-988A-4A40-B212-D6FD80DC74D8}.Release|Any CPU.ActiveCfg = Release|Any CPU
		{1C7200D1-988A-4A40-B212-D6FD80DC74D8}.Release|Any CPU.Build.0 = Release|Any CPU
		{3555B1D9-8817-4DAE-BEB3-F70869B6B0FA}.Debug|Any CPU.ActiveCfg = Debug|Any CPU
		{3555B1D9-8817-4DAE-BEB3-F70869B6B0FA}.Debug|Any CPU.Build.0 = Debug|Any CPU
		{3555B1D9-8817-4DAE-BEB3-F70869B6B0FA}.Release|Any CPU.ActiveCfg = Release|Any CPU
		{3555B1D9-8817-4DAE-BEB3-F70869B6B0FA}.Release|Any CPU.Build.0 = Release|Any CPU
		{03781995-4CD9-4776-8D59-C9A3FC5FA22D}.Debug|Any CPU.ActiveCfg = Debug|Any CPU
		{03781995-4CD9-4776-8D59-C9A3FC5FA22D}.Debug|Any CPU.Build.0 = Debug|Any CPU
		{03781995-4CD9-4776-8D59-C9A3FC5FA22D}.Release|Any CPU.ActiveCfg = Release|Any CPU
		{03781995-4CD9-4776-8D59-C9A3FC5FA22D}.Release|Any CPU.Build.0 = Release|Any CPU
		{AAA6F3D1-F119-4B87-A79D-7AB6900DF385}.Debug|Any CPU.ActiveCfg = Debug|Any CPU
		{AAA6F3D1-F119-4B87-A79D-7AB6900DF385}.Debug|Any CPU.Build.0 = Debug|Any CPU
		{AAA6F3D1-F119-4B87-A79D-7AB6900DF385}.Release|Any CPU.ActiveCfg = Release|Any CPU
		{AAA6F3D1-F119-4B87-A79D-7AB6900DF385}.Release|Any CPU.Build.0 = Release|Any CPU
		{70EDEE9E-5532-41B7-AB7E-FF984A4BB1CD}.Debug|Any CPU.ActiveCfg = Debug|Any CPU
		{70EDEE9E-5532-41B7-AB7E-FF984A4BB1CD}.Debug|Any CPU.Build.0 = Debug|Any CPU
		{70EDEE9E-5532-41B7-AB7E-FF984A4BB1CD}.Release|Any CPU.ActiveCfg = Release|Any CPU
		{70EDEE9E-5532-41B7-AB7E-FF984A4BB1CD}.Release|Any CPU.Build.0 = Release|Any CPU
		{C8795CD3-49B7-4C8F-838A-C564272C928D}.Debug|Any CPU.ActiveCfg = Debug|Any CPU
		{C8795CD3-49B7-4C8F-838A-C564272C928D}.Debug|Any CPU.Build.0 = Debug|Any CPU
		{C8795CD3-49B7-4C8F-838A-C564272C928D}.Release|Any CPU.ActiveCfg = Release|Any CPU
		{C8795CD3-49B7-4C8F-838A-C564272C928D}.Release|Any CPU.Build.0 = Release|Any CPU
		{F83195F0-02DB-42B4-AB70-B4D295DD993A}.Debug|Any CPU.ActiveCfg = Debug|Any CPU
		{F83195F0-02DB-42B4-AB70-B4D295DD993A}.Debug|Any CPU.Build.0 = Debug|Any CPU
		{F83195F0-02DB-42B4-AB70-B4D295DD993A}.Release|Any CPU.ActiveCfg = Release|Any CPU
		{F83195F0-02DB-42B4-AB70-B4D295DD993A}.Release|Any CPU.Build.0 = Release|Any CPU
		{490D3E95-C6E7-4106-9CFA-D932CA359E0C}.Debug|Any CPU.ActiveCfg = Debug|Any CPU
		{490D3E95-C6E7-4106-9CFA-D932CA359E0C}.Debug|Any CPU.Build.0 = Debug|Any CPU
		{490D3E95-C6E7-4106-9CFA-D932CA359E0C}.Release|Any CPU.ActiveCfg = Release|Any CPU
		{490D3E95-C6E7-4106-9CFA-D932CA359E0C}.Release|Any CPU.Build.0 = Release|Any CPU
		{293D0111-36B1-46BF-A467-C0B778E51288}.Debug|Any CPU.ActiveCfg = Debug|Any CPU
		{293D0111-36B1-46BF-A467-C0B778E51288}.Debug|Any CPU.Build.0 = Debug|Any CPU
		{293D0111-36B1-46BF-A467-C0B778E51288}.Release|Any CPU.ActiveCfg = Release|Any CPU
		{293D0111-36B1-46BF-A467-C0B778E51288}.Release|Any CPU.Build.0 = Release|Any CPU
		{8906E96D-3F6D-4F58-9AB9-7444024F2FC7}.Debug|Any CPU.ActiveCfg = Debug|Any CPU
		{8906E96D-3F6D-4F58-9AB9-7444024F2FC7}.Debug|Any CPU.Build.0 = Debug|Any CPU
		{8906E96D-3F6D-4F58-9AB9-7444024F2FC7}.Release|Any CPU.ActiveCfg = Release|Any CPU
		{8906E96D-3F6D-4F58-9AB9-7444024F2FC7}.Release|Any CPU.Build.0 = Release|Any CPU
		{5EC13664-EEC0-4246-8511-AADF9BCECC29}.Debug|Any CPU.ActiveCfg = Debug|Any CPU
		{5EC13664-EEC0-4246-8511-AADF9BCECC29}.Debug|Any CPU.Build.0 = Debug|Any CPU
		{5EC13664-EEC0-4246-8511-AADF9BCECC29}.Release|Any CPU.ActiveCfg = Release|Any CPU
		{5EC13664-EEC0-4246-8511-AADF9BCECC29}.Release|Any CPU.Build.0 = Release|Any CPU
		{8B36E31F-371F-4825-B966-BE6EC8F2AE28}.Debug|Any CPU.ActiveCfg = Debug|Any CPU
		{8B36E31F-371F-4825-B966-BE6EC8F2AE28}.Debug|Any CPU.Build.0 = Debug|Any CPU
		{8B36E31F-371F-4825-B966-BE6EC8F2AE28}.Release|Any CPU.ActiveCfg = Release|Any CPU
		{8B36E31F-371F-4825-B966-BE6EC8F2AE28}.Release|Any CPU.Build.0 = Release|Any CPU
		{6E2A15E7-1987-4010-8838-8F5B02B728F8}.Debug|Any CPU.ActiveCfg = Debug|Any CPU
		{6E2A15E7-1987-4010-8838-8F5B02B728F8}.Debug|Any CPU.Build.0 = Debug|Any CPU
		{6E2A15E7-1987-4010-8838-8F5B02B728F8}.Release|Any CPU.ActiveCfg = Release|Any CPU
		{6E2A15E7-1987-4010-8838-8F5B02B728F8}.Release|Any CPU.Build.0 = Release|Any CPU
		{46BC847C-D3FD-4AC7-8E90-82B51EEA1934}.Debug|Any CPU.ActiveCfg = Debug|Any CPU
		{46BC847C-D3FD-4AC7-8E90-82B51EEA1934}.Debug|Any CPU.Build.0 = Debug|Any CPU
		{46BC847C-D3FD-4AC7-8E90-82B51EEA1934}.Release|Any CPU.ActiveCfg = Release|Any CPU
		{46BC847C-D3FD-4AC7-8E90-82B51EEA1934}.Release|Any CPU.Build.0 = Release|Any CPU
		{E7890ACE-2C71-4F44-8B84-3A9C041BC06F}.Debug|Any CPU.ActiveCfg = Debug|Any CPU
		{E7890ACE-2C71-4F44-8B84-3A9C041BC06F}.Debug|Any CPU.Build.0 = Debug|Any CPU
		{E7890ACE-2C71-4F44-8B84-3A9C041BC06F}.Release|Any CPU.ActiveCfg = Release|Any CPU
		{E7890ACE-2C71-4F44-8B84-3A9C041BC06F}.Release|Any CPU.Build.0 = Release|Any CPU
		{F114DA27-159F-47F4-B532-C74B5398A606}.Debug|Any CPU.ActiveCfg = Debug|Any CPU
		{F114DA27-159F-47F4-B532-C74B5398A606}.Debug|Any CPU.Build.0 = Debug|Any CPU
		{F114DA27-159F-47F4-B532-C74B5398A606}.Release|Any CPU.ActiveCfg = Release|Any CPU
		{F114DA27-159F-47F4-B532-C74B5398A606}.Release|Any CPU.Build.0 = Release|Any CPU
		{8F3B0BAD-FDD3-4D6D-B6A8-A9E1517ABCCE}.Debug|Any CPU.ActiveCfg = Debug|Any CPU
		{8F3B0BAD-FDD3-4D6D-B6A8-A9E1517ABCCE}.Debug|Any CPU.Build.0 = Debug|Any CPU
		{8F3B0BAD-FDD3-4D6D-B6A8-A9E1517ABCCE}.Release|Any CPU.ActiveCfg = Release|Any CPU
		{8F3B0BAD-FDD3-4D6D-B6A8-A9E1517ABCCE}.Release|Any CPU.Build.0 = Release|Any CPU
		{E8F117FF-12DC-4129-97CC-0D2892647715}.Debug|Any CPU.ActiveCfg = Debug|Any CPU
		{E8F117FF-12DC-4129-97CC-0D2892647715}.Debug|Any CPU.Build.0 = Debug|Any CPU
		{E8F117FF-12DC-4129-97CC-0D2892647715}.Release|Any CPU.ActiveCfg = Release|Any CPU
		{E8F117FF-12DC-4129-97CC-0D2892647715}.Release|Any CPU.Build.0 = Release|Any CPU
		{88FD04EE-A644-4008-9BAD-83A2666D1F00}.Debug|Any CPU.ActiveCfg = Debug|Any CPU
		{88FD04EE-A644-4008-9BAD-83A2666D1F00}.Debug|Any CPU.Build.0 = Debug|Any CPU
		{88FD04EE-A644-4008-9BAD-83A2666D1F00}.Release|Any CPU.ActiveCfg = Release|Any CPU
		{88FD04EE-A644-4008-9BAD-83A2666D1F00}.Release|Any CPU.Build.0 = Release|Any CPU
		{6D8B7C79-8BFC-4190-B29A-0F40C405A273}.Debug|Any CPU.ActiveCfg = Debug|Any CPU
		{6D8B7C79-8BFC-4190-B29A-0F40C405A273}.Debug|Any CPU.Build.0 = Debug|Any CPU
		{6D8B7C79-8BFC-4190-B29A-0F40C405A273}.Release|Any CPU.ActiveCfg = Release|Any CPU
		{6D8B7C79-8BFC-4190-B29A-0F40C405A273}.Release|Any CPU.Build.0 = Release|Any CPU
		{BDED4944-95F5-4355-BDFA-EF8295C5996E}.Debug|Any CPU.ActiveCfg = Debug|Any CPU
		{BDED4944-95F5-4355-BDFA-EF8295C5996E}.Debug|Any CPU.Build.0 = Debug|Any CPU
		{BDED4944-95F5-4355-BDFA-EF8295C5996E}.Release|Any CPU.ActiveCfg = Release|Any CPU
		{BDED4944-95F5-4355-BDFA-EF8295C5996E}.Release|Any CPU.Build.0 = Release|Any CPU
		{7F57F02F-79F0-4EB7-BD33-8F877EB5F441}.Debug|Any CPU.ActiveCfg = Debug|Any CPU
		{7F57F02F-79F0-4EB7-BD33-8F877EB5F441}.Debug|Any CPU.Build.0 = Debug|Any CPU
		{7F57F02F-79F0-4EB7-BD33-8F877EB5F441}.Release|Any CPU.ActiveCfg = Release|Any CPU
		{7F57F02F-79F0-4EB7-BD33-8F877EB5F441}.Release|Any CPU.Build.0 = Release|Any CPU
		{94012E2A-29F2-4A23-BAAF-AC8C700264A0}.Debug|Any CPU.ActiveCfg = Debug|Any CPU
		{94012E2A-29F2-4A23-BAAF-AC8C700264A0}.Debug|Any CPU.Build.0 = Debug|Any CPU
		{94012E2A-29F2-4A23-BAAF-AC8C700264A0}.Release|Any CPU.ActiveCfg = Release|Any CPU
		{94012E2A-29F2-4A23-BAAF-AC8C700264A0}.Release|Any CPU.Build.0 = Release|Any CPU
	EndGlobalSection
EndGlobal
