
Microsoft Visual Studio Solution File, Format Version 12.00
# Visual Studio Version 16
VisualStudioVersion = 16.0.30114.105
MinimumVisualStudioVersion = 10.0.40219.1
Project("{FAE04EC0-301F-11D3-BF4B-00C04F79EFBC}") = "z0.deprecated", "..\deprecated\z0.deprecated.csproj", "{20FE49D2-8571-4BCF-A879-9A2BC15D985D}"
EndProject
Project("{FAE04EC0-301F-11D3-BF4B-00C04F79EFBC}") = "z0.expr", "..\expr\z0.expr.csproj", "{A4C7559F-C4C8-4F61-A21E-0C092A89F2FC}"
EndProject
Project("{FAE04EC0-301F-11D3-BF4B-00C04F79EFBC}") = "z0.lang", "..\lang\z0.lang.csproj", "{1F13380D-1A05-4E0C-94D7-6604F0709A1D}"
EndProject
Project("{FAE04EC0-301F-11D3-BF4B-00C04F79EFBC}") = "z0.extract", "..\extract\z0.extract.csproj", "{0F71402D-D165-41F7-8DE2-D508BA5BEB50}"
EndProject
Project("{FAE04EC0-301F-11D3-BF4B-00C04F79EFBC}") = "z0.rules", "..\rules\z0.rules.csproj", "{C9D77D24-466C-478D-A4E6-7DB421099C80}"
EndProject
Project("{FAE04EC0-301F-11D3-BF4B-00C04F79EFBC}") = "z0.glue", "..\apps\glue\z0.glue.csproj", "{2AA8545F-E3F5-4F13-925B-3CCE9670A87A}"
EndProject
Project("{FAE04EC0-301F-11D3-BF4B-00C04F79EFBC}") = "z0.llvm.tools", "..\apps\llvm.tools\z0.llvm.tools.csproj", "{F727FB98-24FC-41B6-8E4C-D38FA7C03250}"
EndProject
Project("{FAE04EC0-301F-11D3-BF4B-00C04F79EFBC}") = "z0.alloc", "..\alloc\z0.alloc.csproj", "{50A2C894-0CE1-4997-8B38-ED22416079E7}"
EndProject
Project("{FAE04EC0-301F-11D3-BF4B-00C04F79EFBC}") = "z0.api.code", "..\api.code\z0.api.code.csproj", "{2D04B541-682F-4236-B52B-27358BBC2259}"
EndProject
Project("{FAE04EC0-301F-11D3-BF4B-00C04F79EFBC}") = "z0.archives", "..\archives\z0.archives.csproj", "{7F80A92E-3856-45D5-BA70-90D9B03A42FF}"
EndProject
Project("{FAE04EC0-301F-11D3-BF4B-00C04F79EFBC}") = "z0.assets", "..\assets\z0.assets.csproj", "{6B9F945C-18CE-477D-BC98-D7083DE3E756}"
EndProject
Project("{FAE04EC0-301F-11D3-BF4B-00C04F79EFBC}") = "z0.bits", "..\bits\z0.bits.csproj", "{B9FA6F4A-F05E-450F-BCD9-B5180FC8C747}"
EndProject
Project("{FAE04EC0-301F-11D3-BF4B-00C04F79EFBC}") = "z0.commands", "..\commands\z0.commands.csproj", "{159548C1-C30A-4FF5-B37B-B9E9189E0467}"
EndProject
Project("{FAE04EC0-301F-11D3-BF4B-00C04F79EFBC}") = "z0.symbols", "..\symbols\z0.symbols.csproj", "{B0A14F65-DDD9-4422-AA83-7435FC5FB956}"
EndProject
Project("{FAE04EC0-301F-11D3-BF4B-00C04F79EFBC}") = "z0.numbers", "..\numbers\z0.numbers.csproj", "{93AFB831-9538-401D-B6C4-052B5FF2665C}"
EndProject
Project("{FAE04EC0-301F-11D3-BF4B-00C04F79EFBC}") = "z0.diagnostics", "..\diagnostics\z0.diagnostics.csproj", "{8B86069A-566B-454B-A634-4745C33C68C3}"
EndProject
Project("{FAE04EC0-301F-11D3-BF4B-00C04F79EFBC}") = "z0.asm.core", "asm.core\z0.asm.core.csproj", "{CD1AAC8D-DF11-4DFE-BC83-32E9445F4391}"
EndProject
Project("{FAE04EC0-301F-11D3-BF4B-00C04F79EFBC}") = "z0.intel.core", "..\intel.core\z0.intel.core.csproj", "{284E3663-E2E7-41EC-BBA5-B91D7BD0F88D}"
EndProject
Project("{FAE04EC0-301F-11D3-BF4B-00C04F79EFBC}") = "z0.intel.intrinsics", "..\intel.intrinsics\z0.intel.intrinsics.csproj", "{8266C075-92AB-4839-83CA-337A6FC7B78E}"
EndProject
Project("{FAE04EC0-301F-11D3-BF4B-00C04F79EFBC}") = "z0.intel.xed", "..\intel.xed\z0.intel.xed.csproj", "{6A604D8A-0FAD-4ED2-BCC3-7B2FE4A9764F}"
EndProject
Project("{FAE04EC0-301F-11D3-BF4B-00C04F79EFBC}") = "z0.cmd.actions", "..\apps\cmd.actions\z0.cmd.actions.csproj", "{BDB414AE-FE9A-4F92-A341-AAC1220151C5}"
EndProject
Project("{FAE04EC0-301F-11D3-BF4B-00C04F79EFBC}") = "z0.asm.prototypes", "asm.prototypes\z0.asm.prototypes.csproj", "{57CEA598-F266-4D83-93F6-61164F101882}"
EndProject
Project("{FAE04EC0-301F-11D3-BF4B-00C04F79EFBC}") = "z0.asm.services", "asm.services\z0.asm.services.csproj", "{671E58FE-E91F-4FCE-87FF-7CC7FD4F0089}"
EndProject
Project("{FAE04EC0-301F-11D3-BF4B-00C04F79EFBC}") = "z0.machines", "..\machines\z0.machines.csproj", "{31105DD9-55E2-473E-94E6-1D54B5A99609}"
EndProject
Project("{FAE04EC0-301F-11D3-BF4B-00C04F79EFBC}") = "z0.codegen.intel", "..\codegen\codegen.intel\z0.codegen.intel.csproj", "{93222E93-407C-4EE8-86D7-E83A46B06BAB}"
EndProject
Project("{FAE04EC0-301F-11D3-BF4B-00C04F79EFBC}") = "z0.codegen.common", "..\codegen\codegen.common\z0.codegen.common.csproj", "{1CE34FD4-FC87-4ECE-84D7-E5279915E051}"
EndProject
Project("{FAE04EC0-301F-11D3-BF4B-00C04F79EFBC}") = "z0.codegen.llvm", "..\codegen\codegen.llvm\z0.codegen.llvm.csproj", "{BC80E5EC-445B-471C-8C34-F8CAC5AE5295}"
EndProject
Project("{FAE04EC0-301F-11D3-BF4B-00C04F79EFBC}") = "z0.api.md", "..\api.md\z0.api.md.csproj", "{442FEE65-0249-4E52-9200-E9407306D2FE}"
EndProject
Project("{FAE04EC0-301F-11D3-BF4B-00C04F79EFBC}") = "z0.asm", "asm\z0.asm.csproj", "{5115AA90-5675-46E4-A117-52048661997E}"
EndProject
Project("{FAE04EC0-301F-11D3-BF4B-00C04F79EFBC}") = "z0.asm.operands", "asm.operands\z0.asm.operands.csproj", "{837AC2B4-11A6-431F-97EB-125DE2532C50}"
EndProject
Global
	GlobalSection(SolutionConfigurationPlatforms) = preSolution
		Debug|Any CPU = Debug|Any CPU
		Release|Any CPU = Release|Any CPU
	EndGlobalSection
	GlobalSection(SolutionProperties) = preSolution
		HideSolutionNode = FALSE
	EndGlobalSection
	GlobalSection(ProjectConfigurationPlatforms) = postSolution
		{20FE49D2-8571-4BCF-A879-9A2BC15D985D}.Debug|Any CPU.ActiveCfg = Debug|Any CPU
		{20FE49D2-8571-4BCF-A879-9A2BC15D985D}.Debug|Any CPU.Build.0 = Debug|Any CPU
		{20FE49D2-8571-4BCF-A879-9A2BC15D985D}.Release|Any CPU.ActiveCfg = Release|Any CPU
		{20FE49D2-8571-4BCF-A879-9A2BC15D985D}.Release|Any CPU.Build.0 = Release|Any CPU
		{A4C7559F-C4C8-4F61-A21E-0C092A89F2FC}.Debug|Any CPU.ActiveCfg = Debug|Any CPU
		{A4C7559F-C4C8-4F61-A21E-0C092A89F2FC}.Debug|Any CPU.Build.0 = Debug|Any CPU
		{A4C7559F-C4C8-4F61-A21E-0C092A89F2FC}.Release|Any CPU.ActiveCfg = Release|Any CPU
		{A4C7559F-C4C8-4F61-A21E-0C092A89F2FC}.Release|Any CPU.Build.0 = Release|Any CPU
		{1F13380D-1A05-4E0C-94D7-6604F0709A1D}.Debug|Any CPU.ActiveCfg = Debug|Any CPU
		{1F13380D-1A05-4E0C-94D7-6604F0709A1D}.Debug|Any CPU.Build.0 = Debug|Any CPU
		{1F13380D-1A05-4E0C-94D7-6604F0709A1D}.Release|Any CPU.ActiveCfg = Release|Any CPU
		{1F13380D-1A05-4E0C-94D7-6604F0709A1D}.Release|Any CPU.Build.0 = Release|Any CPU
		{0F71402D-D165-41F7-8DE2-D508BA5BEB50}.Debug|Any CPU.ActiveCfg = Debug|Any CPU
		{0F71402D-D165-41F7-8DE2-D508BA5BEB50}.Debug|Any CPU.Build.0 = Debug|Any CPU
		{0F71402D-D165-41F7-8DE2-D508BA5BEB50}.Release|Any CPU.ActiveCfg = Release|Any CPU
		{0F71402D-D165-41F7-8DE2-D508BA5BEB50}.Release|Any CPU.Build.0 = Release|Any CPU
		{C9D77D24-466C-478D-A4E6-7DB421099C80}.Debug|Any CPU.ActiveCfg = Debug|Any CPU
		{C9D77D24-466C-478D-A4E6-7DB421099C80}.Debug|Any CPU.Build.0 = Debug|Any CPU
		{C9D77D24-466C-478D-A4E6-7DB421099C80}.Release|Any CPU.ActiveCfg = Release|Any CPU
		{C9D77D24-466C-478D-A4E6-7DB421099C80}.Release|Any CPU.Build.0 = Release|Any CPU
		{2AA8545F-E3F5-4F13-925B-3CCE9670A87A}.Debug|Any CPU.ActiveCfg = Debug|Any CPU
		{2AA8545F-E3F5-4F13-925B-3CCE9670A87A}.Debug|Any CPU.Build.0 = Debug|Any CPU
		{2AA8545F-E3F5-4F13-925B-3CCE9670A87A}.Release|Any CPU.ActiveCfg = Release|Any CPU
		{2AA8545F-E3F5-4F13-925B-3CCE9670A87A}.Release|Any CPU.Build.0 = Release|Any CPU
		{F727FB98-24FC-41B6-8E4C-D38FA7C03250}.Debug|Any CPU.ActiveCfg = Debug|Any CPU
		{F727FB98-24FC-41B6-8E4C-D38FA7C03250}.Debug|Any CPU.Build.0 = Debug|Any CPU
		{F727FB98-24FC-41B6-8E4C-D38FA7C03250}.Release|Any CPU.ActiveCfg = Release|Any CPU
		{F727FB98-24FC-41B6-8E4C-D38FA7C03250}.Release|Any CPU.Build.0 = Release|Any CPU
		{50A2C894-0CE1-4997-8B38-ED22416079E7}.Debug|Any CPU.ActiveCfg = Debug|Any CPU
		{50A2C894-0CE1-4997-8B38-ED22416079E7}.Debug|Any CPU.Build.0 = Debug|Any CPU
		{50A2C894-0CE1-4997-8B38-ED22416079E7}.Release|Any CPU.ActiveCfg = Release|Any CPU
		{50A2C894-0CE1-4997-8B38-ED22416079E7}.Release|Any CPU.Build.0 = Release|Any CPU
		{2D04B541-682F-4236-B52B-27358BBC2259}.Debug|Any CPU.ActiveCfg = Debug|Any CPU
		{2D04B541-682F-4236-B52B-27358BBC2259}.Debug|Any CPU.Build.0 = Debug|Any CPU
		{2D04B541-682F-4236-B52B-27358BBC2259}.Release|Any CPU.ActiveCfg = Release|Any CPU
		{2D04B541-682F-4236-B52B-27358BBC2259}.Release|Any CPU.Build.0 = Release|Any CPU
		{7F80A92E-3856-45D5-BA70-90D9B03A42FF}.Debug|Any CPU.ActiveCfg = Debug|Any CPU
		{7F80A92E-3856-45D5-BA70-90D9B03A42FF}.Debug|Any CPU.Build.0 = Debug|Any CPU
		{7F80A92E-3856-45D5-BA70-90D9B03A42FF}.Release|Any CPU.ActiveCfg = Release|Any CPU
		{7F80A92E-3856-45D5-BA70-90D9B03A42FF}.Release|Any CPU.Build.0 = Release|Any CPU
		{6B9F945C-18CE-477D-BC98-D7083DE3E756}.Debug|Any CPU.ActiveCfg = Debug|Any CPU
		{6B9F945C-18CE-477D-BC98-D7083DE3E756}.Debug|Any CPU.Build.0 = Debug|Any CPU
		{6B9F945C-18CE-477D-BC98-D7083DE3E756}.Release|Any CPU.ActiveCfg = Release|Any CPU
		{6B9F945C-18CE-477D-BC98-D7083DE3E756}.Release|Any CPU.Build.0 = Release|Any CPU
		{B9FA6F4A-F05E-450F-BCD9-B5180FC8C747}.Debug|Any CPU.ActiveCfg = Debug|Any CPU
		{B9FA6F4A-F05E-450F-BCD9-B5180FC8C747}.Debug|Any CPU.Build.0 = Debug|Any CPU
		{B9FA6F4A-F05E-450F-BCD9-B5180FC8C747}.Release|Any CPU.ActiveCfg = Release|Any CPU
		{B9FA6F4A-F05E-450F-BCD9-B5180FC8C747}.Release|Any CPU.Build.0 = Release|Any CPU
		{159548C1-C30A-4FF5-B37B-B9E9189E0467}.Debug|Any CPU.ActiveCfg = Debug|Any CPU
		{159548C1-C30A-4FF5-B37B-B9E9189E0467}.Debug|Any CPU.Build.0 = Debug|Any CPU
		{159548C1-C30A-4FF5-B37B-B9E9189E0467}.Release|Any CPU.ActiveCfg = Release|Any CPU
		{159548C1-C30A-4FF5-B37B-B9E9189E0467}.Release|Any CPU.Build.0 = Release|Any CPU
		{B0A14F65-DDD9-4422-AA83-7435FC5FB956}.Debug|Any CPU.ActiveCfg = Debug|Any CPU
		{B0A14F65-DDD9-4422-AA83-7435FC5FB956}.Debug|Any CPU.Build.0 = Debug|Any CPU
		{B0A14F65-DDD9-4422-AA83-7435FC5FB956}.Release|Any CPU.ActiveCfg = Release|Any CPU
		{B0A14F65-DDD9-4422-AA83-7435FC5FB956}.Release|Any CPU.Build.0 = Release|Any CPU
		{93AFB831-9538-401D-B6C4-052B5FF2665C}.Debug|Any CPU.ActiveCfg = Debug|Any CPU
		{93AFB831-9538-401D-B6C4-052B5FF2665C}.Debug|Any CPU.Build.0 = Debug|Any CPU
		{93AFB831-9538-401D-B6C4-052B5FF2665C}.Release|Any CPU.ActiveCfg = Release|Any CPU
		{93AFB831-9538-401D-B6C4-052B5FF2665C}.Release|Any CPU.Build.0 = Release|Any CPU
		{8B86069A-566B-454B-A634-4745C33C68C3}.Debug|Any CPU.ActiveCfg = Debug|Any CPU
		{8B86069A-566B-454B-A634-4745C33C68C3}.Debug|Any CPU.Build.0 = Debug|Any CPU
		{8B86069A-566B-454B-A634-4745C33C68C3}.Release|Any CPU.ActiveCfg = Release|Any CPU
		{8B86069A-566B-454B-A634-4745C33C68C3}.Release|Any CPU.Build.0 = Release|Any CPU
		{CD1AAC8D-DF11-4DFE-BC83-32E9445F4391}.Debug|Any CPU.ActiveCfg = Debug|Any CPU
		{CD1AAC8D-DF11-4DFE-BC83-32E9445F4391}.Debug|Any CPU.Build.0 = Debug|Any CPU
		{CD1AAC8D-DF11-4DFE-BC83-32E9445F4391}.Release|Any CPU.ActiveCfg = Release|Any CPU
		{CD1AAC8D-DF11-4DFE-BC83-32E9445F4391}.Release|Any CPU.Build.0 = Release|Any CPU
		{284E3663-E2E7-41EC-BBA5-B91D7BD0F88D}.Debug|Any CPU.ActiveCfg = Debug|Any CPU
		{284E3663-E2E7-41EC-BBA5-B91D7BD0F88D}.Debug|Any CPU.Build.0 = Debug|Any CPU
		{284E3663-E2E7-41EC-BBA5-B91D7BD0F88D}.Release|Any CPU.ActiveCfg = Release|Any CPU
		{284E3663-E2E7-41EC-BBA5-B91D7BD0F88D}.Release|Any CPU.Build.0 = Release|Any CPU
		{8266C075-92AB-4839-83CA-337A6FC7B78E}.Debug|Any CPU.ActiveCfg = Debug|Any CPU
		{8266C075-92AB-4839-83CA-337A6FC7B78E}.Debug|Any CPU.Build.0 = Debug|Any CPU
		{8266C075-92AB-4839-83CA-337A6FC7B78E}.Release|Any CPU.ActiveCfg = Release|Any CPU
		{8266C075-92AB-4839-83CA-337A6FC7B78E}.Release|Any CPU.Build.0 = Release|Any CPU
		{6A604D8A-0FAD-4ED2-BCC3-7B2FE4A9764F}.Debug|Any CPU.ActiveCfg = Debug|Any CPU
		{6A604D8A-0FAD-4ED2-BCC3-7B2FE4A9764F}.Debug|Any CPU.Build.0 = Debug|Any CPU
		{6A604D8A-0FAD-4ED2-BCC3-7B2FE4A9764F}.Release|Any CPU.ActiveCfg = Release|Any CPU
		{6A604D8A-0FAD-4ED2-BCC3-7B2FE4A9764F}.Release|Any CPU.Build.0 = Release|Any CPU
		{BDB414AE-FE9A-4F92-A341-AAC1220151C5}.Debug|Any CPU.ActiveCfg = Debug|Any CPU
		{BDB414AE-FE9A-4F92-A341-AAC1220151C5}.Debug|Any CPU.Build.0 = Debug|Any CPU
		{BDB414AE-FE9A-4F92-A341-AAC1220151C5}.Release|Any CPU.ActiveCfg = Release|Any CPU
		{BDB414AE-FE9A-4F92-A341-AAC1220151C5}.Release|Any CPU.Build.0 = Release|Any CPU
		{57CEA598-F266-4D83-93F6-61164F101882}.Debug|Any CPU.ActiveCfg = Debug|Any CPU
		{57CEA598-F266-4D83-93F6-61164F101882}.Debug|Any CPU.Build.0 = Debug|Any CPU
		{57CEA598-F266-4D83-93F6-61164F101882}.Release|Any CPU.ActiveCfg = Release|Any CPU
		{57CEA598-F266-4D83-93F6-61164F101882}.Release|Any CPU.Build.0 = Release|Any CPU
		{671E58FE-E91F-4FCE-87FF-7CC7FD4F0089}.Debug|Any CPU.ActiveCfg = Debug|Any CPU
		{671E58FE-E91F-4FCE-87FF-7CC7FD4F0089}.Debug|Any CPU.Build.0 = Debug|Any CPU
		{671E58FE-E91F-4FCE-87FF-7CC7FD4F0089}.Release|Any CPU.ActiveCfg = Release|Any CPU
		{671E58FE-E91F-4FCE-87FF-7CC7FD4F0089}.Release|Any CPU.Build.0 = Release|Any CPU
		{31105DD9-55E2-473E-94E6-1D54B5A99609}.Debug|Any CPU.ActiveCfg = Debug|Any CPU
		{31105DD9-55E2-473E-94E6-1D54B5A99609}.Debug|Any CPU.Build.0 = Debug|Any CPU
		{31105DD9-55E2-473E-94E6-1D54B5A99609}.Release|Any CPU.ActiveCfg = Release|Any CPU
		{31105DD9-55E2-473E-94E6-1D54B5A99609}.Release|Any CPU.Build.0 = Release|Any CPU
		{93222E93-407C-4EE8-86D7-E83A46B06BAB}.Debug|Any CPU.ActiveCfg = Debug|Any CPU
		{93222E93-407C-4EE8-86D7-E83A46B06BAB}.Debug|Any CPU.Build.0 = Debug|Any CPU
		{93222E93-407C-4EE8-86D7-E83A46B06BAB}.Release|Any CPU.ActiveCfg = Release|Any CPU
		{93222E93-407C-4EE8-86D7-E83A46B06BAB}.Release|Any CPU.Build.0 = Release|Any CPU
		{1CE34FD4-FC87-4ECE-84D7-E5279915E051}.Debug|Any CPU.ActiveCfg = Debug|Any CPU
		{1CE34FD4-FC87-4ECE-84D7-E5279915E051}.Debug|Any CPU.Build.0 = Debug|Any CPU
		{1CE34FD4-FC87-4ECE-84D7-E5279915E051}.Release|Any CPU.ActiveCfg = Release|Any CPU
		{1CE34FD4-FC87-4ECE-84D7-E5279915E051}.Release|Any CPU.Build.0 = Release|Any CPU
		{BC80E5EC-445B-471C-8C34-F8CAC5AE5295}.Debug|Any CPU.ActiveCfg = Debug|Any CPU
		{BC80E5EC-445B-471C-8C34-F8CAC5AE5295}.Debug|Any CPU.Build.0 = Debug|Any CPU
		{BC80E5EC-445B-471C-8C34-F8CAC5AE5295}.Release|Any CPU.ActiveCfg = Release|Any CPU
		{BC80E5EC-445B-471C-8C34-F8CAC5AE5295}.Release|Any CPU.Build.0 = Release|Any CPU
		{442FEE65-0249-4E52-9200-E9407306D2FE}.Debug|Any CPU.ActiveCfg = Debug|Any CPU
		{442FEE65-0249-4E52-9200-E9407306D2FE}.Debug|Any CPU.Build.0 = Debug|Any CPU
		{442FEE65-0249-4E52-9200-E9407306D2FE}.Release|Any CPU.ActiveCfg = Release|Any CPU
		{442FEE65-0249-4E52-9200-E9407306D2FE}.Release|Any CPU.Build.0 = Release|Any CPU
		{5115AA90-5675-46E4-A117-52048661997E}.Debug|Any CPU.ActiveCfg = Debug|Any CPU
		{5115AA90-5675-46E4-A117-52048661997E}.Debug|Any CPU.Build.0 = Debug|Any CPU
		{5115AA90-5675-46E4-A117-52048661997E}.Release|Any CPU.ActiveCfg = Release|Any CPU
		{5115AA90-5675-46E4-A117-52048661997E}.Release|Any CPU.Build.0 = Release|Any CPU
		{837AC2B4-11A6-431F-97EB-125DE2532C50}.Debug|Any CPU.ActiveCfg = Debug|Any CPU
		{837AC2B4-11A6-431F-97EB-125DE2532C50}.Debug|Any CPU.Build.0 = Debug|Any CPU
		{837AC2B4-11A6-431F-97EB-125DE2532C50}.Release|Any CPU.ActiveCfg = Release|Any CPU
		{837AC2B4-11A6-431F-97EB-125DE2532C50}.Release|Any CPU.Build.0 = Release|Any CPU
	EndGlobalSection
EndGlobal
