
Microsoft Visual Studio Solution File, Format Version 12.00
# Visual Studio Version 16
VisualStudioVersion = 16.0.30114.105
MinimumVisualStudioVersion = 10.0.40219.1
Project("{FAE04EC0-301F-11D3-BF4B-00C04F79EFBC}") = "z0.alloc", "..\alloc\z0.alloc.csproj", "{0362DD5F-3585-431E-B83E-6A8A52387E6A}"
EndProject
Project("{FAE04EC0-301F-11D3-BF4B-00C04F79EFBC}") = "z0.archives", "..\archives\z0.archives.csproj", "{C4A37325-2D04-40C9-AE0A-9BBD3D3A825E}"
EndProject
Project("{FAE04EC0-301F-11D3-BF4B-00C04F79EFBC}") = "z0.bits", "..\bits\z0.bits.csproj", "{0DF77E46-C53C-4111-9D33-EEAA95C6C29B}"
EndProject
Project("{FAE04EC0-301F-11D3-BF4B-00C04F79EFBC}") = "z0.diagnostics", "..\diagnostics\z0.diagnostics.csproj", "{A9061D2C-F2D2-4C60-A680-8BB90B064724}"
EndProject
Project("{FAE04EC0-301F-11D3-BF4B-00C04F79EFBC}") = "z0.expr", "..\expr\z0.expr.csproj", "{6DE4F2CF-0BF6-490C-AEC9-57012392084F}"
EndProject
Project("{FAE04EC0-301F-11D3-BF4B-00C04F79EFBC}") = "z0.extract", "..\extract\z0.extract.csproj", "{CD2CA3C1-5D47-4406-87B7-1110223CAB76}"
EndProject
Project("{FAE04EC0-301F-11D3-BF4B-00C04F79EFBC}") = "z0.numbers", "..\numbers\z0.numbers.csproj", "{4A26173D-D0D0-4DE0-85CC-748A414D5504}"
EndProject
Project("{FAE04EC0-301F-11D3-BF4B-00C04F79EFBC}") = "z0.codegen.intel", "..\codegen\codegen.intel\z0.codegen.intel.csproj", "{1B663F9F-8CD7-4D93-986D-F5CE132B8135}"
EndProject
Project("{FAE04EC0-301F-11D3-BF4B-00C04F79EFBC}") = "z0.codegen.common", "..\codegen\codegen.common\z0.codegen.common.csproj", "{03D6F148-B557-42FD-AFCC-F2A0A34610EA}"
EndProject
Project("{FAE04EC0-301F-11D3-BF4B-00C04F79EFBC}") = "z0.codegen.llvm", "..\codegen\codegen.llvm\z0.codegen.llvm.csproj", "{98757D43-8BC2-41D4-BCFB-DB33102DF34F}"
EndProject
Project("{FAE04EC0-301F-11D3-BF4B-00C04F79EFBC}") = "z0.apps.core", "apps.core\z0.apps.core.csproj", "{91B2BF67-FE14-4C52-A113-7D2357E24C4B}"
EndProject
Project("{FAE04EC0-301F-11D3-BF4B-00C04F79EFBC}") = "z0.asm", "asm\z0.asm.csproj", "{CF6CCE59-4838-4DA5-A157-E841A1F4A868}"
EndProject
Project("{FAE04EC0-301F-11D3-BF4B-00C04F79EFBC}") = "z0.asm.core", "asm.core\z0.asm.core.csproj", "{68AE309F-8578-4DA4-AA11-44909C637877}"
EndProject
Project("{FAE04EC0-301F-11D3-BF4B-00C04F79EFBC}") = "z0.asm.operands", "asm.operands\z0.asm.operands.csproj", "{1F7FF25A-6AAF-47D9-BC11-6D0BE4E6349B}"
EndProject
Project("{FAE04EC0-301F-11D3-BF4B-00C04F79EFBC}") = "z0.asm.prototypes", "asm.prototypes\z0.asm.prototypes.csproj", "{E75D7E87-706D-48D1-AB8B-03849F11ADAD}"
EndProject
Project("{FAE04EC0-301F-11D3-BF4B-00C04F79EFBC}") = "z0.asm.services", "asm.services\z0.asm.services.csproj", "{9796297A-56B6-4C37-9EB3-9C842ADBECA1}"
EndProject
Project("{FAE04EC0-301F-11D3-BF4B-00C04F79EFBC}") = "z0.capture", "capture\z0.capture.csproj", "{70E9C928-F4D9-4E65-A747-2A503A1116DE}"
EndProject
Project("{FAE04EC0-301F-11D3-BF4B-00C04F79EFBC}") = "z0.cmd.actions", "cmd.actions\z0.cmd.actions.csproj", "{25CD353E-AC37-48CC-A278-75218E0F7598}"
EndProject
Project("{FAE04EC0-301F-11D3-BF4B-00C04F79EFBC}") = "z0.intel.core", "intel.core\z0.intel.core.csproj", "{0370D457-36B6-4928-B12F-9CC7BBD8182D}"
EndProject
Project("{FAE04EC0-301F-11D3-BF4B-00C04F79EFBC}") = "z0.intel.intrinsics", "intel.intrinsics\z0.intel.intrinsics.csproj", "{EAD26DC3-3691-4B72-8DB4-7A5E845FAD0F}"
EndProject
Project("{FAE04EC0-301F-11D3-BF4B-00C04F79EFBC}") = "z0.glue", "glue\z0.glue.csproj", "{C2DD4288-65BF-484A-8835-C6F87E1C78FD}"
EndProject
Project("{FAE04EC0-301F-11D3-BF4B-00C04F79EFBC}") = "z0.llvm.tools", "llvm.tools\z0.llvm.tools.csproj", "{2E5193F2-4A3B-49C4-8595-4ADBDCB0A718}"
EndProject
Project("{FAE04EC0-301F-11D3-BF4B-00C04F79EFBC}") = "z0.machines.x86", "machines.X86\z0.machines.x86.csproj", "{1CD3082C-AF83-40C6-A6D3-0B3BB2FFF2DF}"
EndProject
Project("{FAE04EC0-301F-11D3-BF4B-00C04F79EFBC}") = "z0.cmd.shell", "cmd.shell\z0.cmd.shell.csproj", "{D9195972-6F48-44B6-8C56-255088A829EE}"
EndProject
Project("{FAE04EC0-301F-11D3-BF4B-00C04F79EFBC}") = "z0.xed.shell", "xed.shell\z0.xed.shell.csproj", "{263C4C00-F152-4613-8FA3-88DAEF558589}"
EndProject
Project("{FAE04EC0-301F-11D3-BF4B-00C04F79EFBC}") = "z0.commands", "..\commands\z0.commands.csproj", "{E56C2442-6EE8-4396-BA30-01241B3DCBD4}"
EndProject
Global
	GlobalSection(SolutionConfigurationPlatforms) = preSolution
		Debug|Any CPU = Debug|Any CPU
		Release|Any CPU = Release|Any CPU
	EndGlobalSection
	GlobalSection(SolutionProperties) = preSolution
		HideSolutionNode = FALSE
	EndGlobalSection
	GlobalSection(ProjectConfigurationPlatforms) = postSolution
		{0362DD5F-3585-431E-B83E-6A8A52387E6A}.Debug|Any CPU.ActiveCfg = Debug|Any CPU
		{0362DD5F-3585-431E-B83E-6A8A52387E6A}.Debug|Any CPU.Build.0 = Debug|Any CPU
		{0362DD5F-3585-431E-B83E-6A8A52387E6A}.Release|Any CPU.ActiveCfg = Release|Any CPU
		{0362DD5F-3585-431E-B83E-6A8A52387E6A}.Release|Any CPU.Build.0 = Release|Any CPU
		{C4A37325-2D04-40C9-AE0A-9BBD3D3A825E}.Debug|Any CPU.ActiveCfg = Debug|Any CPU
		{C4A37325-2D04-40C9-AE0A-9BBD3D3A825E}.Debug|Any CPU.Build.0 = Debug|Any CPU
		{C4A37325-2D04-40C9-AE0A-9BBD3D3A825E}.Release|Any CPU.ActiveCfg = Release|Any CPU
		{C4A37325-2D04-40C9-AE0A-9BBD3D3A825E}.Release|Any CPU.Build.0 = Release|Any CPU
		{0DF77E46-C53C-4111-9D33-EEAA95C6C29B}.Debug|Any CPU.ActiveCfg = Debug|Any CPU
		{0DF77E46-C53C-4111-9D33-EEAA95C6C29B}.Debug|Any CPU.Build.0 = Debug|Any CPU
		{0DF77E46-C53C-4111-9D33-EEAA95C6C29B}.Release|Any CPU.ActiveCfg = Release|Any CPU
		{0DF77E46-C53C-4111-9D33-EEAA95C6C29B}.Release|Any CPU.Build.0 = Release|Any CPU
		{A9061D2C-F2D2-4C60-A680-8BB90B064724}.Debug|Any CPU.ActiveCfg = Debug|Any CPU
		{A9061D2C-F2D2-4C60-A680-8BB90B064724}.Debug|Any CPU.Build.0 = Debug|Any CPU
		{A9061D2C-F2D2-4C60-A680-8BB90B064724}.Release|Any CPU.ActiveCfg = Release|Any CPU
		{A9061D2C-F2D2-4C60-A680-8BB90B064724}.Release|Any CPU.Build.0 = Release|Any CPU
		{6DE4F2CF-0BF6-490C-AEC9-57012392084F}.Debug|Any CPU.ActiveCfg = Debug|Any CPU
		{6DE4F2CF-0BF6-490C-AEC9-57012392084F}.Debug|Any CPU.Build.0 = Debug|Any CPU
		{6DE4F2CF-0BF6-490C-AEC9-57012392084F}.Release|Any CPU.ActiveCfg = Release|Any CPU
		{6DE4F2CF-0BF6-490C-AEC9-57012392084F}.Release|Any CPU.Build.0 = Release|Any CPU
		{CD2CA3C1-5D47-4406-87B7-1110223CAB76}.Debug|Any CPU.ActiveCfg = Debug|Any CPU
		{CD2CA3C1-5D47-4406-87B7-1110223CAB76}.Debug|Any CPU.Build.0 = Debug|Any CPU
		{CD2CA3C1-5D47-4406-87B7-1110223CAB76}.Release|Any CPU.ActiveCfg = Release|Any CPU
		{CD2CA3C1-5D47-4406-87B7-1110223CAB76}.Release|Any CPU.Build.0 = Release|Any CPU
		{4A26173D-D0D0-4DE0-85CC-748A414D5504}.Debug|Any CPU.ActiveCfg = Debug|Any CPU
		{4A26173D-D0D0-4DE0-85CC-748A414D5504}.Debug|Any CPU.Build.0 = Debug|Any CPU
		{4A26173D-D0D0-4DE0-85CC-748A414D5504}.Release|Any CPU.ActiveCfg = Release|Any CPU
		{4A26173D-D0D0-4DE0-85CC-748A414D5504}.Release|Any CPU.Build.0 = Release|Any CPU
		{1B663F9F-8CD7-4D93-986D-F5CE132B8135}.Debug|Any CPU.ActiveCfg = Debug|Any CPU
		{1B663F9F-8CD7-4D93-986D-F5CE132B8135}.Debug|Any CPU.Build.0 = Debug|Any CPU
		{1B663F9F-8CD7-4D93-986D-F5CE132B8135}.Release|Any CPU.ActiveCfg = Release|Any CPU
		{1B663F9F-8CD7-4D93-986D-F5CE132B8135}.Release|Any CPU.Build.0 = Release|Any CPU
		{03D6F148-B557-42FD-AFCC-F2A0A34610EA}.Debug|Any CPU.ActiveCfg = Debug|Any CPU
		{03D6F148-B557-42FD-AFCC-F2A0A34610EA}.Debug|Any CPU.Build.0 = Debug|Any CPU
		{03D6F148-B557-42FD-AFCC-F2A0A34610EA}.Release|Any CPU.ActiveCfg = Release|Any CPU
		{03D6F148-B557-42FD-AFCC-F2A0A34610EA}.Release|Any CPU.Build.0 = Release|Any CPU
		{98757D43-8BC2-41D4-BCFB-DB33102DF34F}.Debug|Any CPU.ActiveCfg = Debug|Any CPU
		{98757D43-8BC2-41D4-BCFB-DB33102DF34F}.Debug|Any CPU.Build.0 = Debug|Any CPU
		{98757D43-8BC2-41D4-BCFB-DB33102DF34F}.Release|Any CPU.ActiveCfg = Release|Any CPU
		{98757D43-8BC2-41D4-BCFB-DB33102DF34F}.Release|Any CPU.Build.0 = Release|Any CPU
		{91B2BF67-FE14-4C52-A113-7D2357E24C4B}.Debug|Any CPU.ActiveCfg = Debug|Any CPU
		{91B2BF67-FE14-4C52-A113-7D2357E24C4B}.Debug|Any CPU.Build.0 = Debug|Any CPU
		{91B2BF67-FE14-4C52-A113-7D2357E24C4B}.Release|Any CPU.ActiveCfg = Release|Any CPU
		{91B2BF67-FE14-4C52-A113-7D2357E24C4B}.Release|Any CPU.Build.0 = Release|Any CPU
		{CF6CCE59-4838-4DA5-A157-E841A1F4A868}.Debug|Any CPU.ActiveCfg = Debug|Any CPU
		{CF6CCE59-4838-4DA5-A157-E841A1F4A868}.Debug|Any CPU.Build.0 = Debug|Any CPU
		{CF6CCE59-4838-4DA5-A157-E841A1F4A868}.Release|Any CPU.ActiveCfg = Release|Any CPU
		{CF6CCE59-4838-4DA5-A157-E841A1F4A868}.Release|Any CPU.Build.0 = Release|Any CPU
		{68AE309F-8578-4DA4-AA11-44909C637877}.Debug|Any CPU.ActiveCfg = Debug|Any CPU
		{68AE309F-8578-4DA4-AA11-44909C637877}.Debug|Any CPU.Build.0 = Debug|Any CPU
		{68AE309F-8578-4DA4-AA11-44909C637877}.Release|Any CPU.ActiveCfg = Release|Any CPU
		{68AE309F-8578-4DA4-AA11-44909C637877}.Release|Any CPU.Build.0 = Release|Any CPU
		{1F7FF25A-6AAF-47D9-BC11-6D0BE4E6349B}.Debug|Any CPU.ActiveCfg = Debug|Any CPU
		{1F7FF25A-6AAF-47D9-BC11-6D0BE4E6349B}.Debug|Any CPU.Build.0 = Debug|Any CPU
		{1F7FF25A-6AAF-47D9-BC11-6D0BE4E6349B}.Release|Any CPU.ActiveCfg = Release|Any CPU
		{1F7FF25A-6AAF-47D9-BC11-6D0BE4E6349B}.Release|Any CPU.Build.0 = Release|Any CPU
		{E75D7E87-706D-48D1-AB8B-03849F11ADAD}.Debug|Any CPU.ActiveCfg = Debug|Any CPU
		{E75D7E87-706D-48D1-AB8B-03849F11ADAD}.Debug|Any CPU.Build.0 = Debug|Any CPU
		{E75D7E87-706D-48D1-AB8B-03849F11ADAD}.Release|Any CPU.ActiveCfg = Release|Any CPU
		{E75D7E87-706D-48D1-AB8B-03849F11ADAD}.Release|Any CPU.Build.0 = Release|Any CPU
		{9796297A-56B6-4C37-9EB3-9C842ADBECA1}.Debug|Any CPU.ActiveCfg = Debug|Any CPU
		{9796297A-56B6-4C37-9EB3-9C842ADBECA1}.Debug|Any CPU.Build.0 = Debug|Any CPU
		{9796297A-56B6-4C37-9EB3-9C842ADBECA1}.Release|Any CPU.ActiveCfg = Release|Any CPU
		{9796297A-56B6-4C37-9EB3-9C842ADBECA1}.Release|Any CPU.Build.0 = Release|Any CPU
		{70E9C928-F4D9-4E65-A747-2A503A1116DE}.Debug|Any CPU.ActiveCfg = Debug|Any CPU
		{70E9C928-F4D9-4E65-A747-2A503A1116DE}.Debug|Any CPU.Build.0 = Debug|Any CPU
		{70E9C928-F4D9-4E65-A747-2A503A1116DE}.Release|Any CPU.ActiveCfg = Release|Any CPU
		{70E9C928-F4D9-4E65-A747-2A503A1116DE}.Release|Any CPU.Build.0 = Release|Any CPU
		{25CD353E-AC37-48CC-A278-75218E0F7598}.Debug|Any CPU.ActiveCfg = Debug|Any CPU
		{25CD353E-AC37-48CC-A278-75218E0F7598}.Debug|Any CPU.Build.0 = Debug|Any CPU
		{25CD353E-AC37-48CC-A278-75218E0F7598}.Release|Any CPU.ActiveCfg = Release|Any CPU
		{25CD353E-AC37-48CC-A278-75218E0F7598}.Release|Any CPU.Build.0 = Release|Any CPU
		{0370D457-36B6-4928-B12F-9CC7BBD8182D}.Debug|Any CPU.ActiveCfg = Debug|Any CPU
		{0370D457-36B6-4928-B12F-9CC7BBD8182D}.Debug|Any CPU.Build.0 = Debug|Any CPU
		{0370D457-36B6-4928-B12F-9CC7BBD8182D}.Release|Any CPU.ActiveCfg = Release|Any CPU
		{0370D457-36B6-4928-B12F-9CC7BBD8182D}.Release|Any CPU.Build.0 = Release|Any CPU
		{EAD26DC3-3691-4B72-8DB4-7A5E845FAD0F}.Debug|Any CPU.ActiveCfg = Debug|Any CPU
		{EAD26DC3-3691-4B72-8DB4-7A5E845FAD0F}.Debug|Any CPU.Build.0 = Debug|Any CPU
		{EAD26DC3-3691-4B72-8DB4-7A5E845FAD0F}.Release|Any CPU.ActiveCfg = Release|Any CPU
		{EAD26DC3-3691-4B72-8DB4-7A5E845FAD0F}.Release|Any CPU.Build.0 = Release|Any CPU
		{C2DD4288-65BF-484A-8835-C6F87E1C78FD}.Debug|Any CPU.ActiveCfg = Debug|Any CPU
		{C2DD4288-65BF-484A-8835-C6F87E1C78FD}.Debug|Any CPU.Build.0 = Debug|Any CPU
		{C2DD4288-65BF-484A-8835-C6F87E1C78FD}.Release|Any CPU.ActiveCfg = Release|Any CPU
		{C2DD4288-65BF-484A-8835-C6F87E1C78FD}.Release|Any CPU.Build.0 = Release|Any CPU
		{2E5193F2-4A3B-49C4-8595-4ADBDCB0A718}.Debug|Any CPU.ActiveCfg = Debug|Any CPU
		{2E5193F2-4A3B-49C4-8595-4ADBDCB0A718}.Debug|Any CPU.Build.0 = Debug|Any CPU
		{2E5193F2-4A3B-49C4-8595-4ADBDCB0A718}.Release|Any CPU.ActiveCfg = Release|Any CPU
		{2E5193F2-4A3B-49C4-8595-4ADBDCB0A718}.Release|Any CPU.Build.0 = Release|Any CPU
		{1CD3082C-AF83-40C6-A6D3-0B3BB2FFF2DF}.Debug|Any CPU.ActiveCfg = Debug|Any CPU
		{1CD3082C-AF83-40C6-A6D3-0B3BB2FFF2DF}.Debug|Any CPU.Build.0 = Debug|Any CPU
		{1CD3082C-AF83-40C6-A6D3-0B3BB2FFF2DF}.Release|Any CPU.ActiveCfg = Release|Any CPU
		{1CD3082C-AF83-40C6-A6D3-0B3BB2FFF2DF}.Release|Any CPU.Build.0 = Release|Any CPU
		{D9195972-6F48-44B6-8C56-255088A829EE}.Debug|Any CPU.ActiveCfg = Debug|Any CPU
		{D9195972-6F48-44B6-8C56-255088A829EE}.Debug|Any CPU.Build.0 = Debug|Any CPU
		{D9195972-6F48-44B6-8C56-255088A829EE}.Release|Any CPU.ActiveCfg = Release|Any CPU
		{D9195972-6F48-44B6-8C56-255088A829EE}.Release|Any CPU.Build.0 = Release|Any CPU
		{263C4C00-F152-4613-8FA3-88DAEF558589}.Debug|Any CPU.ActiveCfg = Debug|Any CPU
		{263C4C00-F152-4613-8FA3-88DAEF558589}.Debug|Any CPU.Build.0 = Debug|Any CPU
		{263C4C00-F152-4613-8FA3-88DAEF558589}.Release|Any CPU.ActiveCfg = Release|Any CPU
		{263C4C00-F152-4613-8FA3-88DAEF558589}.Release|Any CPU.Build.0 = Release|Any CPU
		{E56C2442-6EE8-4396-BA30-01241B3DCBD4}.Debug|Any CPU.ActiveCfg = Debug|Any CPU
		{E56C2442-6EE8-4396-BA30-01241B3DCBD4}.Debug|Any CPU.Build.0 = Debug|Any CPU
		{E56C2442-6EE8-4396-BA30-01241B3DCBD4}.Release|Any CPU.ActiveCfg = Release|Any CPU
		{E56C2442-6EE8-4396-BA30-01241B3DCBD4}.Release|Any CPU.Build.0 = Release|Any CPU
	EndGlobalSection
EndGlobal
