
Microsoft Visual Studio Solution File, Format Version 12.00
# Visual Studio Version 16
VisualStudioVersion = 16.6.30114.105
MinimumVisualStudioVersion = 10.0.40219.1
Project("{FAE04EC0-301F-11D3-BF4B-00C04F79EFBC}") = "z0.asm", "asm\z0.asm.csproj", "{BAF736AF-0C71-4013-8A23-77F390592090}"
EndProject
Project("{FAE04EC0-301F-11D3-BF4B-00C04F79EFBC}") = "z0.asm.core", "asm.core\z0.asm.core.csproj", "{9B229FE6-0ACF-4A13-AB69-54FA41A87620}"
EndProject
Project("{FAE04EC0-301F-11D3-BF4B-00C04F79EFBC}") = "z0.asm.run", "asm.run\z0.asm.run.csproj", "{3FD0903B-F7D9-4DDF-A362-222E27DE8402}"
EndProject
Project("{FAE04EC0-301F-11D3-BF4B-00C04F79EFBC}") = "z0.asmz", "asmz\z0.asmz.csproj", "{0B575501-B7EC-4080-B8DA-D57C41565886}"
EndProject
Project("{FAE04EC0-301F-11D3-BF4B-00C04F79EFBC}") = "z0.calc.shell", "calc.shell\z0.calc.shell.csproj", "{9E04983A-2B31-43BA-BB9D-BF9393D46D9E}"
EndProject
Project("{FAE04EC0-301F-11D3-BF4B-00C04F79EFBC}") = "z0.capture", "capture\z0.capture.csproj", "{3A9E1FE2-4C11-4564-9D42-6106501174CA}"
EndProject
Project("{FAE04EC0-301F-11D3-BF4B-00C04F79EFBC}") = "z0.control", "control\z0.control.csproj", "{4D4DD6B2-4C84-45FC-AD60-9FC71F38F379}"
EndProject
Project("{FAE04EC0-301F-11D3-BF4B-00C04F79EFBC}") = "z0.cpu.dsl", "cpu.dsl\z0.cpu.dsl.csproj", "{A5A7F51D-C4FD-4247-A4BE-341492B18BCC}"
EndProject
Project("{FAE04EC0-301F-11D3-BF4B-00C04F79EFBC}") = "z0.gen", "gen\z0.gen.csproj", "{4192F49B-BE97-4019-B6CA-03E6709E799E}"
EndProject
Project("{FAE04EC0-301F-11D3-BF4B-00C04F79EFBC}") = "z0.machine", "machine\z0.machine.csproj", "{454027C2-0571-49A1-A8D7-EC734BDB8274}"
EndProject
Project("{FAE04EC0-301F-11D3-BF4B-00C04F79EFBC}") = "z0.run", "run\z0.run.csproj", "{3E94E709-BE15-492E-99B5-CFB49D92E150}"
EndProject
Project("{FAE04EC0-301F-11D3-BF4B-00C04F79EFBC}") = "z0.tools.shell", "tools.shell\z0.tools.shell.csproj", "{42F3232F-7E9F-4047-9305-05F7CDBF954D}"
EndProject
Project("{FAE04EC0-301F-11D3-BF4B-00C04F79EFBC}") = "z0.workers", "workers\z0.workers.csproj", "{0CBAD05A-B7D4-40F8-A9C8-58BBEC9E588F}"
EndProject
Project("{FAE04EC0-301F-11D3-BF4B-00C04F79EFBC}") = "z0.asm.shell", "asm.shell\z0.asm.shell.csproj", "{CCE8449E-5E17-4B7B-BFD7-6809BA3ED58A}"
EndProject
Project("{FAE04EC0-301F-11D3-BF4B-00C04F79EFBC}") = "z0.llvm.tools", "llvm.tools\z0.llvm.tools.csproj", "{73B79DC3-1784-4D90-8CA7-EFE3ABDBF45B}"
EndProject
Project("{FAE04EC0-301F-11D3-BF4B-00C04F79EFBC}") = "z0.llvm.models", "llvm.models\z0.llvm.models.csproj", "{495CCE7C-5B28-45CD-B7A2-CB6E0B30620F}"
EndProject
Project("{FAE04EC0-301F-11D3-BF4B-00C04F79EFBC}") = "z0.llvm.tool", "llvm.tool\z0.llvm.tool.csproj", "{A75F6374-3149-4C63-B680-F4BF632162E0}"
EndProject
Project("{FAE04EC0-301F-11D3-BF4B-00C04F79EFBC}") = "z0.glue", "glue\z0.glue.csproj", "{F5415AFE-81A9-4B46-8AF4-27E39CCE1464}"
EndProject
Project("{FAE04EC0-301F-11D3-BF4B-00C04F79EFBC}") = "z0.machines", "machines\z0.machines.csproj", "{3F4D9108-2B7A-4932-8E60-FCB7F10C7DFD}"
EndProject
Project("{FAE04EC0-301F-11D3-BF4B-00C04F79EFBC}") = "z0.cmd", "cmd\z0.cmd.csproj", "{1F48DA33-757E-4205-BBEF-5B79B300359E}"
EndProject
Project("{FAE04EC0-301F-11D3-BF4B-00C04F79EFBC}") = "z0.cmd.actions", "cmd.actions\z0.cmd.actions.csproj", "{29ABB62C-B8AF-4F83-ADDF-F8A34C7EFB57}"
EndProject
Project("{FAE04EC0-301F-11D3-BF4B-00C04F79EFBC}") = "z0.cmd.shell", "cmd.shell\z0.cmd.shell.csproj", "{59981BA5-CEE5-4EF5-9F0F-3BF00A2E1E97}"
EndProject
Project("{FAE04EC0-301F-11D3-BF4B-00C04F79EFBC}") = "z0.asm.operands", "asm.operands\z0.asm.operands.csproj", "{7C0EB01B-CC6C-4546-9344-0C8B8AFC614A}"
EndProject
Project("{FAE04EC0-301F-11D3-BF4B-00C04F79EFBC}") = "z0.asm.prototypes", "asm.prototypes\z0.asm.prototypes.csproj", "{BB0DD7D6-4C20-45D4-BFBD-CBC1B4F2961B}"
EndProject
Project("{FAE04EC0-301F-11D3-BF4B-00C04F79EFBC}") = "z0.asm.services", "asm.services\z0.asm.services.csproj", "{02DE967C-6B30-4D89-AFA9-B9836B8E2AD7}"
EndProject
Project("{FAE04EC0-301F-11D3-BF4B-00C04F79EFBC}") = "z0.apps.core", "apps.core\z0.apps.core.csproj", "{94965ACA-5B17-43F4-BD87-280702AD776D}"
EndProject
Global
	GlobalSection(SolutionConfigurationPlatforms) = preSolution
		Debug|Any CPU = Debug|Any CPU
		Debug|x64 = Debug|x64
		Debug|x86 = Debug|x86
		Release|Any CPU = Release|Any CPU
		Release|x64 = Release|x64
		Release|x86 = Release|x86
	EndGlobalSection
	GlobalSection(SolutionProperties) = preSolution
		HideSolutionNode = FALSE
	EndGlobalSection
	GlobalSection(ProjectConfigurationPlatforms) = postSolution
		{BAF736AF-0C71-4013-8A23-77F390592090}.Release|Any CPU.ActiveCfg = Release|Any CPU
		{BAF736AF-0C71-4013-8A23-77F390592090}.Release|Any CPU.Build.0 = Release|Any CPU
		{BAF736AF-0C71-4013-8A23-77F390592090}.Release|x64.ActiveCfg = Release|Any CPU
		{BAF736AF-0C71-4013-8A23-77F390592090}.Release|x64.Build.0 = Release|Any CPU
		{BAF736AF-0C71-4013-8A23-77F390592090}.Release|x86.ActiveCfg = Release|Any CPU
		{BAF736AF-0C71-4013-8A23-77F390592090}.Release|x86.Build.0 = Release|Any CPU
		{9B229FE6-0ACF-4A13-AB69-54FA41A87620}.Release|Any CPU.ActiveCfg = Release|Any CPU
		{9B229FE6-0ACF-4A13-AB69-54FA41A87620}.Release|Any CPU.Build.0 = Release|Any CPU
		{9B229FE6-0ACF-4A13-AB69-54FA41A87620}.Release|x64.ActiveCfg = Release|Any CPU
		{9B229FE6-0ACF-4A13-AB69-54FA41A87620}.Release|x64.Build.0 = Release|Any CPU
		{9B229FE6-0ACF-4A13-AB69-54FA41A87620}.Release|x86.ActiveCfg = Release|Any CPU
		{9B229FE6-0ACF-4A13-AB69-54FA41A87620}.Release|x86.Build.0 = Release|Any CPU
		{3FD0903B-F7D9-4DDF-A362-222E27DE8402}.Release|Any CPU.ActiveCfg = Release|Any CPU
		{3FD0903B-F7D9-4DDF-A362-222E27DE8402}.Release|Any CPU.Build.0 = Release|Any CPU
		{3FD0903B-F7D9-4DDF-A362-222E27DE8402}.Release|x64.ActiveCfg = Release|Any CPU
		{3FD0903B-F7D9-4DDF-A362-222E27DE8402}.Release|x64.Build.0 = Release|Any CPU
		{3FD0903B-F7D9-4DDF-A362-222E27DE8402}.Release|x86.ActiveCfg = Release|Any CPU
		{3FD0903B-F7D9-4DDF-A362-222E27DE8402}.Release|x86.Build.0 = Release|Any CPU
		{0B575501-B7EC-4080-B8DA-D57C41565886}.Release|Any CPU.ActiveCfg = Release|Any CPU
		{0B575501-B7EC-4080-B8DA-D57C41565886}.Release|Any CPU.Build.0 = Release|Any CPU
		{0B575501-B7EC-4080-B8DA-D57C41565886}.Release|x64.ActiveCfg = Release|Any CPU
		{0B575501-B7EC-4080-B8DA-D57C41565886}.Release|x64.Build.0 = Release|Any CPU
		{0B575501-B7EC-4080-B8DA-D57C41565886}.Release|x86.ActiveCfg = Release|Any CPU
		{0B575501-B7EC-4080-B8DA-D57C41565886}.Release|x86.Build.0 = Release|Any CPU
		{9E04983A-2B31-43BA-BB9D-BF9393D46D9E}.Release|Any CPU.ActiveCfg = Release|Any CPU
		{9E04983A-2B31-43BA-BB9D-BF9393D46D9E}.Release|Any CPU.Build.0 = Release|Any CPU
		{9E04983A-2B31-43BA-BB9D-BF9393D46D9E}.Release|x64.ActiveCfg = Release|Any CPU
		{9E04983A-2B31-43BA-BB9D-BF9393D46D9E}.Release|x64.Build.0 = Release|Any CPU
		{9E04983A-2B31-43BA-BB9D-BF9393D46D9E}.Release|x86.ActiveCfg = Release|Any CPU
		{9E04983A-2B31-43BA-BB9D-BF9393D46D9E}.Release|x86.Build.0 = Release|Any CPU
		{3A9E1FE2-4C11-4564-9D42-6106501174CA}.Release|Any CPU.ActiveCfg = Release|Any CPU
		{3A9E1FE2-4C11-4564-9D42-6106501174CA}.Release|Any CPU.Build.0 = Release|Any CPU
		{3A9E1FE2-4C11-4564-9D42-6106501174CA}.Release|x64.ActiveCfg = Release|Any CPU
		{3A9E1FE2-4C11-4564-9D42-6106501174CA}.Release|x64.Build.0 = Release|Any CPU
		{3A9E1FE2-4C11-4564-9D42-6106501174CA}.Release|x86.ActiveCfg = Release|Any CPU
		{3A9E1FE2-4C11-4564-9D42-6106501174CA}.Release|x86.Build.0 = Release|Any CPU
		{4D4DD6B2-4C84-45FC-AD60-9FC71F38F379}.Release|Any CPU.ActiveCfg = Release|Any CPU
		{4D4DD6B2-4C84-45FC-AD60-9FC71F38F379}.Release|Any CPU.Build.0 = Release|Any CPU
		{4D4DD6B2-4C84-45FC-AD60-9FC71F38F379}.Release|x64.ActiveCfg = Release|Any CPU
		{4D4DD6B2-4C84-45FC-AD60-9FC71F38F379}.Release|x64.Build.0 = Release|Any CPU
		{4D4DD6B2-4C84-45FC-AD60-9FC71F38F379}.Release|x86.ActiveCfg = Release|Any CPU
		{4D4DD6B2-4C84-45FC-AD60-9FC71F38F379}.Release|x86.Build.0 = Release|Any CPU
		{A5A7F51D-C4FD-4247-A4BE-341492B18BCC}.Release|Any CPU.ActiveCfg = Release|Any CPU
		{A5A7F51D-C4FD-4247-A4BE-341492B18BCC}.Release|Any CPU.Build.0 = Release|Any CPU
		{A5A7F51D-C4FD-4247-A4BE-341492B18BCC}.Release|x64.ActiveCfg = Release|Any CPU
		{A5A7F51D-C4FD-4247-A4BE-341492B18BCC}.Release|x64.Build.0 = Release|Any CPU
		{A5A7F51D-C4FD-4247-A4BE-341492B18BCC}.Release|x86.ActiveCfg = Release|Any CPU
		{A5A7F51D-C4FD-4247-A4BE-341492B18BCC}.Release|x86.Build.0 = Release|Any CPU
		{4192F49B-BE97-4019-B6CA-03E6709E799E}.Release|Any CPU.ActiveCfg = Release|Any CPU
		{4192F49B-BE97-4019-B6CA-03E6709E799E}.Release|Any CPU.Build.0 = Release|Any CPU
		{4192F49B-BE97-4019-B6CA-03E6709E799E}.Release|x64.ActiveCfg = Release|Any CPU
		{4192F49B-BE97-4019-B6CA-03E6709E799E}.Release|x64.Build.0 = Release|Any CPU
		{4192F49B-BE97-4019-B6CA-03E6709E799E}.Release|x86.ActiveCfg = Release|Any CPU
		{4192F49B-BE97-4019-B6CA-03E6709E799E}.Release|x86.Build.0 = Release|Any CPU
		{454027C2-0571-49A1-A8D7-EC734BDB8274}.Release|Any CPU.ActiveCfg = Release|Any CPU
		{454027C2-0571-49A1-A8D7-EC734BDB8274}.Release|Any CPU.Build.0 = Release|Any CPU
		{454027C2-0571-49A1-A8D7-EC734BDB8274}.Release|x64.ActiveCfg = Release|Any CPU
		{454027C2-0571-49A1-A8D7-EC734BDB8274}.Release|x64.Build.0 = Release|Any CPU
		{454027C2-0571-49A1-A8D7-EC734BDB8274}.Release|x86.ActiveCfg = Release|Any CPU
		{454027C2-0571-49A1-A8D7-EC734BDB8274}.Release|x86.Build.0 = Release|Any CPU
		{3E94E709-BE15-492E-99B5-CFB49D92E150}.Release|Any CPU.ActiveCfg = Release|Any CPU
		{3E94E709-BE15-492E-99B5-CFB49D92E150}.Release|Any CPU.Build.0 = Release|Any CPU
		{3E94E709-BE15-492E-99B5-CFB49D92E150}.Release|x64.ActiveCfg = Release|Any CPU
		{3E94E709-BE15-492E-99B5-CFB49D92E150}.Release|x64.Build.0 = Release|Any CPU
		{3E94E709-BE15-492E-99B5-CFB49D92E150}.Release|x86.ActiveCfg = Release|Any CPU
		{3E94E709-BE15-492E-99B5-CFB49D92E150}.Release|x86.Build.0 = Release|Any CPU
		{42F3232F-7E9F-4047-9305-05F7CDBF954D}.Release|Any CPU.ActiveCfg = Release|Any CPU
		{42F3232F-7E9F-4047-9305-05F7CDBF954D}.Release|Any CPU.Build.0 = Release|Any CPU
		{42F3232F-7E9F-4047-9305-05F7CDBF954D}.Release|x64.ActiveCfg = Release|Any CPU
		{42F3232F-7E9F-4047-9305-05F7CDBF954D}.Release|x64.Build.0 = Release|Any CPU
		{42F3232F-7E9F-4047-9305-05F7CDBF954D}.Release|x86.ActiveCfg = Release|Any CPU
		{42F3232F-7E9F-4047-9305-05F7CDBF954D}.Release|x86.Build.0 = Release|Any CPU
		{0CBAD05A-B7D4-40F8-A9C8-58BBEC9E588F}.Release|Any CPU.ActiveCfg = Release|Any CPU
		{0CBAD05A-B7D4-40F8-A9C8-58BBEC9E588F}.Release|Any CPU.Build.0 = Release|Any CPU
		{0CBAD05A-B7D4-40F8-A9C8-58BBEC9E588F}.Release|x64.ActiveCfg = Release|Any CPU
		{0CBAD05A-B7D4-40F8-A9C8-58BBEC9E588F}.Release|x64.Build.0 = Release|Any CPU
		{0CBAD05A-B7D4-40F8-A9C8-58BBEC9E588F}.Release|x86.ActiveCfg = Release|Any CPU
		{0CBAD05A-B7D4-40F8-A9C8-58BBEC9E588F}.Release|x86.Build.0 = Release|Any CPU
		{CCE8449E-5E17-4B7B-BFD7-6809BA3ED58A}.Release|Any CPU.ActiveCfg = Release|Any CPU
		{CCE8449E-5E17-4B7B-BFD7-6809BA3ED58A}.Release|Any CPU.Build.0 = Release|Any CPU
		{CCE8449E-5E17-4B7B-BFD7-6809BA3ED58A}.Release|x64.ActiveCfg = Release|Any CPU
		{CCE8449E-5E17-4B7B-BFD7-6809BA3ED58A}.Release|x64.Build.0 = Release|Any CPU
		{CCE8449E-5E17-4B7B-BFD7-6809BA3ED58A}.Release|x86.ActiveCfg = Release|Any CPU
		{CCE8449E-5E17-4B7B-BFD7-6809BA3ED58A}.Release|x86.Build.0 = Release|Any CPU
		{73B79DC3-1784-4D90-8CA7-EFE3ABDBF45B}.Release|Any CPU.ActiveCfg = Release|Any CPU
		{73B79DC3-1784-4D90-8CA7-EFE3ABDBF45B}.Release|Any CPU.Build.0 = Release|Any CPU
		{73B79DC3-1784-4D90-8CA7-EFE3ABDBF45B}.Release|x64.ActiveCfg = Release|Any CPU
		{73B79DC3-1784-4D90-8CA7-EFE3ABDBF45B}.Release|x64.Build.0 = Release|Any CPU
		{73B79DC3-1784-4D90-8CA7-EFE3ABDBF45B}.Release|x86.ActiveCfg = Release|Any CPU
		{73B79DC3-1784-4D90-8CA7-EFE3ABDBF45B}.Release|x86.Build.0 = Release|Any CPU
		{495CCE7C-5B28-45CD-B7A2-CB6E0B30620F}.Release|Any CPU.ActiveCfg = Release|Any CPU
		{495CCE7C-5B28-45CD-B7A2-CB6E0B30620F}.Release|Any CPU.Build.0 = Release|Any CPU
		{495CCE7C-5B28-45CD-B7A2-CB6E0B30620F}.Release|x64.ActiveCfg = Release|Any CPU
		{495CCE7C-5B28-45CD-B7A2-CB6E0B30620F}.Release|x64.Build.0 = Release|Any CPU
		{495CCE7C-5B28-45CD-B7A2-CB6E0B30620F}.Release|x86.ActiveCfg = Release|Any CPU
		{495CCE7C-5B28-45CD-B7A2-CB6E0B30620F}.Release|x86.Build.0 = Release|Any CPU
		{A75F6374-3149-4C63-B680-F4BF632162E0}.Release|Any CPU.ActiveCfg = Release|Any CPU
		{A75F6374-3149-4C63-B680-F4BF632162E0}.Release|Any CPU.Build.0 = Release|Any CPU
		{A75F6374-3149-4C63-B680-F4BF632162E0}.Release|x64.ActiveCfg = Release|Any CPU
		{A75F6374-3149-4C63-B680-F4BF632162E0}.Release|x64.Build.0 = Release|Any CPU
		{A75F6374-3149-4C63-B680-F4BF632162E0}.Release|x86.ActiveCfg = Release|Any CPU
		{A75F6374-3149-4C63-B680-F4BF632162E0}.Release|x86.Build.0 = Release|Any CPU
		{F5415AFE-81A9-4B46-8AF4-27E39CCE1464}.Release|Any CPU.ActiveCfg = Release|Any CPU
		{F5415AFE-81A9-4B46-8AF4-27E39CCE1464}.Release|Any CPU.Build.0 = Release|Any CPU
		{F5415AFE-81A9-4B46-8AF4-27E39CCE1464}.Release|x64.ActiveCfg = Release|Any CPU
		{F5415AFE-81A9-4B46-8AF4-27E39CCE1464}.Release|x64.Build.0 = Release|Any CPU
		{F5415AFE-81A9-4B46-8AF4-27E39CCE1464}.Release|x86.ActiveCfg = Release|Any CPU
		{F5415AFE-81A9-4B46-8AF4-27E39CCE1464}.Release|x86.Build.0 = Release|Any CPU
		{3F4D9108-2B7A-4932-8E60-FCB7F10C7DFD}.Release|Any CPU.ActiveCfg = Release|Any CPU
		{3F4D9108-2B7A-4932-8E60-FCB7F10C7DFD}.Release|Any CPU.Build.0 = Release|Any CPU
		{3F4D9108-2B7A-4932-8E60-FCB7F10C7DFD}.Release|x64.ActiveCfg = Release|Any CPU
		{3F4D9108-2B7A-4932-8E60-FCB7F10C7DFD}.Release|x64.Build.0 = Release|Any CPU
		{3F4D9108-2B7A-4932-8E60-FCB7F10C7DFD}.Release|x86.ActiveCfg = Release|Any CPU
		{3F4D9108-2B7A-4932-8E60-FCB7F10C7DFD}.Release|x86.Build.0 = Release|Any CPU
		{1F48DA33-757E-4205-BBEF-5B79B300359E}.Debug|Any CPU.ActiveCfg = Debug|Any CPU
		{1F48DA33-757E-4205-BBEF-5B79B300359E}.Debug|Any CPU.Build.0 = Debug|Any CPU
		{1F48DA33-757E-4205-BBEF-5B79B300359E}.Debug|x64.ActiveCfg = Debug|Any CPU
		{1F48DA33-757E-4205-BBEF-5B79B300359E}.Debug|x64.Build.0 = Debug|Any CPU
		{1F48DA33-757E-4205-BBEF-5B79B300359E}.Debug|x86.ActiveCfg = Debug|Any CPU
		{1F48DA33-757E-4205-BBEF-5B79B300359E}.Debug|x86.Build.0 = Debug|Any CPU
		{1F48DA33-757E-4205-BBEF-5B79B300359E}.Release|Any CPU.ActiveCfg = Release|Any CPU
		{1F48DA33-757E-4205-BBEF-5B79B300359E}.Release|Any CPU.Build.0 = Release|Any CPU
		{1F48DA33-757E-4205-BBEF-5B79B300359E}.Release|x64.ActiveCfg = Release|Any CPU
		{1F48DA33-757E-4205-BBEF-5B79B300359E}.Release|x64.Build.0 = Release|Any CPU
		{1F48DA33-757E-4205-BBEF-5B79B300359E}.Release|x86.ActiveCfg = Release|Any CPU
		{1F48DA33-757E-4205-BBEF-5B79B300359E}.Release|x86.Build.0 = Release|Any CPU
		{29ABB62C-B8AF-4F83-ADDF-F8A34C7EFB57}.Debug|Any CPU.ActiveCfg = Debug|Any CPU
		{29ABB62C-B8AF-4F83-ADDF-F8A34C7EFB57}.Debug|Any CPU.Build.0 = Debug|Any CPU
		{29ABB62C-B8AF-4F83-ADDF-F8A34C7EFB57}.Debug|x64.ActiveCfg = Debug|Any CPU
		{29ABB62C-B8AF-4F83-ADDF-F8A34C7EFB57}.Debug|x64.Build.0 = Debug|Any CPU
		{29ABB62C-B8AF-4F83-ADDF-F8A34C7EFB57}.Debug|x86.ActiveCfg = Debug|Any CPU
		{29ABB62C-B8AF-4F83-ADDF-F8A34C7EFB57}.Debug|x86.Build.0 = Debug|Any CPU
		{29ABB62C-B8AF-4F83-ADDF-F8A34C7EFB57}.Release|Any CPU.ActiveCfg = Release|Any CPU
		{29ABB62C-B8AF-4F83-ADDF-F8A34C7EFB57}.Release|Any CPU.Build.0 = Release|Any CPU
		{29ABB62C-B8AF-4F83-ADDF-F8A34C7EFB57}.Release|x64.ActiveCfg = Release|Any CPU
		{29ABB62C-B8AF-4F83-ADDF-F8A34C7EFB57}.Release|x64.Build.0 = Release|Any CPU
		{29ABB62C-B8AF-4F83-ADDF-F8A34C7EFB57}.Release|x86.ActiveCfg = Release|Any CPU
		{29ABB62C-B8AF-4F83-ADDF-F8A34C7EFB57}.Release|x86.Build.0 = Release|Any CPU
		{59981BA5-CEE5-4EF5-9F0F-3BF00A2E1E97}.Debug|Any CPU.ActiveCfg = Debug|Any CPU
		{59981BA5-CEE5-4EF5-9F0F-3BF00A2E1E97}.Debug|Any CPU.Build.0 = Debug|Any CPU
		{59981BA5-CEE5-4EF5-9F0F-3BF00A2E1E97}.Debug|x64.ActiveCfg = Debug|Any CPU
		{59981BA5-CEE5-4EF5-9F0F-3BF00A2E1E97}.Debug|x64.Build.0 = Debug|Any CPU
		{59981BA5-CEE5-4EF5-9F0F-3BF00A2E1E97}.Debug|x86.ActiveCfg = Debug|Any CPU
		{59981BA5-CEE5-4EF5-9F0F-3BF00A2E1E97}.Debug|x86.Build.0 = Debug|Any CPU
		{59981BA5-CEE5-4EF5-9F0F-3BF00A2E1E97}.Release|Any CPU.ActiveCfg = Release|Any CPU
		{59981BA5-CEE5-4EF5-9F0F-3BF00A2E1E97}.Release|Any CPU.Build.0 = Release|Any CPU
		{59981BA5-CEE5-4EF5-9F0F-3BF00A2E1E97}.Release|x64.ActiveCfg = Release|Any CPU
		{59981BA5-CEE5-4EF5-9F0F-3BF00A2E1E97}.Release|x64.Build.0 = Release|Any CPU
		{59981BA5-CEE5-4EF5-9F0F-3BF00A2E1E97}.Release|x86.ActiveCfg = Release|Any CPU
		{59981BA5-CEE5-4EF5-9F0F-3BF00A2E1E97}.Release|x86.Build.0 = Release|Any CPU
		{7C0EB01B-CC6C-4546-9344-0C8B8AFC614A}.Debug|Any CPU.ActiveCfg = Debug|Any CPU
		{7C0EB01B-CC6C-4546-9344-0C8B8AFC614A}.Debug|Any CPU.Build.0 = Debug|Any CPU
		{7C0EB01B-CC6C-4546-9344-0C8B8AFC614A}.Debug|x64.ActiveCfg = Debug|Any CPU
		{7C0EB01B-CC6C-4546-9344-0C8B8AFC614A}.Debug|x64.Build.0 = Debug|Any CPU
		{7C0EB01B-CC6C-4546-9344-0C8B8AFC614A}.Debug|x86.ActiveCfg = Debug|Any CPU
		{7C0EB01B-CC6C-4546-9344-0C8B8AFC614A}.Debug|x86.Build.0 = Debug|Any CPU
		{7C0EB01B-CC6C-4546-9344-0C8B8AFC614A}.Release|Any CPU.ActiveCfg = Release|Any CPU
		{7C0EB01B-CC6C-4546-9344-0C8B8AFC614A}.Release|Any CPU.Build.0 = Release|Any CPU
		{7C0EB01B-CC6C-4546-9344-0C8B8AFC614A}.Release|x64.ActiveCfg = Release|Any CPU
		{7C0EB01B-CC6C-4546-9344-0C8B8AFC614A}.Release|x64.Build.0 = Release|Any CPU
		{7C0EB01B-CC6C-4546-9344-0C8B8AFC614A}.Release|x86.ActiveCfg = Release|Any CPU
		{7C0EB01B-CC6C-4546-9344-0C8B8AFC614A}.Release|x86.Build.0 = Release|Any CPU
		{BB0DD7D6-4C20-45D4-BFBD-CBC1B4F2961B}.Debug|Any CPU.ActiveCfg = Debug|Any CPU
		{BB0DD7D6-4C20-45D4-BFBD-CBC1B4F2961B}.Debug|Any CPU.Build.0 = Debug|Any CPU
		{BB0DD7D6-4C20-45D4-BFBD-CBC1B4F2961B}.Debug|x64.ActiveCfg = Debug|Any CPU
		{BB0DD7D6-4C20-45D4-BFBD-CBC1B4F2961B}.Debug|x64.Build.0 = Debug|Any CPU
		{BB0DD7D6-4C20-45D4-BFBD-CBC1B4F2961B}.Debug|x86.ActiveCfg = Debug|Any CPU
		{BB0DD7D6-4C20-45D4-BFBD-CBC1B4F2961B}.Debug|x86.Build.0 = Debug|Any CPU
		{BB0DD7D6-4C20-45D4-BFBD-CBC1B4F2961B}.Release|Any CPU.ActiveCfg = Release|Any CPU
		{BB0DD7D6-4C20-45D4-BFBD-CBC1B4F2961B}.Release|Any CPU.Build.0 = Release|Any CPU
		{BB0DD7D6-4C20-45D4-BFBD-CBC1B4F2961B}.Release|x64.ActiveCfg = Release|Any CPU
		{BB0DD7D6-4C20-45D4-BFBD-CBC1B4F2961B}.Release|x64.Build.0 = Release|Any CPU
		{BB0DD7D6-4C20-45D4-BFBD-CBC1B4F2961B}.Release|x86.ActiveCfg = Release|Any CPU
		{BB0DD7D6-4C20-45D4-BFBD-CBC1B4F2961B}.Release|x86.Build.0 = Release|Any CPU
		{02DE967C-6B30-4D89-AFA9-B9836B8E2AD7}.Debug|Any CPU.ActiveCfg = Debug|Any CPU
		{02DE967C-6B30-4D89-AFA9-B9836B8E2AD7}.Debug|Any CPU.Build.0 = Debug|Any CPU
		{02DE967C-6B30-4D89-AFA9-B9836B8E2AD7}.Debug|x64.ActiveCfg = Debug|Any CPU
		{02DE967C-6B30-4D89-AFA9-B9836B8E2AD7}.Debug|x64.Build.0 = Debug|Any CPU
		{02DE967C-6B30-4D89-AFA9-B9836B8E2AD7}.Debug|x86.ActiveCfg = Debug|Any CPU
		{02DE967C-6B30-4D89-AFA9-B9836B8E2AD7}.Debug|x86.Build.0 = Debug|Any CPU
		{02DE967C-6B30-4D89-AFA9-B9836B8E2AD7}.Release|Any CPU.ActiveCfg = Release|Any CPU
		{02DE967C-6B30-4D89-AFA9-B9836B8E2AD7}.Release|Any CPU.Build.0 = Release|Any CPU
		{02DE967C-6B30-4D89-AFA9-B9836B8E2AD7}.Release|x64.ActiveCfg = Release|Any CPU
		{02DE967C-6B30-4D89-AFA9-B9836B8E2AD7}.Release|x64.Build.0 = Release|Any CPU
		{02DE967C-6B30-4D89-AFA9-B9836B8E2AD7}.Release|x86.ActiveCfg = Release|Any CPU
		{02DE967C-6B30-4D89-AFA9-B9836B8E2AD7}.Release|x86.Build.0 = Release|Any CPU
		{94965ACA-5B17-43F4-BD87-280702AD776D}.Debug|Any CPU.ActiveCfg = Debug|Any CPU
		{94965ACA-5B17-43F4-BD87-280702AD776D}.Debug|Any CPU.Build.0 = Debug|Any CPU
		{94965ACA-5B17-43F4-BD87-280702AD776D}.Debug|x64.ActiveCfg = Debug|Any CPU
		{94965ACA-5B17-43F4-BD87-280702AD776D}.Debug|x64.Build.0 = Debug|Any CPU
		{94965ACA-5B17-43F4-BD87-280702AD776D}.Debug|x86.ActiveCfg = Debug|Any CPU
		{94965ACA-5B17-43F4-BD87-280702AD776D}.Debug|x86.Build.0 = Debug|Any CPU
		{94965ACA-5B17-43F4-BD87-280702AD776D}.Release|Any CPU.ActiveCfg = Release|Any CPU
		{94965ACA-5B17-43F4-BD87-280702AD776D}.Release|Any CPU.Build.0 = Release|Any CPU
		{94965ACA-5B17-43F4-BD87-280702AD776D}.Release|x64.ActiveCfg = Release|Any CPU
		{94965ACA-5B17-43F4-BD87-280702AD776D}.Release|x64.Build.0 = Release|Any CPU
		{94965ACA-5B17-43F4-BD87-280702AD776D}.Release|x86.ActiveCfg = Release|Any CPU
		{94965ACA-5B17-43F4-BD87-280702AD776D}.Release|x86.Build.0 = Release|Any CPU
	EndGlobalSection
EndGlobal
