
Microsoft Visual Studio Solution File, Format Version 12.00
# Visual Studio Version 16
VisualStudioVersion = 16.0.30114.105
MinimumVisualStudioVersion = 10.0.40219.1
Project("{FAE04EC0-301F-11D3-BF4B-00C04F79EFBC}") = "z0.asm.operands", "..\apps\asm.operands\z0.asm.operands.csproj", "{D68F46B5-250D-4D6A-9158-CDA30C07EDF0}"
EndProject
Project("{FAE04EC0-301F-11D3-BF4B-00C04F79EFBC}") = "z0.asm.core", "..\apps\asm.core\z0.asm.core.csproj", "{E78467DF-4775-48B0-B317-7C23AD8B2233}"
EndProject
Project("{FAE04EC0-301F-11D3-BF4B-00C04F79EFBC}") = "z0.alloc", "..\alloc\z0.alloc.csproj", "{5DA0F2A6-B019-4EB4-B571-D4425C2BD71E}"
EndProject
Project("{FAE04EC0-301F-11D3-BF4B-00C04F79EFBC}") = "z0.api.code", "..\api.code\z0.api.code.csproj", "{76CC8B26-E0AF-471F-B087-5D8203AE85ED}"
EndProject
Project("{FAE04EC0-301F-11D3-BF4B-00C04F79EFBC}") = "z0.archives", "..\archives\z0.archives.csproj", "{F9318CC7-A337-4341-969F-D2C2FA065941}"
EndProject
Project("{FAE04EC0-301F-11D3-BF4B-00C04F79EFBC}") = "z0.assets", "..\assets\z0.assets.csproj", "{9EA579FE-2AAA-4AA5-8AB4-D7ED97998E2F}"
EndProject
Project("{FAE04EC0-301F-11D3-BF4B-00C04F79EFBC}") = "z0.bits", "..\bits\z0.bits.csproj", "{F63518BE-27DC-433B-B557-13EE50EA529D}"
EndProject
Project("{FAE04EC0-301F-11D3-BF4B-00C04F79EFBC}") = "z0.commands", "..\commands\z0.commands.csproj", "{CA0029A8-A077-487F-8E31-3FF5884FFB18}"
EndProject
Project("{FAE04EC0-301F-11D3-BF4B-00C04F79EFBC}") = "z0.symbols", "..\symbols\z0.symbols.csproj", "{FBB7D8FA-6BDE-467A-B503-2A786EC89E8F}"
EndProject
Project("{FAE04EC0-301F-11D3-BF4B-00C04F79EFBC}") = "z0.numbers", "..\numbers\z0.numbers.csproj", "{31F9CE7A-D3C6-42DF-8A41-D81A62F3E323}"
EndProject
Project("{FAE04EC0-301F-11D3-BF4B-00C04F79EFBC}") = "z0.diagnostics", "..\diagnostics\z0.diagnostics.csproj", "{6044568E-56A9-472B-A679-4E98B03AFB11}"
EndProject
Project("{FAE04EC0-301F-11D3-BF4B-00C04F79EFBC}") = "z0.intel.core", "..\intel.core\z0.intel.core.csproj", "{E9A52A6F-EC8A-4C23-A6B7-AD43F1D33FCC}"
EndProject
Project("{FAE04EC0-301F-11D3-BF4B-00C04F79EFBC}") = "z0.intel.intrinsics", "..\intel.intrinsics\z0.intel.intrinsics.csproj", "{6B30BEBC-6202-4477-8430-0300CFF06ECF}"
EndProject
Project("{FAE04EC0-301F-11D3-BF4B-00C04F79EFBC}") = "z0.intel.xed", "..\intel.xed\z0.intel.xed.csproj", "{568E30CF-7A8B-4273-A640-BC4F84A02D95}"
EndProject
Global
	GlobalSection(SolutionConfigurationPlatforms) = preSolution
		Debug|Any CPU = Debug|Any CPU
		Release|Any CPU = Release|Any CPU
	EndGlobalSection
	GlobalSection(SolutionProperties) = preSolution
		HideSolutionNode = FALSE
	EndGlobalSection
	GlobalSection(ProjectConfigurationPlatforms) = postSolution
		{D68F46B5-250D-4D6A-9158-CDA30C07EDF0}.Debug|Any CPU.ActiveCfg = Debug|Any CPU
		{D68F46B5-250D-4D6A-9158-CDA30C07EDF0}.Debug|Any CPU.Build.0 = Debug|Any CPU
		{D68F46B5-250D-4D6A-9158-CDA30C07EDF0}.Release|Any CPU.ActiveCfg = Release|Any CPU
		{D68F46B5-250D-4D6A-9158-CDA30C07EDF0}.Release|Any CPU.Build.0 = Release|Any CPU
		{E78467DF-4775-48B0-B317-7C23AD8B2233}.Debug|Any CPU.ActiveCfg = Debug|Any CPU
		{E78467DF-4775-48B0-B317-7C23AD8B2233}.Debug|Any CPU.Build.0 = Debug|Any CPU
		{E78467DF-4775-48B0-B317-7C23AD8B2233}.Release|Any CPU.ActiveCfg = Release|Any CPU
		{E78467DF-4775-48B0-B317-7C23AD8B2233}.Release|Any CPU.Build.0 = Release|Any CPU
		{5DA0F2A6-B019-4EB4-B571-D4425C2BD71E}.Debug|Any CPU.ActiveCfg = Debug|Any CPU
		{5DA0F2A6-B019-4EB4-B571-D4425C2BD71E}.Debug|Any CPU.Build.0 = Debug|Any CPU
		{5DA0F2A6-B019-4EB4-B571-D4425C2BD71E}.Release|Any CPU.ActiveCfg = Release|Any CPU
		{5DA0F2A6-B019-4EB4-B571-D4425C2BD71E}.Release|Any CPU.Build.0 = Release|Any CPU
		{76CC8B26-E0AF-471F-B087-5D8203AE85ED}.Debug|Any CPU.ActiveCfg = Debug|Any CPU
		{76CC8B26-E0AF-471F-B087-5D8203AE85ED}.Debug|Any CPU.Build.0 = Debug|Any CPU
		{76CC8B26-E0AF-471F-B087-5D8203AE85ED}.Release|Any CPU.ActiveCfg = Release|Any CPU
		{76CC8B26-E0AF-471F-B087-5D8203AE85ED}.Release|Any CPU.Build.0 = Release|Any CPU
		{F9318CC7-A337-4341-969F-D2C2FA065941}.Debug|Any CPU.ActiveCfg = Debug|Any CPU
		{F9318CC7-A337-4341-969F-D2C2FA065941}.Debug|Any CPU.Build.0 = Debug|Any CPU
		{F9318CC7-A337-4341-969F-D2C2FA065941}.Release|Any CPU.ActiveCfg = Release|Any CPU
		{F9318CC7-A337-4341-969F-D2C2FA065941}.Release|Any CPU.Build.0 = Release|Any CPU
		{9EA579FE-2AAA-4AA5-8AB4-D7ED97998E2F}.Debug|Any CPU.ActiveCfg = Debug|Any CPU
		{9EA579FE-2AAA-4AA5-8AB4-D7ED97998E2F}.Debug|Any CPU.Build.0 = Debug|Any CPU
		{9EA579FE-2AAA-4AA5-8AB4-D7ED97998E2F}.Release|Any CPU.ActiveCfg = Release|Any CPU
		{9EA579FE-2AAA-4AA5-8AB4-D7ED97998E2F}.Release|Any CPU.Build.0 = Release|Any CPU
		{F63518BE-27DC-433B-B557-13EE50EA529D}.Debug|Any CPU.ActiveCfg = Debug|Any CPU
		{F63518BE-27DC-433B-B557-13EE50EA529D}.Debug|Any CPU.Build.0 = Debug|Any CPU
		{F63518BE-27DC-433B-B557-13EE50EA529D}.Release|Any CPU.ActiveCfg = Release|Any CPU
		{F63518BE-27DC-433B-B557-13EE50EA529D}.Release|Any CPU.Build.0 = Release|Any CPU
		{CA0029A8-A077-487F-8E31-3FF5884FFB18}.Debug|Any CPU.ActiveCfg = Debug|Any CPU
		{CA0029A8-A077-487F-8E31-3FF5884FFB18}.Debug|Any CPU.Build.0 = Debug|Any CPU
		{CA0029A8-A077-487F-8E31-3FF5884FFB18}.Release|Any CPU.ActiveCfg = Release|Any CPU
		{CA0029A8-A077-487F-8E31-3FF5884FFB18}.Release|Any CPU.Build.0 = Release|Any CPU
		{FBB7D8FA-6BDE-467A-B503-2A786EC89E8F}.Debug|Any CPU.ActiveCfg = Debug|Any CPU
		{FBB7D8FA-6BDE-467A-B503-2A786EC89E8F}.Debug|Any CPU.Build.0 = Debug|Any CPU
		{FBB7D8FA-6BDE-467A-B503-2A786EC89E8F}.Release|Any CPU.ActiveCfg = Release|Any CPU
		{FBB7D8FA-6BDE-467A-B503-2A786EC89E8F}.Release|Any CPU.Build.0 = Release|Any CPU
		{31F9CE7A-D3C6-42DF-8A41-D81A62F3E323}.Debug|Any CPU.ActiveCfg = Debug|Any CPU
		{31F9CE7A-D3C6-42DF-8A41-D81A62F3E323}.Debug|Any CPU.Build.0 = Debug|Any CPU
		{31F9CE7A-D3C6-42DF-8A41-D81A62F3E323}.Release|Any CPU.ActiveCfg = Release|Any CPU
		{31F9CE7A-D3C6-42DF-8A41-D81A62F3E323}.Release|Any CPU.Build.0 = Release|Any CPU
		{6044568E-56A9-472B-A679-4E98B03AFB11}.Debug|Any CPU.ActiveCfg = Debug|Any CPU
		{6044568E-56A9-472B-A679-4E98B03AFB11}.Debug|Any CPU.Build.0 = Debug|Any CPU
		{6044568E-56A9-472B-A679-4E98B03AFB11}.Release|Any CPU.ActiveCfg = Release|Any CPU
		{6044568E-56A9-472B-A679-4E98B03AFB11}.Release|Any CPU.Build.0 = Release|Any CPU
		{E9A52A6F-EC8A-4C23-A6B7-AD43F1D33FCC}.Debug|Any CPU.ActiveCfg = Debug|Any CPU
		{E9A52A6F-EC8A-4C23-A6B7-AD43F1D33FCC}.Debug|Any CPU.Build.0 = Debug|Any CPU
		{E9A52A6F-EC8A-4C23-A6B7-AD43F1D33FCC}.Release|Any CPU.ActiveCfg = Release|Any CPU
		{E9A52A6F-EC8A-4C23-A6B7-AD43F1D33FCC}.Release|Any CPU.Build.0 = Release|Any CPU
		{6B30BEBC-6202-4477-8430-0300CFF06ECF}.Debug|Any CPU.ActiveCfg = Debug|Any CPU
		{6B30BEBC-6202-4477-8430-0300CFF06ECF}.Debug|Any CPU.Build.0 = Debug|Any CPU
		{6B30BEBC-6202-4477-8430-0300CFF06ECF}.Release|Any CPU.ActiveCfg = Release|Any CPU
		{6B30BEBC-6202-4477-8430-0300CFF06ECF}.Release|Any CPU.Build.0 = Release|Any CPU
		{568E30CF-7A8B-4273-A640-BC4F84A02D95}.Debug|Any CPU.ActiveCfg = Debug|Any CPU
		{568E30CF-7A8B-4273-A640-BC4F84A02D95}.Debug|Any CPU.Build.0 = Debug|Any CPU
		{568E30CF-7A8B-4273-A640-BC4F84A02D95}.Release|Any CPU.ActiveCfg = Release|Any CPU
		{568E30CF-7A8B-4273-A640-BC4F84A02D95}.Release|Any CPU.Build.0 = Release|Any CPU
	EndGlobalSection
EndGlobal
